
Microsoft Visual Studio Solution File, Format Version 12.00
# Visual Studio 2013
VisualStudioVersion = 12.0.30501.0
MinimumVisualStudioVersion = 10.0.40219.1
Project("{FAE04EC0-301F-11D3-BF4B-00C04F79EFBC}") = "ButtonLambdas", "ButtonLambdas\ButtonLambdas\ButtonLambdas.csproj", "{BBD8C726-B1F9-4DAC-BA86-36BE78AC3AD8}"
EndProject
Project("{FAE04EC0-301F-11D3-BF4B-00C04F79EFBC}") = "ButtonLambdas.iOS", "ButtonLambdas\ButtonLambdas.iOS\ButtonLambdas.iOS.csproj", "{CE1544D0-4E15-4D83-81D5-9C6FBA7B0CC1}"
EndProject
Project("{FAE04EC0-301F-11D3-BF4B-00C04F79EFBC}") = "ButtonLambdas.Android", "ButtonLambdas\ButtonLambdas.Android\ButtonLambdas.Android.csproj", "{A99948F9-9777-4748-992A-2CEC2E78EFA6}"
EndProject
Project("{FAE04EC0-301F-11D3-BF4B-00C04F79EFBC}") = "ButtonLambdas.WinPhone", "ButtonLambdas\ButtonLambdas.WinPhone\ButtonLambdas.WinPhone.csproj", "{DC5F165E-95D3-4099-8579-CBDA0858C770}"
EndProject
Global
	GlobalSection(SolutionConfigurationPlatforms) = preSolution
		Ad-Hoc|Any CPU = Ad-Hoc|Any CPU
		Ad-Hoc|ARM = Ad-Hoc|ARM
		Ad-Hoc|iPhone = Ad-Hoc|iPhone
		Ad-Hoc|iPhoneSimulator = Ad-Hoc|iPhoneSimulator
		Ad-Hoc|Mixed Platforms = Ad-Hoc|Mixed Platforms
		Ad-Hoc|x86 = Ad-Hoc|x86
		AppStore|Any CPU = AppStore|Any CPU
		AppStore|ARM = AppStore|ARM
		AppStore|iPhone = AppStore|iPhone
		AppStore|iPhoneSimulator = AppStore|iPhoneSimulator
		AppStore|Mixed Platforms = AppStore|Mixed Platforms
		AppStore|x86 = AppStore|x86
		Debug|Any CPU = Debug|Any CPU
		Debug|ARM = Debug|ARM
		Debug|iPhone = Debug|iPhone
		Debug|iPhoneSimulator = Debug|iPhoneSimulator
		Debug|Mixed Platforms = Debug|Mixed Platforms
		Debug|x86 = Debug|x86
		Release|Any CPU = Release|Any CPU
		Release|ARM = Release|ARM
		Release|iPhone = Release|iPhone
		Release|iPhoneSimulator = Release|iPhoneSimulator
		Release|Mixed Platforms = Release|Mixed Platforms
		Release|x86 = Release|x86
	EndGlobalSection
	GlobalSection(ProjectConfigurationPlatforms) = postSolution
		{BBD8C726-B1F9-4DAC-BA86-36BE78AC3AD8}.Ad-Hoc|Any CPU.ActiveCfg = Release|Any CPU
		{BBD8C726-B1F9-4DAC-BA86-36BE78AC3AD8}.Ad-Hoc|Any CPU.Build.0 = Release|Any CPU
		{BBD8C726-B1F9-4DAC-BA86-36BE78AC3AD8}.Ad-Hoc|ARM.ActiveCfg = Release|Any CPU
		{BBD8C726-B1F9-4DAC-BA86-36BE78AC3AD8}.Ad-Hoc|iPhone.ActiveCfg = Release|Any CPU
		{BBD8C726-B1F9-4DAC-BA86-36BE78AC3AD8}.Ad-Hoc|iPhoneSimulator.ActiveCfg = Release|Any CPU
		{BBD8C726-B1F9-4DAC-BA86-36BE78AC3AD8}.Ad-Hoc|Mixed Platforms.ActiveCfg = Release|Any CPU
		{BBD8C726-B1F9-4DAC-BA86-36BE78AC3AD8}.Ad-Hoc|Mixed Platforms.Build.0 = Release|Any CPU
		{BBD8C726-B1F9-4DAC-BA86-36BE78AC3AD8}.Ad-Hoc|x86.ActiveCfg = Release|Any CPU
		{BBD8C726-B1F9-4DAC-BA86-36BE78AC3AD8}.AppStore|Any CPU.ActiveCfg = Release|Any CPU
		{BBD8C726-B1F9-4DAC-BA86-36BE78AC3AD8}.AppStore|Any CPU.Build.0 = Release|Any CPU
		{BBD8C726-B1F9-4DAC-BA86-36BE78AC3AD8}.AppStore|ARM.ActiveCfg = Release|Any CPU
		{BBD8C726-B1F9-4DAC-BA86-36BE78AC3AD8}.AppStore|iPhone.ActiveCfg = Release|Any CPU
		{BBD8C726-B1F9-4DAC-BA86-36BE78AC3AD8}.AppStore|iPhoneSimulator.ActiveCfg = Release|Any CPU
		{BBD8C726-B1F9-4DAC-BA86-36BE78AC3AD8}.AppStore|Mixed Platforms.ActiveCfg = Release|Any CPU
		{BBD8C726-B1F9-4DAC-BA86-36BE78AC3AD8}.AppStore|Mixed Platforms.Build.0 = Release|Any CPU
		{BBD8C726-B1F9-4DAC-BA86-36BE78AC3AD8}.AppStore|x86.ActiveCfg = Release|Any CPU
		{BBD8C726-B1F9-4DAC-BA86-36BE78AC3AD8}.Debug|Any CPU.ActiveCfg = Debug|Any CPU
		{BBD8C726-B1F9-4DAC-BA86-36BE78AC3AD8}.Debug|Any CPU.Build.0 = Debug|Any CPU
		{BBD8C726-B1F9-4DAC-BA86-36BE78AC3AD8}.Debug|ARM.ActiveCfg = Debug|Any CPU
		{BBD8C726-B1F9-4DAC-BA86-36BE78AC3AD8}.Debug|iPhone.ActiveCfg = Debug|Any CPU
		{BBD8C726-B1F9-4DAC-BA86-36BE78AC3AD8}.Debug|iPhoneSimulator.ActiveCfg = Debug|Any CPU
		{BBD8C726-B1F9-4DAC-BA86-36BE78AC3AD8}.Debug|Mixed Platforms.ActiveCfg = Debug|Any CPU
		{BBD8C726-B1F9-4DAC-BA86-36BE78AC3AD8}.Debug|Mixed Platforms.Build.0 = Debug|Any CPU
		{BBD8C726-B1F9-4DAC-BA86-36BE78AC3AD8}.Debug|x86.ActiveCfg = Debug|Any CPU
		{BBD8C726-B1F9-4DAC-BA86-36BE78AC3AD8}.Release|Any CPU.ActiveCfg = Release|Any CPU
		{BBD8C726-B1F9-4DAC-BA86-36BE78AC3AD8}.Release|Any CPU.Build.0 = Release|Any CPU
		{BBD8C726-B1F9-4DAC-BA86-36BE78AC3AD8}.Release|ARM.ActiveCfg = Release|Any CPU
		{BBD8C726-B1F9-4DAC-BA86-36BE78AC3AD8}.Release|iPhone.ActiveCfg = Release|Any CPU
		{BBD8C726-B1F9-4DAC-BA86-36BE78AC3AD8}.Release|iPhoneSimulator.ActiveCfg = Release|Any CPU
		{BBD8C726-B1F9-4DAC-BA86-36BE78AC3AD8}.Release|Mixed Platforms.ActiveCfg = Release|Any CPU
		{BBD8C726-B1F9-4DAC-BA86-36BE78AC3AD8}.Release|Mixed Platforms.Build.0 = Release|Any CPU
		{BBD8C726-B1F9-4DAC-BA86-36BE78AC3AD8}.Release|x86.ActiveCfg = Release|Any CPU
		{CE1544D0-4E15-4D83-81D5-9C6FBA7B0CC1}.Ad-Hoc|Any CPU.ActiveCfg = Ad-Hoc|iPhone
		{CE1544D0-4E15-4D83-81D5-9C6FBA7B0CC1}.Ad-Hoc|ARM.ActiveCfg = Ad-Hoc|iPhone
		{CE1544D0-4E15-4D83-81D5-9C6FBA7B0CC1}.Ad-Hoc|iPhone.ActiveCfg = Ad-Hoc|iPhone
		{CE1544D0-4E15-4D83-81D5-9C6FBA7B0CC1}.Ad-Hoc|iPhone.Build.0 = Ad-Hoc|iPhone
		{CE1544D0-4E15-4D83-81D5-9C6FBA7B0CC1}.Ad-Hoc|iPhone.Deploy.0 = Ad-Hoc|iPhone
		{CE1544D0-4E15-4D83-81D5-9C6FBA7B0CC1}.Ad-Hoc|iPhoneSimulator.ActiveCfg = Ad-Hoc|iPhoneSimulator
		{CE1544D0-4E15-4D83-81D5-9C6FBA7B0CC1}.Ad-Hoc|iPhoneSimulator.Build.0 = Ad-Hoc|iPhoneSimulator
		{CE1544D0-4E15-4D83-81D5-9C6FBA7B0CC1}.Ad-Hoc|iPhoneSimulator.Deploy.0 = Ad-Hoc|iPhoneSimulator
		{CE1544D0-4E15-4D83-81D5-9C6FBA7B0CC1}.Ad-Hoc|Mixed Platforms.ActiveCfg = Ad-Hoc|iPhone
		{CE1544D0-4E15-4D83-81D5-9C6FBA7B0CC1}.Ad-Hoc|Mixed Platforms.Build.0 = Ad-Hoc|iPhone
		{CE1544D0-4E15-4D83-81D5-9C6FBA7B0CC1}.Ad-Hoc|Mixed Platforms.Deploy.0 = Ad-Hoc|iPhone
		{CE1544D0-4E15-4D83-81D5-9C6FBA7B0CC1}.Ad-Hoc|x86.ActiveCfg = Ad-Hoc|iPhone
		{CE1544D0-4E15-4D83-81D5-9C6FBA7B0CC1}.AppStore|Any CPU.ActiveCfg = AppStore|iPhone
		{CE1544D0-4E15-4D83-81D5-9C6FBA7B0CC1}.AppStore|ARM.ActiveCfg = AppStore|iPhone
		{CE1544D0-4E15-4D83-81D5-9C6FBA7B0CC1}.AppStore|iPhone.ActiveCfg = AppStore|iPhone
		{CE1544D0-4E15-4D83-81D5-9C6FBA7B0CC1}.AppStore|iPhone.Build.0 = AppStore|iPhone
		{CE1544D0-4E15-4D83-81D5-9C6FBA7B0CC1}.AppStore|iPhone.Deploy.0 = AppStore|iPhone
		{CE1544D0-4E15-4D83-81D5-9C6FBA7B0CC1}.AppStore|iPhoneSimulator.ActiveCfg = AppStore|iPhoneSimulator
		{CE1544D0-4E15-4D83-81D5-9C6FBA7B0CC1}.AppStore|iPhoneSimulator.Build.0 = AppStore|iPhoneSimulator
		{CE1544D0-4E15-4D83-81D5-9C6FBA7B0CC1}.AppStore|iPhoneSimulator.Deploy.0 = AppStore|iPhoneSimulator
		{CE1544D0-4E15-4D83-81D5-9C6FBA7B0CC1}.AppStore|Mixed Platforms.ActiveCfg = AppStore|iPhone
		{CE1544D0-4E15-4D83-81D5-9C6FBA7B0CC1}.AppStore|Mixed Platforms.Build.0 = AppStore|iPhone
		{CE1544D0-4E15-4D83-81D5-9C6FBA7B0CC1}.AppStore|Mixed Platforms.Deploy.0 = AppStore|iPhone
		{CE1544D0-4E15-4D83-81D5-9C6FBA7B0CC1}.AppStore|x86.ActiveCfg = AppStore|iPhone
		{CE1544D0-4E15-4D83-81D5-9C6FBA7B0CC1}.Debug|Any CPU.ActiveCfg = Debug|iPhone
		{CE1544D0-4E15-4D83-81D5-9C6FBA7B0CC1}.Debug|ARM.ActiveCfg = Debug|iPhone
		{CE1544D0-4E15-4D83-81D5-9C6FBA7B0CC1}.Debug|iPhone.ActiveCfg = Debug|iPhone
		{CE1544D0-4E15-4D83-81D5-9C6FBA7B0CC1}.Debug|iPhone.Build.0 = Debug|iPhone
		{CE1544D0-4E15-4D83-81D5-9C6FBA7B0CC1}.Debug|iPhone.Deploy.0 = Debug|iPhone
		{CE1544D0-4E15-4D83-81D5-9C6FBA7B0CC1}.Debug|iPhoneSimulator.ActiveCfg = Debug|iPhoneSimulator
		{CE1544D0-4E15-4D83-81D5-9C6FBA7B0CC1}.Debug|iPhoneSimulator.Build.0 = Debug|iPhoneSimulator
		{CE1544D0-4E15-4D83-81D5-9C6FBA7B0CC1}.Debug|iPhoneSimulator.Deploy.0 = Debug|iPhoneSimulator
		{CE1544D0-4E15-4D83-81D5-9C6FBA7B0CC1}.Debug|Mixed Platforms.ActiveCfg = Debug|iPhoneSimulator
		{CE1544D0-4E15-4D83-81D5-9C6FBA7B0CC1}.Debug|Mixed Platforms.Build.0 = Debug|iPhoneSimulator
		{CE1544D0-4E15-4D83-81D5-9C6FBA7B0CC1}.Debug|Mixed Platforms.Deploy.0 = Debug|iPhoneSimulator
		{CE1544D0-4E15-4D83-81D5-9C6FBA7B0CC1}.Debug|x86.ActiveCfg = Debug|iPhone
		{CE1544D0-4E15-4D83-81D5-9C6FBA7B0CC1}.Release|Any CPU.ActiveCfg = Release|iPhone
		{CE1544D0-4E15-4D83-81D5-9C6FBA7B0CC1}.Release|ARM.ActiveCfg = Release|iPhone
		{CE1544D0-4E15-4D83-81D5-9C6FBA7B0CC1}.Release|iPhone.ActiveCfg = Release|iPhone
		{CE1544D0-4E15-4D83-81D5-9C6FBA7B0CC1}.Release|iPhone.Build.0 = Release|iPhone
		{CE1544D0-4E15-4D83-81D5-9C6FBA7B0CC1}.Release|iPhone.Deploy.0 = Release|iPhone
		{CE1544D0-4E15-4D83-81D5-9C6FBA7B0CC1}.Release|iPhoneSimulator.ActiveCfg = Release|iPhoneSimulator
		{CE1544D0-4E15-4D83-81D5-9C6FBA7B0CC1}.Release|iPhoneSimulator.Build.0 = Release|iPhoneSimulator
		{CE1544D0-4E15-4D83-81D5-9C6FBA7B0CC1}.Release|iPhoneSimulator.Deploy.0 = Release|iPhoneSimulator
		{CE1544D0-4E15-4D83-81D5-9C6FBA7B0CC1}.Release|Mixed Platforms.ActiveCfg = Release|iPhone
		{CE1544D0-4E15-4D83-81D5-9C6FBA7B0CC1}.Release|Mixed Platforms.Build.0 = Release|iPhone
		{CE1544D0-4E15-4D83-81D5-9C6FBA7B0CC1}.Release|Mixed Platforms.Deploy.0 = Release|iPhone
		{CE1544D0-4E15-4D83-81D5-9C6FBA7B0CC1}.Release|x86.ActiveCfg = Release|iPhone
		{A99948F9-9777-4748-992A-2CEC2E78EFA6}.Ad-Hoc|Any CPU.ActiveCfg = Release|Any CPU
		{A99948F9-9777-4748-992A-2CEC2E78EFA6}.Ad-Hoc|Any CPU.Build.0 = Release|Any CPU
		{A99948F9-9777-4748-992A-2CEC2E78EFA6}.Ad-Hoc|Any CPU.Deploy.0 = Release|Any CPU
		{A99948F9-9777-4748-992A-2CEC2E78EFA6}.Ad-Hoc|ARM.ActiveCfg = Release|Any CPU
		{A99948F9-9777-4748-992A-2CEC2E78EFA6}.Ad-Hoc|iPhone.ActiveCfg = Release|Any CPU
		{A99948F9-9777-4748-992A-2CEC2E78EFA6}.Ad-Hoc|iPhoneSimulator.ActiveCfg = Release|Any CPU
		{A99948F9-9777-4748-992A-2CEC2E78EFA6}.Ad-Hoc|Mixed Platforms.ActiveCfg = Release|Any CPU
		{A99948F9-9777-4748-992A-2CEC2E78EFA6}.Ad-Hoc|Mixed Platforms.Build.0 = Release|Any CPU
		{A99948F9-9777-4748-992A-2CEC2E78EFA6}.Ad-Hoc|Mixed Platforms.Deploy.0 = Release|Any CPU
		{A99948F9-9777-4748-992A-2CEC2E78EFA6}.Ad-Hoc|x86.ActiveCfg = Release|Any CPU
		{A99948F9-9777-4748-992A-2CEC2E78EFA6}.AppStore|Any CPU.ActiveCfg = Release|Any CPU
		{A99948F9-9777-4748-992A-2CEC2E78EFA6}.AppStore|Any CPU.Build.0 = Release|Any CPU
		{A99948F9-9777-4748-992A-2CEC2E78EFA6}.AppStore|Any CPU.Deploy.0 = Release|Any CPU
		{A99948F9-9777-4748-992A-2CEC2E78EFA6}.AppStore|ARM.ActiveCfg = Release|Any CPU
		{A99948F9-9777-4748-992A-2CEC2E78EFA6}.AppStore|iPhone.ActiveCfg = Release|Any CPU
		{A99948F9-9777-4748-992A-2CEC2E78EFA6}.AppStore|iPhoneSimulator.ActiveCfg = Release|Any CPU
		{A99948F9-9777-4748-992A-2CEC2E78EFA6}.AppStore|Mixed Platforms.ActiveCfg = Release|Any CPU
		{A99948F9-9777-4748-992A-2CEC2E78EFA6}.AppStore|Mixed Platforms.Build.0 = Release|Any CPU
		{A99948F9-9777-4748-992A-2CEC2E78EFA6}.AppStore|Mixed Platforms.Deploy.0 = Release|Any CPU
		{A99948F9-9777-4748-992A-2CEC2E78EFA6}.AppStore|x86.ActiveCfg = Release|Any CPU
		{A99948F9-9777-4748-992A-2CEC2E78EFA6}.Debug|Any CPU.ActiveCfg = Debug|Any CPU
		{A99948F9-9777-4748-992A-2CEC2E78EFA6}.Debug|Any CPU.Build.0 = Debug|Any CPU
		{A99948F9-9777-4748-992A-2CEC2E78EFA6}.Debug|Any CPU.Deploy.0 = Debug|Any CPU
		{A99948F9-9777-4748-992A-2CEC2E78EFA6}.Debug|ARM.ActiveCfg = Debug|Any CPU
		{A99948F9-9777-4748-992A-2CEC2E78EFA6}.Debug|iPhone.ActiveCfg = Debug|Any CPU
		{A99948F9-9777-4748-992A-2CEC2E78EFA6}.Debug|iPhoneSimulator.ActiveCfg = Debug|Any CPU
		{A99948F9-9777-4748-992A-2CEC2E78EFA6}.Debug|Mixed Platforms.ActiveCfg = Debug|Any CPU
		{A99948F9-9777-4748-992A-2CEC2E78EFA6}.Debug|Mixed Platforms.Build.0 = Debug|Any CPU
		{A99948F9-9777-4748-992A-2CEC2E78EFA6}.Debug|Mixed Platforms.Deploy.0 = Debug|Any CPU
		{A99948F9-9777-4748-992A-2CEC2E78EFA6}.Debug|x86.ActiveCfg = Debug|Any CPU
		{A99948F9-9777-4748-992A-2CEC2E78EFA6}.Release|Any CPU.ActiveCfg = Release|Any CPU
		{A99948F9-9777-4748-992A-2CEC2E78EFA6}.Release|Any CPU.Build.0 = Release|Any CPU
		{A99948F9-9777-4748-992A-2CEC2E78EFA6}.Release|Any CPU.Deploy.0 = Release|Any CPU
		{A99948F9-9777-4748-992A-2CEC2E78EFA6}.Release|ARM.ActiveCfg = Release|Any CPU
		{A99948F9-9777-4748-992A-2CEC2E78EFA6}.Release|iPhone.ActiveCfg = Release|Any CPU
		{A99948F9-9777-4748-992A-2CEC2E78EFA6}.Release|iPhoneSimulator.ActiveCfg = Release|Any CPU
		{A99948F9-9777-4748-992A-2CEC2E78EFA6}.Release|Mixed Platforms.ActiveCfg = Release|Any CPU
		{A99948F9-9777-4748-992A-2CEC2E78EFA6}.Release|Mixed Platforms.Build.0 = Release|Any CPU
		{A99948F9-9777-4748-992A-2CEC2E78EFA6}.Release|Mixed Platforms.Deploy.0 = Release|Any CPU
		{A99948F9-9777-4748-992A-2CEC2E78EFA6}.Release|x86.ActiveCfg = Release|Any CPU
		{DC5F165E-95D3-4099-8579-CBDA0858C770}.Ad-Hoc|Any CPU.ActiveCfg = Release|Any CPU
		{DC5F165E-95D3-4099-8579-CBDA0858C770}.Ad-Hoc|Any CPU.Build.0 = Release|Any CPU
		{DC5F165E-95D3-4099-8579-CBDA0858C770}.Ad-Hoc|Any CPU.Deploy.0 = Release|Any CPU
		{DC5F165E-95D3-4099-8579-CBDA0858C770}.Ad-Hoc|ARM.ActiveCfg = Release|ARM
		{DC5F165E-95D3-4099-8579-CBDA0858C770}.Ad-Hoc|ARM.Build.0 = Release|ARM
		{DC5F165E-95D3-4099-8579-CBDA0858C770}.Ad-Hoc|ARM.Deploy.0 = Release|ARM
		{DC5F165E-95D3-4099-8579-CBDA0858C770}.Ad-Hoc|iPhone.ActiveCfg = Release|Any CPU
		{DC5F165E-95D3-4099-8579-CBDA0858C770}.Ad-Hoc|iPhoneSimulator.ActiveCfg = Release|Any CPU
		{DC5F165E-95D3-4099-8579-CBDA0858C770}.Ad-Hoc|Mixed Platforms.ActiveCfg = Release|x86
		{DC5F165E-95D3-4099-8579-CBDA0858C770}.Ad-Hoc|Mixed Platforms.Build.0 = Release|x86
		{DC5F165E-95D3-4099-8579-CBDA0858C770}.Ad-Hoc|Mixed Platforms.Deploy.0 = Release|x86
		{DC5F165E-95D3-4099-8579-CBDA0858C770}.Ad-Hoc|x86.ActiveCfg = Release|x86
		{DC5F165E-95D3-4099-8579-CBDA0858C770}.Ad-Hoc|x86.Build.0 = Release|x86
		{DC5F165E-95D3-4099-8579-CBDA0858C770}.Ad-Hoc|x86.Deploy.0 = Release|x86
		{DC5F165E-95D3-4099-8579-CBDA0858C770}.AppStore|Any CPU.ActiveCfg = Release|Any CPU
		{DC5F165E-95D3-4099-8579-CBDA0858C770}.AppStore|Any CPU.Build.0 = Release|Any CPU
		{DC5F165E-95D3-4099-8579-CBDA0858C770}.AppStore|Any CPU.Deploy.0 = Release|Any CPU
		{DC5F165E-95D3-4099-8579-CBDA0858C770}.AppStore|ARM.ActiveCfg = Release|ARM
		{DC5F165E-95D3-4099-8579-CBDA0858C770}.AppStore|ARM.Build.0 = Release|ARM
		{DC5F165E-95D3-4099-8579-CBDA0858C770}.AppStore|ARM.Deploy.0 = Release|ARM
		{DC5F165E-95D3-4099-8579-CBDA0858C770}.AppStore|iPhone.ActiveCfg = Release|Any CPU
		{DC5F165E-95D3-4099-8579-CBDA0858C770}.AppStore|iPhoneSimulator.ActiveCfg = Release|Any CPU
		{DC5F165E-95D3-4099-8579-CBDA0858C770}.AppStore|Mixed Platforms.ActiveCfg = Release|x86
		{DC5F165E-95D3-4099-8579-CBDA0858C770}.AppStore|Mixed Platforms.Build.0 = Release|x86
		{DC5F165E-95D3-4099-8579-CBDA0858C770}.AppStore|Mixed Platforms.Deploy.0 = Release|x86
		{DC5F165E-95D3-4099-8579-CBDA0858C770}.AppStore|x86.ActiveCfg = Release|x86
		{DC5F165E-95D3-4099-8579-CBDA0858C770}.AppStore|x86.Build.0 = Release|x86
		{DC5F165E-95D3-4099-8579-CBDA0858C770}.AppStore|x86.Deploy.0 = Release|x86
		{DC5F165E-95D3-4099-8579-CBDA0858C770}.Debug|Any CPU.ActiveCfg = Debug|Any CPU
		{DC5F165E-95D3-4099-8579-CBDA0858C770}.Debug|Any CPU.Build.0 = Debug|Any CPU
		{DC5F165E-95D3-4099-8579-CBDA0858C770}.Debug|Any CPU.Deploy.0 = Debug|Any CPU
		{DC5F165E-95D3-4099-8579-CBDA0858C770}.Debug|ARM.ActiveCfg = Debug|ARM
		{DC5F165E-95D3-4099-8579-CBDA0858C770}.Debug|ARM.Build.0 = Debug|ARM
		{DC5F165E-95D3-4099-8579-CBDA0858C770}.Debug|ARM.Deploy.0 = Debug|ARM
		{DC5F165E-95D3-4099-8579-CBDA0858C770}.Debug|iPhone.ActiveCfg = Debug|Any CPU
		{DC5F165E-95D3-4099-8579-CBDA0858C770}.Debug|iPhoneSimulator.ActiveCfg = Debug|Any CPU
		{DC5F165E-95D3-4099-8579-CBDA0858C770}.Debug|Mixed Platforms.ActiveCfg = Debug|Any CPU
		{DC5F165E-95D3-4099-8579-CBDA0858C770}.Debug|Mixed Platforms.Build.0 = Debug|Any CPU
		{DC5F165E-95D3-4099-8579-CBDA0858C770}.Debug|Mixed Platforms.Deploy.0 = Debug|Any CPU
		{DC5F165E-95D3-4099-8579-CBDA0858C770}.Debug|x86.ActiveCfg = Debug|x86
		{DC5F165E-95D3-4099-8579-CBDA0858C770}.Debug|x86.Build.0 = Debug|x86
		{DC5F165E-95D3-4099-8579-CBDA0858C770}.Debug|x86.Deploy.0 = Debug|x86
		{DC5F165E-95D3-4099-8579-CBDA0858C770}.Release|Any CPU.ActiveCfg = Release|Any CPU
		{DC5F165E-95D3-4099-8579-CBDA0858C770}.Release|Any CPU.Build.0 = Release|Any CPU
		{DC5F165E-95D3-4099-8579-CBDA0858C770}.Release|Any CPU.Deploy.0 = Release|Any CPU
		{DC5F165E-95D3-4099-8579-CBDA0858C770}.Release|ARM.ActiveCfg = Release|ARM
		{DC5F165E-95D3-4099-8579-CBDA0858C770}.Release|ARM.Build.0 = Release|ARM
		{DC5F165E-95D3-4099-8579-CBDA0858C770}.Release|ARM.Deploy.0 = Release|ARM
		{DC5F165E-95D3-4099-8579-CBDA0858C770}.Release|iPhone.ActiveCfg = Release|Any CPU
		{DC5F165E-95D3-4099-8579-CBDA0858C770}.Release|iPhoneSimulator.ActiveCfg = Release|Any CPU
		{DC5F165E-95D3-4099-8579-CBDA0858C770}.Release|Mixed Platforms.ActiveCfg = Release|x86
		{DC5F165E-95D3-4099-8579-CBDA0858C770}.Release|Mixed Platforms.Build.0 = Release|x86
		{DC5F165E-95D3-4099-8579-CBDA0858C770}.Release|Mixed Platforms.Deploy.0 = Release|x86
		{DC5F165E-95D3-4099-8579-CBDA0858C770}.Release|x86.ActiveCfg = Release|x86
		{DC5F165E-95D3-4099-8579-CBDA0858C770}.Release|x86.Build.0 = Release|x86
		{DC5F165E-95D3-4099-8579-CBDA0858C770}.Release|x86.Deploy.0 = Release|x86
	EndGlobalSection
	GlobalSection(SolutionProperties) = preSolution
		HideSolutionNode = FALSE
	EndGlobalSection
EndGlobal
