
Microsoft Visual Studio Solution File, Format Version 12.00
# Visual Studio 2013
VisualStudioVersion = 12.0.30723.0
MinimumVisualStudioVersion = 10.0.40219.1
Project("{FAE04EC0-301F-11D3-BF4B-00C04F79EFBC}") = "NoteTaker9", "NoteTaker9\NoteTaker9\NoteTaker9.csproj", "{E55187BC-22CD-41C8-8D99-EE62F599EADB}"
EndProject
Project("{FAE04EC0-301F-11D3-BF4B-00C04F79EFBC}") = "NoteTaker9.iOS", "NoteTaker9\NoteTaker9.iOS\NoteTaker9.iOS.csproj", "{51D702A2-10C1-4F69-B390-02A16C08AA28}"
EndProject
Project("{FAE04EC0-301F-11D3-BF4B-00C04F79EFBC}") = "NoteTaker9.Android", "NoteTaker9\NoteTaker9.Android\NoteTaker9.Android.csproj", "{513EAD79-0AFC-4E7A-BB77-23AEA6157C49}"
EndProject
Project("{FAE04EC0-301F-11D3-BF4B-00C04F79EFBC}") = "NoteTaker9.WinPhone", "NoteTaker9\NoteTaker9.WinPhone\NoteTaker9.WinPhone.csproj", "{B1107503-794A-4624-9AD0-04C17392F6C9}"
EndProject
Global
	GlobalSection(SolutionConfigurationPlatforms) = preSolution
		Ad-Hoc|Any CPU = Ad-Hoc|Any CPU
		Ad-Hoc|ARM = Ad-Hoc|ARM
		Ad-Hoc|iPhone = Ad-Hoc|iPhone
		Ad-Hoc|iPhoneSimulator = Ad-Hoc|iPhoneSimulator
		Ad-Hoc|Mixed Platforms = Ad-Hoc|Mixed Platforms
		Ad-Hoc|x86 = Ad-Hoc|x86
		AppStore|Any CPU = AppStore|Any CPU
		AppStore|ARM = AppStore|ARM
		AppStore|iPhone = AppStore|iPhone
		AppStore|iPhoneSimulator = AppStore|iPhoneSimulator
		AppStore|Mixed Platforms = AppStore|Mixed Platforms
		AppStore|x86 = AppStore|x86
		Debug|Any CPU = Debug|Any CPU
		Debug|ARM = Debug|ARM
		Debug|iPhone = Debug|iPhone
		Debug|iPhoneSimulator = Debug|iPhoneSimulator
		Debug|Mixed Platforms = Debug|Mixed Platforms
		Debug|x86 = Debug|x86
		Release|Any CPU = Release|Any CPU
		Release|ARM = Release|ARM
		Release|iPhone = Release|iPhone
		Release|iPhoneSimulator = Release|iPhoneSimulator
		Release|Mixed Platforms = Release|Mixed Platforms
		Release|x86 = Release|x86
	EndGlobalSection
	GlobalSection(ProjectConfigurationPlatforms) = postSolution
		{E55187BC-22CD-41C8-8D99-EE62F599EADB}.Ad-Hoc|Any CPU.ActiveCfg = Release|Any CPU
		{E55187BC-22CD-41C8-8D99-EE62F599EADB}.Ad-Hoc|Any CPU.Build.0 = Release|Any CPU
		{E55187BC-22CD-41C8-8D99-EE62F599EADB}.Ad-Hoc|ARM.ActiveCfg = Release|Any CPU
		{E55187BC-22CD-41C8-8D99-EE62F599EADB}.Ad-Hoc|iPhone.ActiveCfg = Release|Any CPU
		{E55187BC-22CD-41C8-8D99-EE62F599EADB}.Ad-Hoc|iPhoneSimulator.ActiveCfg = Release|Any CPU
		{E55187BC-22CD-41C8-8D99-EE62F599EADB}.Ad-Hoc|Mixed Platforms.ActiveCfg = Release|Any CPU
		{E55187BC-22CD-41C8-8D99-EE62F599EADB}.Ad-Hoc|Mixed Platforms.Build.0 = Release|Any CPU
		{E55187BC-22CD-41C8-8D99-EE62F599EADB}.Ad-Hoc|x86.ActiveCfg = Release|Any CPU
		{E55187BC-22CD-41C8-8D99-EE62F599EADB}.AppStore|Any CPU.ActiveCfg = Release|Any CPU
		{E55187BC-22CD-41C8-8D99-EE62F599EADB}.AppStore|Any CPU.Build.0 = Release|Any CPU
		{E55187BC-22CD-41C8-8D99-EE62F599EADB}.AppStore|ARM.ActiveCfg = Release|Any CPU
		{E55187BC-22CD-41C8-8D99-EE62F599EADB}.AppStore|iPhone.ActiveCfg = Release|Any CPU
		{E55187BC-22CD-41C8-8D99-EE62F599EADB}.AppStore|iPhoneSimulator.ActiveCfg = Release|Any CPU
		{E55187BC-22CD-41C8-8D99-EE62F599EADB}.AppStore|Mixed Platforms.ActiveCfg = Release|Any CPU
		{E55187BC-22CD-41C8-8D99-EE62F599EADB}.AppStore|Mixed Platforms.Build.0 = Release|Any CPU
		{E55187BC-22CD-41C8-8D99-EE62F599EADB}.AppStore|x86.ActiveCfg = Release|Any CPU
		{E55187BC-22CD-41C8-8D99-EE62F599EADB}.Debug|Any CPU.ActiveCfg = Debug|Any CPU
		{E55187BC-22CD-41C8-8D99-EE62F599EADB}.Debug|Any CPU.Build.0 = Debug|Any CPU
		{E55187BC-22CD-41C8-8D99-EE62F599EADB}.Debug|ARM.ActiveCfg = Debug|Any CPU
		{E55187BC-22CD-41C8-8D99-EE62F599EADB}.Debug|iPhone.ActiveCfg = Debug|Any CPU
		{E55187BC-22CD-41C8-8D99-EE62F599EADB}.Debug|iPhoneSimulator.ActiveCfg = Debug|Any CPU
		{E55187BC-22CD-41C8-8D99-EE62F599EADB}.Debug|Mixed Platforms.ActiveCfg = Debug|Any CPU
		{E55187BC-22CD-41C8-8D99-EE62F599EADB}.Debug|Mixed Platforms.Build.0 = Debug|Any CPU
		{E55187BC-22CD-41C8-8D99-EE62F599EADB}.Debug|x86.ActiveCfg = Debug|Any CPU
		{E55187BC-22CD-41C8-8D99-EE62F599EADB}.Release|Any CPU.ActiveCfg = Release|Any CPU
		{E55187BC-22CD-41C8-8D99-EE62F599EADB}.Release|Any CPU.Build.0 = Release|Any CPU
		{E55187BC-22CD-41C8-8D99-EE62F599EADB}.Release|ARM.ActiveCfg = Release|Any CPU
		{E55187BC-22CD-41C8-8D99-EE62F599EADB}.Release|iPhone.ActiveCfg = Release|Any CPU
		{E55187BC-22CD-41C8-8D99-EE62F599EADB}.Release|iPhoneSimulator.ActiveCfg = Release|Any CPU
		{E55187BC-22CD-41C8-8D99-EE62F599EADB}.Release|Mixed Platforms.ActiveCfg = Release|Any CPU
		{E55187BC-22CD-41C8-8D99-EE62F599EADB}.Release|Mixed Platforms.Build.0 = Release|Any CPU
		{E55187BC-22CD-41C8-8D99-EE62F599EADB}.Release|x86.ActiveCfg = Release|Any CPU
		{51D702A2-10C1-4F69-B390-02A16C08AA28}.Ad-Hoc|Any CPU.ActiveCfg = Ad-Hoc|iPhone
		{51D702A2-10C1-4F69-B390-02A16C08AA28}.Ad-Hoc|ARM.ActiveCfg = Ad-Hoc|iPhone
		{51D702A2-10C1-4F69-B390-02A16C08AA28}.Ad-Hoc|iPhone.ActiveCfg = Ad-Hoc|iPhone
		{51D702A2-10C1-4F69-B390-02A16C08AA28}.Ad-Hoc|iPhone.Build.0 = Ad-Hoc|iPhone
		{51D702A2-10C1-4F69-B390-02A16C08AA28}.Ad-Hoc|iPhone.Deploy.0 = Ad-Hoc|iPhone
		{51D702A2-10C1-4F69-B390-02A16C08AA28}.Ad-Hoc|iPhoneSimulator.ActiveCfg = Ad-Hoc|iPhoneSimulator
		{51D702A2-10C1-4F69-B390-02A16C08AA28}.Ad-Hoc|iPhoneSimulator.Build.0 = Ad-Hoc|iPhoneSimulator
		{51D702A2-10C1-4F69-B390-02A16C08AA28}.Ad-Hoc|iPhoneSimulator.Deploy.0 = Ad-Hoc|iPhoneSimulator
		{51D702A2-10C1-4F69-B390-02A16C08AA28}.Ad-Hoc|Mixed Platforms.ActiveCfg = Ad-Hoc|iPhone
		{51D702A2-10C1-4F69-B390-02A16C08AA28}.Ad-Hoc|Mixed Platforms.Build.0 = Ad-Hoc|iPhone
		{51D702A2-10C1-4F69-B390-02A16C08AA28}.Ad-Hoc|Mixed Platforms.Deploy.0 = Ad-Hoc|iPhone
		{51D702A2-10C1-4F69-B390-02A16C08AA28}.Ad-Hoc|x86.ActiveCfg = Ad-Hoc|iPhone
		{51D702A2-10C1-4F69-B390-02A16C08AA28}.AppStore|Any CPU.ActiveCfg = AppStore|iPhone
		{51D702A2-10C1-4F69-B390-02A16C08AA28}.AppStore|ARM.ActiveCfg = AppStore|iPhone
		{51D702A2-10C1-4F69-B390-02A16C08AA28}.AppStore|iPhone.ActiveCfg = AppStore|iPhone
		{51D702A2-10C1-4F69-B390-02A16C08AA28}.AppStore|iPhone.Build.0 = AppStore|iPhone
		{51D702A2-10C1-4F69-B390-02A16C08AA28}.AppStore|iPhone.Deploy.0 = AppStore|iPhone
		{51D702A2-10C1-4F69-B390-02A16C08AA28}.AppStore|iPhoneSimulator.ActiveCfg = AppStore|iPhoneSimulator
		{51D702A2-10C1-4F69-B390-02A16C08AA28}.AppStore|iPhoneSimulator.Build.0 = AppStore|iPhoneSimulator
		{51D702A2-10C1-4F69-B390-02A16C08AA28}.AppStore|iPhoneSimulator.Deploy.0 = AppStore|iPhoneSimulator
		{51D702A2-10C1-4F69-B390-02A16C08AA28}.AppStore|Mixed Platforms.ActiveCfg = AppStore|iPhone
		{51D702A2-10C1-4F69-B390-02A16C08AA28}.AppStore|Mixed Platforms.Build.0 = AppStore|iPhone
		{51D702A2-10C1-4F69-B390-02A16C08AA28}.AppStore|Mixed Platforms.Deploy.0 = AppStore|iPhone
		{51D702A2-10C1-4F69-B390-02A16C08AA28}.AppStore|x86.ActiveCfg = AppStore|iPhone
		{51D702A2-10C1-4F69-B390-02A16C08AA28}.Debug|Any CPU.ActiveCfg = Debug|iPhone
		{51D702A2-10C1-4F69-B390-02A16C08AA28}.Debug|ARM.ActiveCfg = Debug|iPhone
		{51D702A2-10C1-4F69-B390-02A16C08AA28}.Debug|iPhone.ActiveCfg = Debug|iPhone
		{51D702A2-10C1-4F69-B390-02A16C08AA28}.Debug|iPhone.Build.0 = Debug|iPhone
		{51D702A2-10C1-4F69-B390-02A16C08AA28}.Debug|iPhone.Deploy.0 = Debug|iPhone
		{51D702A2-10C1-4F69-B390-02A16C08AA28}.Debug|iPhoneSimulator.ActiveCfg = Debug|iPhoneSimulator
		{51D702A2-10C1-4F69-B390-02A16C08AA28}.Debug|iPhoneSimulator.Build.0 = Debug|iPhoneSimulator
		{51D702A2-10C1-4F69-B390-02A16C08AA28}.Debug|iPhoneSimulator.Deploy.0 = Debug|iPhoneSimulator
		{51D702A2-10C1-4F69-B390-02A16C08AA28}.Debug|Mixed Platforms.ActiveCfg = Debug|iPhoneSimulator
		{51D702A2-10C1-4F69-B390-02A16C08AA28}.Debug|Mixed Platforms.Build.0 = Debug|iPhoneSimulator
		{51D702A2-10C1-4F69-B390-02A16C08AA28}.Debug|Mixed Platforms.Deploy.0 = Debug|iPhoneSimulator
		{51D702A2-10C1-4F69-B390-02A16C08AA28}.Debug|x86.ActiveCfg = Debug|iPhone
		{51D702A2-10C1-4F69-B390-02A16C08AA28}.Release|Any CPU.ActiveCfg = Release|iPhone
		{51D702A2-10C1-4F69-B390-02A16C08AA28}.Release|ARM.ActiveCfg = Release|iPhone
		{51D702A2-10C1-4F69-B390-02A16C08AA28}.Release|iPhone.ActiveCfg = Release|iPhone
		{51D702A2-10C1-4F69-B390-02A16C08AA28}.Release|iPhone.Build.0 = Release|iPhone
		{51D702A2-10C1-4F69-B390-02A16C08AA28}.Release|iPhone.Deploy.0 = Release|iPhone
		{51D702A2-10C1-4F69-B390-02A16C08AA28}.Release|iPhoneSimulator.ActiveCfg = Release|iPhoneSimulator
		{51D702A2-10C1-4F69-B390-02A16C08AA28}.Release|iPhoneSimulator.Build.0 = Release|iPhoneSimulator
		{51D702A2-10C1-4F69-B390-02A16C08AA28}.Release|iPhoneSimulator.Deploy.0 = Release|iPhoneSimulator
		{51D702A2-10C1-4F69-B390-02A16C08AA28}.Release|Mixed Platforms.ActiveCfg = Release|iPhone
		{51D702A2-10C1-4F69-B390-02A16C08AA28}.Release|Mixed Platforms.Build.0 = Release|iPhone
		{51D702A2-10C1-4F69-B390-02A16C08AA28}.Release|Mixed Platforms.Deploy.0 = Release|iPhone
		{51D702A2-10C1-4F69-B390-02A16C08AA28}.Release|x86.ActiveCfg = Release|iPhone
		{513EAD79-0AFC-4E7A-BB77-23AEA6157C49}.Ad-Hoc|Any CPU.ActiveCfg = Release|Any CPU
		{513EAD79-0AFC-4E7A-BB77-23AEA6157C49}.Ad-Hoc|Any CPU.Build.0 = Release|Any CPU
		{513EAD79-0AFC-4E7A-BB77-23AEA6157C49}.Ad-Hoc|Any CPU.Deploy.0 = Release|Any CPU
		{513EAD79-0AFC-4E7A-BB77-23AEA6157C49}.Ad-Hoc|ARM.ActiveCfg = Release|Any CPU
		{513EAD79-0AFC-4E7A-BB77-23AEA6157C49}.Ad-Hoc|iPhone.ActiveCfg = Release|Any CPU
		{513EAD79-0AFC-4E7A-BB77-23AEA6157C49}.Ad-Hoc|iPhoneSimulator.ActiveCfg = Release|Any CPU
		{513EAD79-0AFC-4E7A-BB77-23AEA6157C49}.Ad-Hoc|Mixed Platforms.ActiveCfg = Release|Any CPU
		{513EAD79-0AFC-4E7A-BB77-23AEA6157C49}.Ad-Hoc|Mixed Platforms.Build.0 = Release|Any CPU
		{513EAD79-0AFC-4E7A-BB77-23AEA6157C49}.Ad-Hoc|Mixed Platforms.Deploy.0 = Release|Any CPU
		{513EAD79-0AFC-4E7A-BB77-23AEA6157C49}.Ad-Hoc|x86.ActiveCfg = Release|Any CPU
		{513EAD79-0AFC-4E7A-BB77-23AEA6157C49}.AppStore|Any CPU.ActiveCfg = Release|Any CPU
		{513EAD79-0AFC-4E7A-BB77-23AEA6157C49}.AppStore|Any CPU.Build.0 = Release|Any CPU
		{513EAD79-0AFC-4E7A-BB77-23AEA6157C49}.AppStore|Any CPU.Deploy.0 = Release|Any CPU
		{513EAD79-0AFC-4E7A-BB77-23AEA6157C49}.AppStore|ARM.ActiveCfg = Release|Any CPU
		{513EAD79-0AFC-4E7A-BB77-23AEA6157C49}.AppStore|iPhone.ActiveCfg = Release|Any CPU
		{513EAD79-0AFC-4E7A-BB77-23AEA6157C49}.AppStore|iPhoneSimulator.ActiveCfg = Release|Any CPU
		{513EAD79-0AFC-4E7A-BB77-23AEA6157C49}.AppStore|Mixed Platforms.ActiveCfg = Release|Any CPU
		{513EAD79-0AFC-4E7A-BB77-23AEA6157C49}.AppStore|Mixed Platforms.Build.0 = Release|Any CPU
		{513EAD79-0AFC-4E7A-BB77-23AEA6157C49}.AppStore|Mixed Platforms.Deploy.0 = Release|Any CPU
		{513EAD79-0AFC-4E7A-BB77-23AEA6157C49}.AppStore|x86.ActiveCfg = Release|Any CPU
		{513EAD79-0AFC-4E7A-BB77-23AEA6157C49}.Debug|Any CPU.ActiveCfg = Debug|Any CPU
		{513EAD79-0AFC-4E7A-BB77-23AEA6157C49}.Debug|Any CPU.Build.0 = Debug|Any CPU
		{513EAD79-0AFC-4E7A-BB77-23AEA6157C49}.Debug|Any CPU.Deploy.0 = Debug|Any CPU
		{513EAD79-0AFC-4E7A-BB77-23AEA6157C49}.Debug|ARM.ActiveCfg = Debug|Any CPU
		{513EAD79-0AFC-4E7A-BB77-23AEA6157C49}.Debug|iPhone.ActiveCfg = Debug|Any CPU
		{513EAD79-0AFC-4E7A-BB77-23AEA6157C49}.Debug|iPhoneSimulator.ActiveCfg = Debug|Any CPU
		{513EAD79-0AFC-4E7A-BB77-23AEA6157C49}.Debug|Mixed Platforms.ActiveCfg = Debug|Any CPU
		{513EAD79-0AFC-4E7A-BB77-23AEA6157C49}.Debug|Mixed Platforms.Build.0 = Debug|Any CPU
		{513EAD79-0AFC-4E7A-BB77-23AEA6157C49}.Debug|Mixed Platforms.Deploy.0 = Debug|Any CPU
		{513EAD79-0AFC-4E7A-BB77-23AEA6157C49}.Debug|x86.ActiveCfg = Debug|Any CPU
		{513EAD79-0AFC-4E7A-BB77-23AEA6157C49}.Release|Any CPU.ActiveCfg = Release|Any CPU
		{513EAD79-0AFC-4E7A-BB77-23AEA6157C49}.Release|Any CPU.Build.0 = Release|Any CPU
		{513EAD79-0AFC-4E7A-BB77-23AEA6157C49}.Release|Any CPU.Deploy.0 = Release|Any CPU
		{513EAD79-0AFC-4E7A-BB77-23AEA6157C49}.Release|ARM.ActiveCfg = Release|Any CPU
		{513EAD79-0AFC-4E7A-BB77-23AEA6157C49}.Release|iPhone.ActiveCfg = Release|Any CPU
		{513EAD79-0AFC-4E7A-BB77-23AEA6157C49}.Release|iPhoneSimulator.ActiveCfg = Release|Any CPU
		{513EAD79-0AFC-4E7A-BB77-23AEA6157C49}.Release|Mixed Platforms.ActiveCfg = Release|Any CPU
		{513EAD79-0AFC-4E7A-BB77-23AEA6157C49}.Release|Mixed Platforms.Build.0 = Release|Any CPU
		{513EAD79-0AFC-4E7A-BB77-23AEA6157C49}.Release|Mixed Platforms.Deploy.0 = Release|Any CPU
		{513EAD79-0AFC-4E7A-BB77-23AEA6157C49}.Release|x86.ActiveCfg = Release|Any CPU
		{B1107503-794A-4624-9AD0-04C17392F6C9}.Ad-Hoc|Any CPU.ActiveCfg = Release|Any CPU
		{B1107503-794A-4624-9AD0-04C17392F6C9}.Ad-Hoc|Any CPU.Build.0 = Release|Any CPU
		{B1107503-794A-4624-9AD0-04C17392F6C9}.Ad-Hoc|Any CPU.Deploy.0 = Release|Any CPU
		{B1107503-794A-4624-9AD0-04C17392F6C9}.Ad-Hoc|ARM.ActiveCfg = Release|ARM
		{B1107503-794A-4624-9AD0-04C17392F6C9}.Ad-Hoc|ARM.Build.0 = Release|ARM
		{B1107503-794A-4624-9AD0-04C17392F6C9}.Ad-Hoc|ARM.Deploy.0 = Release|ARM
		{B1107503-794A-4624-9AD0-04C17392F6C9}.Ad-Hoc|iPhone.ActiveCfg = Release|Any CPU
		{B1107503-794A-4624-9AD0-04C17392F6C9}.Ad-Hoc|iPhoneSimulator.ActiveCfg = Release|Any CPU
		{B1107503-794A-4624-9AD0-04C17392F6C9}.Ad-Hoc|Mixed Platforms.ActiveCfg = Release|x86
		{B1107503-794A-4624-9AD0-04C17392F6C9}.Ad-Hoc|Mixed Platforms.Build.0 = Release|x86
		{B1107503-794A-4624-9AD0-04C17392F6C9}.Ad-Hoc|Mixed Platforms.Deploy.0 = Release|x86
		{B1107503-794A-4624-9AD0-04C17392F6C9}.Ad-Hoc|x86.ActiveCfg = Release|x86
		{B1107503-794A-4624-9AD0-04C17392F6C9}.Ad-Hoc|x86.Build.0 = Release|x86
		{B1107503-794A-4624-9AD0-04C17392F6C9}.Ad-Hoc|x86.Deploy.0 = Release|x86
		{B1107503-794A-4624-9AD0-04C17392F6C9}.AppStore|Any CPU.ActiveCfg = Release|Any CPU
		{B1107503-794A-4624-9AD0-04C17392F6C9}.AppStore|Any CPU.Build.0 = Release|Any CPU
		{B1107503-794A-4624-9AD0-04C17392F6C9}.AppStore|Any CPU.Deploy.0 = Release|Any CPU
		{B1107503-794A-4624-9AD0-04C17392F6C9}.AppStore|ARM.ActiveCfg = Release|ARM
		{B1107503-794A-4624-9AD0-04C17392F6C9}.AppStore|ARM.Build.0 = Release|ARM
		{B1107503-794A-4624-9AD0-04C17392F6C9}.AppStore|ARM.Deploy.0 = Release|ARM
		{B1107503-794A-4624-9AD0-04C17392F6C9}.AppStore|iPhone.ActiveCfg = Release|Any CPU
		{B1107503-794A-4624-9AD0-04C17392F6C9}.AppStore|iPhoneSimulator.ActiveCfg = Release|Any CPU
		{B1107503-794A-4624-9AD0-04C17392F6C9}.AppStore|Mixed Platforms.ActiveCfg = Release|x86
		{B1107503-794A-4624-9AD0-04C17392F6C9}.AppStore|Mixed Platforms.Build.0 = Release|x86
		{B1107503-794A-4624-9AD0-04C17392F6C9}.AppStore|Mixed Platforms.Deploy.0 = Release|x86
		{B1107503-794A-4624-9AD0-04C17392F6C9}.AppStore|x86.ActiveCfg = Release|x86
		{B1107503-794A-4624-9AD0-04C17392F6C9}.AppStore|x86.Build.0 = Release|x86
		{B1107503-794A-4624-9AD0-04C17392F6C9}.AppStore|x86.Deploy.0 = Release|x86
		{B1107503-794A-4624-9AD0-04C17392F6C9}.Debug|Any CPU.ActiveCfg = Debug|Any CPU
		{B1107503-794A-4624-9AD0-04C17392F6C9}.Debug|Any CPU.Build.0 = Debug|Any CPU
		{B1107503-794A-4624-9AD0-04C17392F6C9}.Debug|Any CPU.Deploy.0 = Debug|Any CPU
		{B1107503-794A-4624-9AD0-04C17392F6C9}.Debug|ARM.ActiveCfg = Debug|ARM
		{B1107503-794A-4624-9AD0-04C17392F6C9}.Debug|ARM.Build.0 = Debug|ARM
		{B1107503-794A-4624-9AD0-04C17392F6C9}.Debug|ARM.Deploy.0 = Debug|ARM
		{B1107503-794A-4624-9AD0-04C17392F6C9}.Debug|iPhone.ActiveCfg = Debug|Any CPU
		{B1107503-794A-4624-9AD0-04C17392F6C9}.Debug|iPhoneSimulator.ActiveCfg = Debug|Any CPU
		{B1107503-794A-4624-9AD0-04C17392F6C9}.Debug|Mixed Platforms.ActiveCfg = Debug|Any CPU
		{B1107503-794A-4624-9AD0-04C17392F6C9}.Debug|Mixed Platforms.Build.0 = Debug|Any CPU
		{B1107503-794A-4624-9AD0-04C17392F6C9}.Debug|Mixed Platforms.Deploy.0 = Debug|Any CPU
		{B1107503-794A-4624-9AD0-04C17392F6C9}.Debug|x86.ActiveCfg = Debug|x86
		{B1107503-794A-4624-9AD0-04C17392F6C9}.Debug|x86.Build.0 = Debug|x86
		{B1107503-794A-4624-9AD0-04C17392F6C9}.Debug|x86.Deploy.0 = Debug|x86
		{B1107503-794A-4624-9AD0-04C17392F6C9}.Release|Any CPU.ActiveCfg = Release|Any CPU
		{B1107503-794A-4624-9AD0-04C17392F6C9}.Release|Any CPU.Build.0 = Release|Any CPU
		{B1107503-794A-4624-9AD0-04C17392F6C9}.Release|Any CPU.Deploy.0 = Release|Any CPU
		{B1107503-794A-4624-9AD0-04C17392F6C9}.Release|ARM.ActiveCfg = Release|ARM
		{B1107503-794A-4624-9AD0-04C17392F6C9}.Release|ARM.Build.0 = Release|ARM
		{B1107503-794A-4624-9AD0-04C17392F6C9}.Release|ARM.Deploy.0 = Release|ARM
		{B1107503-794A-4624-9AD0-04C17392F6C9}.Release|iPhone.ActiveCfg = Release|Any CPU
		{B1107503-794A-4624-9AD0-04C17392F6C9}.Release|iPhoneSimulator.ActiveCfg = Release|Any CPU
		{B1107503-794A-4624-9AD0-04C17392F6C9}.Release|Mixed Platforms.ActiveCfg = Release|x86
		{B1107503-794A-4624-9AD0-04C17392F6C9}.Release|Mixed Platforms.Build.0 = Release|x86
		{B1107503-794A-4624-9AD0-04C17392F6C9}.Release|Mixed Platforms.Deploy.0 = Release|x86
		{B1107503-794A-4624-9AD0-04C17392F6C9}.Release|x86.ActiveCfg = Release|x86
		{B1107503-794A-4624-9AD0-04C17392F6C9}.Release|x86.Build.0 = Release|x86
		{B1107503-794A-4624-9AD0-04C17392F6C9}.Release|x86.Deploy.0 = Release|x86
	EndGlobalSection
	GlobalSection(SolutionProperties) = preSolution
		HideSolutionNode = FALSE
	EndGlobalSection
EndGlobal
