
Microsoft Visual Studio Solution File, Format Version 12.00
# Visual Studio 2013
VisualStudioVersion = 12.0.30723.0
MinimumVisualStudioVersion = 10.0.40219.1
Project("{FAE04EC0-301F-11D3-BF4B-00C04F79EFBC}") = "NoteTaker7", "NoteTaker7\NoteTaker7\NoteTaker7.csproj", "{A11D7F26-9910-4254-9F5B-DDD456034E58}"
EndProject
Project("{FAE04EC0-301F-11D3-BF4B-00C04F79EFBC}") = "NoteTaker7.iOS", "NoteTaker7\NoteTaker7.iOS\NoteTaker7.iOS.csproj", "{2F8C1BE6-6CA9-4414-8608-85DF04B2B56E}"
EndProject
Project("{FAE04EC0-301F-11D3-BF4B-00C04F79EFBC}") = "NoteTaker7.Android", "NoteTaker7\NoteTaker7.Android\NoteTaker7.Android.csproj", "{C57298E7-AE62-4012-88E2-03E72C8ECF27}"
EndProject
Project("{FAE04EC0-301F-11D3-BF4B-00C04F79EFBC}") = "NoteTaker7.WinPhone", "NoteTaker7\NoteTaker7.WinPhone\NoteTaker7.WinPhone.csproj", "{C0D7DDF4-085E-4802-A5F6-D2F66FA63478}"
EndProject
Global
	GlobalSection(SolutionConfigurationPlatforms) = preSolution
		Ad-Hoc|Any CPU = Ad-Hoc|Any CPU
		Ad-Hoc|ARM = Ad-Hoc|ARM
		Ad-Hoc|iPhone = Ad-Hoc|iPhone
		Ad-Hoc|iPhoneSimulator = Ad-Hoc|iPhoneSimulator
		Ad-Hoc|Mixed Platforms = Ad-Hoc|Mixed Platforms
		Ad-Hoc|x86 = Ad-Hoc|x86
		AppStore|Any CPU = AppStore|Any CPU
		AppStore|ARM = AppStore|ARM
		AppStore|iPhone = AppStore|iPhone
		AppStore|iPhoneSimulator = AppStore|iPhoneSimulator
		AppStore|Mixed Platforms = AppStore|Mixed Platforms
		AppStore|x86 = AppStore|x86
		Debug|Any CPU = Debug|Any CPU
		Debug|ARM = Debug|ARM
		Debug|iPhone = Debug|iPhone
		Debug|iPhoneSimulator = Debug|iPhoneSimulator
		Debug|Mixed Platforms = Debug|Mixed Platforms
		Debug|x86 = Debug|x86
		Release|Any CPU = Release|Any CPU
		Release|ARM = Release|ARM
		Release|iPhone = Release|iPhone
		Release|iPhoneSimulator = Release|iPhoneSimulator
		Release|Mixed Platforms = Release|Mixed Platforms
		Release|x86 = Release|x86
	EndGlobalSection
	GlobalSection(ProjectConfigurationPlatforms) = postSolution
		{A11D7F26-9910-4254-9F5B-DDD456034E58}.Ad-Hoc|Any CPU.ActiveCfg = Release|Any CPU
		{A11D7F26-9910-4254-9F5B-DDD456034E58}.Ad-Hoc|Any CPU.Build.0 = Release|Any CPU
		{A11D7F26-9910-4254-9F5B-DDD456034E58}.Ad-Hoc|ARM.ActiveCfg = Release|Any CPU
		{A11D7F26-9910-4254-9F5B-DDD456034E58}.Ad-Hoc|iPhone.ActiveCfg = Release|Any CPU
		{A11D7F26-9910-4254-9F5B-DDD456034E58}.Ad-Hoc|iPhoneSimulator.ActiveCfg = Release|Any CPU
		{A11D7F26-9910-4254-9F5B-DDD456034E58}.Ad-Hoc|Mixed Platforms.ActiveCfg = Release|Any CPU
		{A11D7F26-9910-4254-9F5B-DDD456034E58}.Ad-Hoc|Mixed Platforms.Build.0 = Release|Any CPU
		{A11D7F26-9910-4254-9F5B-DDD456034E58}.Ad-Hoc|x86.ActiveCfg = Release|Any CPU
		{A11D7F26-9910-4254-9F5B-DDD456034E58}.AppStore|Any CPU.ActiveCfg = Release|Any CPU
		{A11D7F26-9910-4254-9F5B-DDD456034E58}.AppStore|Any CPU.Build.0 = Release|Any CPU
		{A11D7F26-9910-4254-9F5B-DDD456034E58}.AppStore|ARM.ActiveCfg = Release|Any CPU
		{A11D7F26-9910-4254-9F5B-DDD456034E58}.AppStore|iPhone.ActiveCfg = Release|Any CPU
		{A11D7F26-9910-4254-9F5B-DDD456034E58}.AppStore|iPhoneSimulator.ActiveCfg = Release|Any CPU
		{A11D7F26-9910-4254-9F5B-DDD456034E58}.AppStore|Mixed Platforms.ActiveCfg = Release|Any CPU
		{A11D7F26-9910-4254-9F5B-DDD456034E58}.AppStore|Mixed Platforms.Build.0 = Release|Any CPU
		{A11D7F26-9910-4254-9F5B-DDD456034E58}.AppStore|x86.ActiveCfg = Release|Any CPU
		{A11D7F26-9910-4254-9F5B-DDD456034E58}.Debug|Any CPU.ActiveCfg = Debug|Any CPU
		{A11D7F26-9910-4254-9F5B-DDD456034E58}.Debug|Any CPU.Build.0 = Debug|Any CPU
		{A11D7F26-9910-4254-9F5B-DDD456034E58}.Debug|ARM.ActiveCfg = Debug|Any CPU
		{A11D7F26-9910-4254-9F5B-DDD456034E58}.Debug|iPhone.ActiveCfg = Debug|Any CPU
		{A11D7F26-9910-4254-9F5B-DDD456034E58}.Debug|iPhoneSimulator.ActiveCfg = Debug|Any CPU
		{A11D7F26-9910-4254-9F5B-DDD456034E58}.Debug|Mixed Platforms.ActiveCfg = Debug|Any CPU
		{A11D7F26-9910-4254-9F5B-DDD456034E58}.Debug|Mixed Platforms.Build.0 = Debug|Any CPU
		{A11D7F26-9910-4254-9F5B-DDD456034E58}.Debug|x86.ActiveCfg = Debug|Any CPU
		{A11D7F26-9910-4254-9F5B-DDD456034E58}.Release|Any CPU.ActiveCfg = Release|Any CPU
		{A11D7F26-9910-4254-9F5B-DDD456034E58}.Release|Any CPU.Build.0 = Release|Any CPU
		{A11D7F26-9910-4254-9F5B-DDD456034E58}.Release|ARM.ActiveCfg = Release|Any CPU
		{A11D7F26-9910-4254-9F5B-DDD456034E58}.Release|iPhone.ActiveCfg = Release|Any CPU
		{A11D7F26-9910-4254-9F5B-DDD456034E58}.Release|iPhoneSimulator.ActiveCfg = Release|Any CPU
		{A11D7F26-9910-4254-9F5B-DDD456034E58}.Release|Mixed Platforms.ActiveCfg = Release|Any CPU
		{A11D7F26-9910-4254-9F5B-DDD456034E58}.Release|Mixed Platforms.Build.0 = Release|Any CPU
		{A11D7F26-9910-4254-9F5B-DDD456034E58}.Release|x86.ActiveCfg = Release|Any CPU
		{2F8C1BE6-6CA9-4414-8608-85DF04B2B56E}.Ad-Hoc|Any CPU.ActiveCfg = Ad-Hoc|iPhone
		{2F8C1BE6-6CA9-4414-8608-85DF04B2B56E}.Ad-Hoc|ARM.ActiveCfg = Ad-Hoc|iPhone
		{2F8C1BE6-6CA9-4414-8608-85DF04B2B56E}.Ad-Hoc|iPhone.ActiveCfg = Ad-Hoc|iPhone
		{2F8C1BE6-6CA9-4414-8608-85DF04B2B56E}.Ad-Hoc|iPhone.Build.0 = Ad-Hoc|iPhone
		{2F8C1BE6-6CA9-4414-8608-85DF04B2B56E}.Ad-Hoc|iPhone.Deploy.0 = Ad-Hoc|iPhone
		{2F8C1BE6-6CA9-4414-8608-85DF04B2B56E}.Ad-Hoc|iPhoneSimulator.ActiveCfg = Ad-Hoc|iPhoneSimulator
		{2F8C1BE6-6CA9-4414-8608-85DF04B2B56E}.Ad-Hoc|iPhoneSimulator.Build.0 = Ad-Hoc|iPhoneSimulator
		{2F8C1BE6-6CA9-4414-8608-85DF04B2B56E}.Ad-Hoc|iPhoneSimulator.Deploy.0 = Ad-Hoc|iPhoneSimulator
		{2F8C1BE6-6CA9-4414-8608-85DF04B2B56E}.Ad-Hoc|Mixed Platforms.ActiveCfg = Ad-Hoc|iPhone
		{2F8C1BE6-6CA9-4414-8608-85DF04B2B56E}.Ad-Hoc|Mixed Platforms.Build.0 = Ad-Hoc|iPhone
		{2F8C1BE6-6CA9-4414-8608-85DF04B2B56E}.Ad-Hoc|Mixed Platforms.Deploy.0 = Ad-Hoc|iPhone
		{2F8C1BE6-6CA9-4414-8608-85DF04B2B56E}.Ad-Hoc|x86.ActiveCfg = Ad-Hoc|iPhone
		{2F8C1BE6-6CA9-4414-8608-85DF04B2B56E}.AppStore|Any CPU.ActiveCfg = AppStore|iPhone
		{2F8C1BE6-6CA9-4414-8608-85DF04B2B56E}.AppStore|ARM.ActiveCfg = AppStore|iPhone
		{2F8C1BE6-6CA9-4414-8608-85DF04B2B56E}.AppStore|iPhone.ActiveCfg = AppStore|iPhone
		{2F8C1BE6-6CA9-4414-8608-85DF04B2B56E}.AppStore|iPhone.Build.0 = AppStore|iPhone
		{2F8C1BE6-6CA9-4414-8608-85DF04B2B56E}.AppStore|iPhone.Deploy.0 = AppStore|iPhone
		{2F8C1BE6-6CA9-4414-8608-85DF04B2B56E}.AppStore|iPhoneSimulator.ActiveCfg = AppStore|iPhoneSimulator
		{2F8C1BE6-6CA9-4414-8608-85DF04B2B56E}.AppStore|iPhoneSimulator.Build.0 = AppStore|iPhoneSimulator
		{2F8C1BE6-6CA9-4414-8608-85DF04B2B56E}.AppStore|iPhoneSimulator.Deploy.0 = AppStore|iPhoneSimulator
		{2F8C1BE6-6CA9-4414-8608-85DF04B2B56E}.AppStore|Mixed Platforms.ActiveCfg = AppStore|iPhone
		{2F8C1BE6-6CA9-4414-8608-85DF04B2B56E}.AppStore|Mixed Platforms.Build.0 = AppStore|iPhone
		{2F8C1BE6-6CA9-4414-8608-85DF04B2B56E}.AppStore|Mixed Platforms.Deploy.0 = AppStore|iPhone
		{2F8C1BE6-6CA9-4414-8608-85DF04B2B56E}.AppStore|x86.ActiveCfg = AppStore|iPhone
		{2F8C1BE6-6CA9-4414-8608-85DF04B2B56E}.Debug|Any CPU.ActiveCfg = Debug|iPhone
		{2F8C1BE6-6CA9-4414-8608-85DF04B2B56E}.Debug|ARM.ActiveCfg = Debug|iPhone
		{2F8C1BE6-6CA9-4414-8608-85DF04B2B56E}.Debug|iPhone.ActiveCfg = Debug|iPhone
		{2F8C1BE6-6CA9-4414-8608-85DF04B2B56E}.Debug|iPhone.Build.0 = Debug|iPhone
		{2F8C1BE6-6CA9-4414-8608-85DF04B2B56E}.Debug|iPhone.Deploy.0 = Debug|iPhone
		{2F8C1BE6-6CA9-4414-8608-85DF04B2B56E}.Debug|iPhoneSimulator.ActiveCfg = Debug|iPhoneSimulator
		{2F8C1BE6-6CA9-4414-8608-85DF04B2B56E}.Debug|iPhoneSimulator.Build.0 = Debug|iPhoneSimulator
		{2F8C1BE6-6CA9-4414-8608-85DF04B2B56E}.Debug|iPhoneSimulator.Deploy.0 = Debug|iPhoneSimulator
		{2F8C1BE6-6CA9-4414-8608-85DF04B2B56E}.Debug|Mixed Platforms.ActiveCfg = Debug|iPhoneSimulator
		{2F8C1BE6-6CA9-4414-8608-85DF04B2B56E}.Debug|Mixed Platforms.Build.0 = Debug|iPhoneSimulator
		{2F8C1BE6-6CA9-4414-8608-85DF04B2B56E}.Debug|Mixed Platforms.Deploy.0 = Debug|iPhoneSimulator
		{2F8C1BE6-6CA9-4414-8608-85DF04B2B56E}.Debug|x86.ActiveCfg = Debug|iPhone
		{2F8C1BE6-6CA9-4414-8608-85DF04B2B56E}.Release|Any CPU.ActiveCfg = Release|iPhone
		{2F8C1BE6-6CA9-4414-8608-85DF04B2B56E}.Release|ARM.ActiveCfg = Release|iPhone
		{2F8C1BE6-6CA9-4414-8608-85DF04B2B56E}.Release|iPhone.ActiveCfg = Release|iPhone
		{2F8C1BE6-6CA9-4414-8608-85DF04B2B56E}.Release|iPhone.Build.0 = Release|iPhone
		{2F8C1BE6-6CA9-4414-8608-85DF04B2B56E}.Release|iPhone.Deploy.0 = Release|iPhone
		{2F8C1BE6-6CA9-4414-8608-85DF04B2B56E}.Release|iPhoneSimulator.ActiveCfg = Release|iPhoneSimulator
		{2F8C1BE6-6CA9-4414-8608-85DF04B2B56E}.Release|iPhoneSimulator.Build.0 = Release|iPhoneSimulator
		{2F8C1BE6-6CA9-4414-8608-85DF04B2B56E}.Release|iPhoneSimulator.Deploy.0 = Release|iPhoneSimulator
		{2F8C1BE6-6CA9-4414-8608-85DF04B2B56E}.Release|Mixed Platforms.ActiveCfg = Release|iPhone
		{2F8C1BE6-6CA9-4414-8608-85DF04B2B56E}.Release|Mixed Platforms.Build.0 = Release|iPhone
		{2F8C1BE6-6CA9-4414-8608-85DF04B2B56E}.Release|Mixed Platforms.Deploy.0 = Release|iPhone
		{2F8C1BE6-6CA9-4414-8608-85DF04B2B56E}.Release|x86.ActiveCfg = Release|iPhone
		{C57298E7-AE62-4012-88E2-03E72C8ECF27}.Ad-Hoc|Any CPU.ActiveCfg = Release|Any CPU
		{C57298E7-AE62-4012-88E2-03E72C8ECF27}.Ad-Hoc|Any CPU.Build.0 = Release|Any CPU
		{C57298E7-AE62-4012-88E2-03E72C8ECF27}.Ad-Hoc|Any CPU.Deploy.0 = Release|Any CPU
		{C57298E7-AE62-4012-88E2-03E72C8ECF27}.Ad-Hoc|ARM.ActiveCfg = Release|Any CPU
		{C57298E7-AE62-4012-88E2-03E72C8ECF27}.Ad-Hoc|iPhone.ActiveCfg = Release|Any CPU
		{C57298E7-AE62-4012-88E2-03E72C8ECF27}.Ad-Hoc|iPhoneSimulator.ActiveCfg = Release|Any CPU
		{C57298E7-AE62-4012-88E2-03E72C8ECF27}.Ad-Hoc|Mixed Platforms.ActiveCfg = Release|Any CPU
		{C57298E7-AE62-4012-88E2-03E72C8ECF27}.Ad-Hoc|Mixed Platforms.Build.0 = Release|Any CPU
		{C57298E7-AE62-4012-88E2-03E72C8ECF27}.Ad-Hoc|Mixed Platforms.Deploy.0 = Release|Any CPU
		{C57298E7-AE62-4012-88E2-03E72C8ECF27}.Ad-Hoc|x86.ActiveCfg = Release|Any CPU
		{C57298E7-AE62-4012-88E2-03E72C8ECF27}.AppStore|Any CPU.ActiveCfg = Release|Any CPU
		{C57298E7-AE62-4012-88E2-03E72C8ECF27}.AppStore|Any CPU.Build.0 = Release|Any CPU
		{C57298E7-AE62-4012-88E2-03E72C8ECF27}.AppStore|Any CPU.Deploy.0 = Release|Any CPU
		{C57298E7-AE62-4012-88E2-03E72C8ECF27}.AppStore|ARM.ActiveCfg = Release|Any CPU
		{C57298E7-AE62-4012-88E2-03E72C8ECF27}.AppStore|iPhone.ActiveCfg = Release|Any CPU
		{C57298E7-AE62-4012-88E2-03E72C8ECF27}.AppStore|iPhoneSimulator.ActiveCfg = Release|Any CPU
		{C57298E7-AE62-4012-88E2-03E72C8ECF27}.AppStore|Mixed Platforms.ActiveCfg = Release|Any CPU
		{C57298E7-AE62-4012-88E2-03E72C8ECF27}.AppStore|Mixed Platforms.Build.0 = Release|Any CPU
		{C57298E7-AE62-4012-88E2-03E72C8ECF27}.AppStore|Mixed Platforms.Deploy.0 = Release|Any CPU
		{C57298E7-AE62-4012-88E2-03E72C8ECF27}.AppStore|x86.ActiveCfg = Release|Any CPU
		{C57298E7-AE62-4012-88E2-03E72C8ECF27}.Debug|Any CPU.ActiveCfg = Debug|Any CPU
		{C57298E7-AE62-4012-88E2-03E72C8ECF27}.Debug|Any CPU.Build.0 = Debug|Any CPU
		{C57298E7-AE62-4012-88E2-03E72C8ECF27}.Debug|Any CPU.Deploy.0 = Debug|Any CPU
		{C57298E7-AE62-4012-88E2-03E72C8ECF27}.Debug|ARM.ActiveCfg = Debug|Any CPU
		{C57298E7-AE62-4012-88E2-03E72C8ECF27}.Debug|iPhone.ActiveCfg = Debug|Any CPU
		{C57298E7-AE62-4012-88E2-03E72C8ECF27}.Debug|iPhoneSimulator.ActiveCfg = Debug|Any CPU
		{C57298E7-AE62-4012-88E2-03E72C8ECF27}.Debug|Mixed Platforms.ActiveCfg = Debug|Any CPU
		{C57298E7-AE62-4012-88E2-03E72C8ECF27}.Debug|Mixed Platforms.Build.0 = Debug|Any CPU
		{C57298E7-AE62-4012-88E2-03E72C8ECF27}.Debug|Mixed Platforms.Deploy.0 = Debug|Any CPU
		{C57298E7-AE62-4012-88E2-03E72C8ECF27}.Debug|x86.ActiveCfg = Debug|Any CPU
		{C57298E7-AE62-4012-88E2-03E72C8ECF27}.Release|Any CPU.ActiveCfg = Release|Any CPU
		{C57298E7-AE62-4012-88E2-03E72C8ECF27}.Release|Any CPU.Build.0 = Release|Any CPU
		{C57298E7-AE62-4012-88E2-03E72C8ECF27}.Release|Any CPU.Deploy.0 = Release|Any CPU
		{C57298E7-AE62-4012-88E2-03E72C8ECF27}.Release|ARM.ActiveCfg = Release|Any CPU
		{C57298E7-AE62-4012-88E2-03E72C8ECF27}.Release|iPhone.ActiveCfg = Release|Any CPU
		{C57298E7-AE62-4012-88E2-03E72C8ECF27}.Release|iPhoneSimulator.ActiveCfg = Release|Any CPU
		{C57298E7-AE62-4012-88E2-03E72C8ECF27}.Release|Mixed Platforms.ActiveCfg = Release|Any CPU
		{C57298E7-AE62-4012-88E2-03E72C8ECF27}.Release|Mixed Platforms.Build.0 = Release|Any CPU
		{C57298E7-AE62-4012-88E2-03E72C8ECF27}.Release|Mixed Platforms.Deploy.0 = Release|Any CPU
		{C57298E7-AE62-4012-88E2-03E72C8ECF27}.Release|x86.ActiveCfg = Release|Any CPU
		{C0D7DDF4-085E-4802-A5F6-D2F66FA63478}.Ad-Hoc|Any CPU.ActiveCfg = Release|Any CPU
		{C0D7DDF4-085E-4802-A5F6-D2F66FA63478}.Ad-Hoc|Any CPU.Build.0 = Release|Any CPU
		{C0D7DDF4-085E-4802-A5F6-D2F66FA63478}.Ad-Hoc|Any CPU.Deploy.0 = Release|Any CPU
		{C0D7DDF4-085E-4802-A5F6-D2F66FA63478}.Ad-Hoc|ARM.ActiveCfg = Release|ARM
		{C0D7DDF4-085E-4802-A5F6-D2F66FA63478}.Ad-Hoc|ARM.Build.0 = Release|ARM
		{C0D7DDF4-085E-4802-A5F6-D2F66FA63478}.Ad-Hoc|ARM.Deploy.0 = Release|ARM
		{C0D7DDF4-085E-4802-A5F6-D2F66FA63478}.Ad-Hoc|iPhone.ActiveCfg = Release|Any CPU
		{C0D7DDF4-085E-4802-A5F6-D2F66FA63478}.Ad-Hoc|iPhoneSimulator.ActiveCfg = Release|Any CPU
		{C0D7DDF4-085E-4802-A5F6-D2F66FA63478}.Ad-Hoc|Mixed Platforms.ActiveCfg = Release|x86
		{C0D7DDF4-085E-4802-A5F6-D2F66FA63478}.Ad-Hoc|Mixed Platforms.Build.0 = Release|x86
		{C0D7DDF4-085E-4802-A5F6-D2F66FA63478}.Ad-Hoc|Mixed Platforms.Deploy.0 = Release|x86
		{C0D7DDF4-085E-4802-A5F6-D2F66FA63478}.Ad-Hoc|x86.ActiveCfg = Release|x86
		{C0D7DDF4-085E-4802-A5F6-D2F66FA63478}.Ad-Hoc|x86.Build.0 = Release|x86
		{C0D7DDF4-085E-4802-A5F6-D2F66FA63478}.Ad-Hoc|x86.Deploy.0 = Release|x86
		{C0D7DDF4-085E-4802-A5F6-D2F66FA63478}.AppStore|Any CPU.ActiveCfg = Release|Any CPU
		{C0D7DDF4-085E-4802-A5F6-D2F66FA63478}.AppStore|Any CPU.Build.0 = Release|Any CPU
		{C0D7DDF4-085E-4802-A5F6-D2F66FA63478}.AppStore|Any CPU.Deploy.0 = Release|Any CPU
		{C0D7DDF4-085E-4802-A5F6-D2F66FA63478}.AppStore|ARM.ActiveCfg = Release|ARM
		{C0D7DDF4-085E-4802-A5F6-D2F66FA63478}.AppStore|ARM.Build.0 = Release|ARM
		{C0D7DDF4-085E-4802-A5F6-D2F66FA63478}.AppStore|ARM.Deploy.0 = Release|ARM
		{C0D7DDF4-085E-4802-A5F6-D2F66FA63478}.AppStore|iPhone.ActiveCfg = Release|Any CPU
		{C0D7DDF4-085E-4802-A5F6-D2F66FA63478}.AppStore|iPhoneSimulator.ActiveCfg = Release|Any CPU
		{C0D7DDF4-085E-4802-A5F6-D2F66FA63478}.AppStore|Mixed Platforms.ActiveCfg = Release|x86
		{C0D7DDF4-085E-4802-A5F6-D2F66FA63478}.AppStore|Mixed Platforms.Build.0 = Release|x86
		{C0D7DDF4-085E-4802-A5F6-D2F66FA63478}.AppStore|Mixed Platforms.Deploy.0 = Release|x86
		{C0D7DDF4-085E-4802-A5F6-D2F66FA63478}.AppStore|x86.ActiveCfg = Release|x86
		{C0D7DDF4-085E-4802-A5F6-D2F66FA63478}.AppStore|x86.Build.0 = Release|x86
		{C0D7DDF4-085E-4802-A5F6-D2F66FA63478}.AppStore|x86.Deploy.0 = Release|x86
		{C0D7DDF4-085E-4802-A5F6-D2F66FA63478}.Debug|Any CPU.ActiveCfg = Debug|Any CPU
		{C0D7DDF4-085E-4802-A5F6-D2F66FA63478}.Debug|Any CPU.Build.0 = Debug|Any CPU
		{C0D7DDF4-085E-4802-A5F6-D2F66FA63478}.Debug|Any CPU.Deploy.0 = Debug|Any CPU
		{C0D7DDF4-085E-4802-A5F6-D2F66FA63478}.Debug|ARM.ActiveCfg = Debug|ARM
		{C0D7DDF4-085E-4802-A5F6-D2F66FA63478}.Debug|ARM.Build.0 = Debug|ARM
		{C0D7DDF4-085E-4802-A5F6-D2F66FA63478}.Debug|ARM.Deploy.0 = Debug|ARM
		{C0D7DDF4-085E-4802-A5F6-D2F66FA63478}.Debug|iPhone.ActiveCfg = Debug|Any CPU
		{C0D7DDF4-085E-4802-A5F6-D2F66FA63478}.Debug|iPhoneSimulator.ActiveCfg = Debug|Any CPU
		{C0D7DDF4-085E-4802-A5F6-D2F66FA63478}.Debug|Mixed Platforms.ActiveCfg = Debug|Any CPU
		{C0D7DDF4-085E-4802-A5F6-D2F66FA63478}.Debug|Mixed Platforms.Build.0 = Debug|Any CPU
		{C0D7DDF4-085E-4802-A5F6-D2F66FA63478}.Debug|Mixed Platforms.Deploy.0 = Debug|Any CPU
		{C0D7DDF4-085E-4802-A5F6-D2F66FA63478}.Debug|x86.ActiveCfg = Debug|x86
		{C0D7DDF4-085E-4802-A5F6-D2F66FA63478}.Debug|x86.Build.0 = Debug|x86
		{C0D7DDF4-085E-4802-A5F6-D2F66FA63478}.Debug|x86.Deploy.0 = Debug|x86
		{C0D7DDF4-085E-4802-A5F6-D2F66FA63478}.Release|Any CPU.ActiveCfg = Release|Any CPU
		{C0D7DDF4-085E-4802-A5F6-D2F66FA63478}.Release|Any CPU.Build.0 = Release|Any CPU
		{C0D7DDF4-085E-4802-A5F6-D2F66FA63478}.Release|Any CPU.Deploy.0 = Release|Any CPU
		{C0D7DDF4-085E-4802-A5F6-D2F66FA63478}.Release|ARM.ActiveCfg = Release|ARM
		{C0D7DDF4-085E-4802-A5F6-D2F66FA63478}.Release|ARM.Build.0 = Release|ARM
		{C0D7DDF4-085E-4802-A5F6-D2F66FA63478}.Release|ARM.Deploy.0 = Release|ARM
		{C0D7DDF4-085E-4802-A5F6-D2F66FA63478}.Release|iPhone.ActiveCfg = Release|Any CPU
		{C0D7DDF4-085E-4802-A5F6-D2F66FA63478}.Release|iPhoneSimulator.ActiveCfg = Release|Any CPU
		{C0D7DDF4-085E-4802-A5F6-D2F66FA63478}.Release|Mixed Platforms.ActiveCfg = Release|x86
		{C0D7DDF4-085E-4802-A5F6-D2F66FA63478}.Release|Mixed Platforms.Build.0 = Release|x86
		{C0D7DDF4-085E-4802-A5F6-D2F66FA63478}.Release|Mixed Platforms.Deploy.0 = Release|x86
		{C0D7DDF4-085E-4802-A5F6-D2F66FA63478}.Release|x86.ActiveCfg = Release|x86
		{C0D7DDF4-085E-4802-A5F6-D2F66FA63478}.Release|x86.Build.0 = Release|x86
		{C0D7DDF4-085E-4802-A5F6-D2F66FA63478}.Release|x86.Deploy.0 = Release|x86
	EndGlobalSection
	GlobalSection(SolutionProperties) = preSolution
		HideSolutionNode = FALSE
	EndGlobalSection
EndGlobal
