
Microsoft Visual Studio Solution File, Format Version 12.00
# Visual Studio 2013
VisualStudioVersion = 12.0.30501.0
MinimumVisualStudioVersion = 10.0.40219.1
Project("{FAE04EC0-301F-11D3-BF4B-00C04F79EFBC}") = "ColorBlocks", "ColorBlocks\ColorBlocks\ColorBlocks.csproj", "{0A3446F4-D693-471A-AEBA-0E6AC28C5CC3}"
EndProject
Project("{FAE04EC0-301F-11D3-BF4B-00C04F79EFBC}") = "ColorBlocks.iOS", "ColorBlocks\ColorBlocks.iOS\ColorBlocks.iOS.csproj", "{9DC638F6-0118-40A8-ABDA-5820F9524431}"
EndProject
Project("{FAE04EC0-301F-11D3-BF4B-00C04F79EFBC}") = "ColorBlocks.Android", "ColorBlocks\ColorBlocks.Android\ColorBlocks.Android.csproj", "{181772EE-8EA0-4C64-88F7-A57B7AA75327}"
EndProject
Project("{FAE04EC0-301F-11D3-BF4B-00C04F79EFBC}") = "ColorBlocks.WinPhone", "ColorBlocks\ColorBlocks.WinPhone\ColorBlocks.WinPhone.csproj", "{E559D0BF-06C4-45A6-8249-D8D66CA99C06}"
EndProject
Global
	GlobalSection(SolutionConfigurationPlatforms) = preSolution
		Ad-Hoc|Any CPU = Ad-Hoc|Any CPU
		Ad-Hoc|ARM = Ad-Hoc|ARM
		Ad-Hoc|iPhone = Ad-Hoc|iPhone
		Ad-Hoc|iPhoneSimulator = Ad-Hoc|iPhoneSimulator
		Ad-Hoc|Mixed Platforms = Ad-Hoc|Mixed Platforms
		Ad-Hoc|x86 = Ad-Hoc|x86
		AppStore|Any CPU = AppStore|Any CPU
		AppStore|ARM = AppStore|ARM
		AppStore|iPhone = AppStore|iPhone
		AppStore|iPhoneSimulator = AppStore|iPhoneSimulator
		AppStore|Mixed Platforms = AppStore|Mixed Platforms
		AppStore|x86 = AppStore|x86
		Debug|Any CPU = Debug|Any CPU
		Debug|ARM = Debug|ARM
		Debug|iPhone = Debug|iPhone
		Debug|iPhoneSimulator = Debug|iPhoneSimulator
		Debug|Mixed Platforms = Debug|Mixed Platforms
		Debug|x86 = Debug|x86
		Release|Any CPU = Release|Any CPU
		Release|ARM = Release|ARM
		Release|iPhone = Release|iPhone
		Release|iPhoneSimulator = Release|iPhoneSimulator
		Release|Mixed Platforms = Release|Mixed Platforms
		Release|x86 = Release|x86
	EndGlobalSection
	GlobalSection(ProjectConfigurationPlatforms) = postSolution
		{0A3446F4-D693-471A-AEBA-0E6AC28C5CC3}.Ad-Hoc|Any CPU.ActiveCfg = Release|Any CPU
		{0A3446F4-D693-471A-AEBA-0E6AC28C5CC3}.Ad-Hoc|Any CPU.Build.0 = Release|Any CPU
		{0A3446F4-D693-471A-AEBA-0E6AC28C5CC3}.Ad-Hoc|ARM.ActiveCfg = Release|Any CPU
		{0A3446F4-D693-471A-AEBA-0E6AC28C5CC3}.Ad-Hoc|iPhone.ActiveCfg = Release|Any CPU
		{0A3446F4-D693-471A-AEBA-0E6AC28C5CC3}.Ad-Hoc|iPhoneSimulator.ActiveCfg = Release|Any CPU
		{0A3446F4-D693-471A-AEBA-0E6AC28C5CC3}.Ad-Hoc|Mixed Platforms.ActiveCfg = Release|Any CPU
		{0A3446F4-D693-471A-AEBA-0E6AC28C5CC3}.Ad-Hoc|Mixed Platforms.Build.0 = Release|Any CPU
		{0A3446F4-D693-471A-AEBA-0E6AC28C5CC3}.Ad-Hoc|x86.ActiveCfg = Release|Any CPU
		{0A3446F4-D693-471A-AEBA-0E6AC28C5CC3}.AppStore|Any CPU.ActiveCfg = Release|Any CPU
		{0A3446F4-D693-471A-AEBA-0E6AC28C5CC3}.AppStore|Any CPU.Build.0 = Release|Any CPU
		{0A3446F4-D693-471A-AEBA-0E6AC28C5CC3}.AppStore|ARM.ActiveCfg = Release|Any CPU
		{0A3446F4-D693-471A-AEBA-0E6AC28C5CC3}.AppStore|iPhone.ActiveCfg = Release|Any CPU
		{0A3446F4-D693-471A-AEBA-0E6AC28C5CC3}.AppStore|iPhoneSimulator.ActiveCfg = Release|Any CPU
		{0A3446F4-D693-471A-AEBA-0E6AC28C5CC3}.AppStore|Mixed Platforms.ActiveCfg = Release|Any CPU
		{0A3446F4-D693-471A-AEBA-0E6AC28C5CC3}.AppStore|Mixed Platforms.Build.0 = Release|Any CPU
		{0A3446F4-D693-471A-AEBA-0E6AC28C5CC3}.AppStore|x86.ActiveCfg = Release|Any CPU
		{0A3446F4-D693-471A-AEBA-0E6AC28C5CC3}.Debug|Any CPU.ActiveCfg = Debug|Any CPU
		{0A3446F4-D693-471A-AEBA-0E6AC28C5CC3}.Debug|Any CPU.Build.0 = Debug|Any CPU
		{0A3446F4-D693-471A-AEBA-0E6AC28C5CC3}.Debug|ARM.ActiveCfg = Debug|Any CPU
		{0A3446F4-D693-471A-AEBA-0E6AC28C5CC3}.Debug|iPhone.ActiveCfg = Debug|Any CPU
		{0A3446F4-D693-471A-AEBA-0E6AC28C5CC3}.Debug|iPhoneSimulator.ActiveCfg = Debug|Any CPU
		{0A3446F4-D693-471A-AEBA-0E6AC28C5CC3}.Debug|Mixed Platforms.ActiveCfg = Debug|Any CPU
		{0A3446F4-D693-471A-AEBA-0E6AC28C5CC3}.Debug|Mixed Platforms.Build.0 = Debug|Any CPU
		{0A3446F4-D693-471A-AEBA-0E6AC28C5CC3}.Debug|x86.ActiveCfg = Debug|Any CPU
		{0A3446F4-D693-471A-AEBA-0E6AC28C5CC3}.Release|Any CPU.ActiveCfg = Release|Any CPU
		{0A3446F4-D693-471A-AEBA-0E6AC28C5CC3}.Release|Any CPU.Build.0 = Release|Any CPU
		{0A3446F4-D693-471A-AEBA-0E6AC28C5CC3}.Release|ARM.ActiveCfg = Release|Any CPU
		{0A3446F4-D693-471A-AEBA-0E6AC28C5CC3}.Release|iPhone.ActiveCfg = Release|Any CPU
		{0A3446F4-D693-471A-AEBA-0E6AC28C5CC3}.Release|iPhoneSimulator.ActiveCfg = Release|Any CPU
		{0A3446F4-D693-471A-AEBA-0E6AC28C5CC3}.Release|Mixed Platforms.ActiveCfg = Release|Any CPU
		{0A3446F4-D693-471A-AEBA-0E6AC28C5CC3}.Release|Mixed Platforms.Build.0 = Release|Any CPU
		{0A3446F4-D693-471A-AEBA-0E6AC28C5CC3}.Release|x86.ActiveCfg = Release|Any CPU
		{9DC638F6-0118-40A8-ABDA-5820F9524431}.Ad-Hoc|Any CPU.ActiveCfg = Ad-Hoc|iPhone
		{9DC638F6-0118-40A8-ABDA-5820F9524431}.Ad-Hoc|ARM.ActiveCfg = Ad-Hoc|iPhone
		{9DC638F6-0118-40A8-ABDA-5820F9524431}.Ad-Hoc|iPhone.ActiveCfg = Ad-Hoc|iPhone
		{9DC638F6-0118-40A8-ABDA-5820F9524431}.Ad-Hoc|iPhone.Build.0 = Ad-Hoc|iPhone
		{9DC638F6-0118-40A8-ABDA-5820F9524431}.Ad-Hoc|iPhone.Deploy.0 = Ad-Hoc|iPhone
		{9DC638F6-0118-40A8-ABDA-5820F9524431}.Ad-Hoc|iPhoneSimulator.ActiveCfg = Ad-Hoc|iPhoneSimulator
		{9DC638F6-0118-40A8-ABDA-5820F9524431}.Ad-Hoc|iPhoneSimulator.Build.0 = Ad-Hoc|iPhoneSimulator
		{9DC638F6-0118-40A8-ABDA-5820F9524431}.Ad-Hoc|iPhoneSimulator.Deploy.0 = Ad-Hoc|iPhoneSimulator
		{9DC638F6-0118-40A8-ABDA-5820F9524431}.Ad-Hoc|Mixed Platforms.ActiveCfg = Ad-Hoc|iPhone
		{9DC638F6-0118-40A8-ABDA-5820F9524431}.Ad-Hoc|Mixed Platforms.Build.0 = Ad-Hoc|iPhone
		{9DC638F6-0118-40A8-ABDA-5820F9524431}.Ad-Hoc|Mixed Platforms.Deploy.0 = Ad-Hoc|iPhone
		{9DC638F6-0118-40A8-ABDA-5820F9524431}.Ad-Hoc|x86.ActiveCfg = Ad-Hoc|iPhone
		{9DC638F6-0118-40A8-ABDA-5820F9524431}.AppStore|Any CPU.ActiveCfg = AppStore|iPhone
		{9DC638F6-0118-40A8-ABDA-5820F9524431}.AppStore|ARM.ActiveCfg = AppStore|iPhone
		{9DC638F6-0118-40A8-ABDA-5820F9524431}.AppStore|iPhone.ActiveCfg = AppStore|iPhone
		{9DC638F6-0118-40A8-ABDA-5820F9524431}.AppStore|iPhone.Build.0 = AppStore|iPhone
		{9DC638F6-0118-40A8-ABDA-5820F9524431}.AppStore|iPhone.Deploy.0 = AppStore|iPhone
		{9DC638F6-0118-40A8-ABDA-5820F9524431}.AppStore|iPhoneSimulator.ActiveCfg = AppStore|iPhoneSimulator
		{9DC638F6-0118-40A8-ABDA-5820F9524431}.AppStore|iPhoneSimulator.Build.0 = AppStore|iPhoneSimulator
		{9DC638F6-0118-40A8-ABDA-5820F9524431}.AppStore|iPhoneSimulator.Deploy.0 = AppStore|iPhoneSimulator
		{9DC638F6-0118-40A8-ABDA-5820F9524431}.AppStore|Mixed Platforms.ActiveCfg = AppStore|iPhone
		{9DC638F6-0118-40A8-ABDA-5820F9524431}.AppStore|Mixed Platforms.Build.0 = AppStore|iPhone
		{9DC638F6-0118-40A8-ABDA-5820F9524431}.AppStore|Mixed Platforms.Deploy.0 = AppStore|iPhone
		{9DC638F6-0118-40A8-ABDA-5820F9524431}.AppStore|x86.ActiveCfg = AppStore|iPhone
		{9DC638F6-0118-40A8-ABDA-5820F9524431}.Debug|Any CPU.ActiveCfg = Debug|iPhone
		{9DC638F6-0118-40A8-ABDA-5820F9524431}.Debug|ARM.ActiveCfg = Debug|iPhone
		{9DC638F6-0118-40A8-ABDA-5820F9524431}.Debug|iPhone.ActiveCfg = Debug|iPhone
		{9DC638F6-0118-40A8-ABDA-5820F9524431}.Debug|iPhone.Build.0 = Debug|iPhone
		{9DC638F6-0118-40A8-ABDA-5820F9524431}.Debug|iPhone.Deploy.0 = Debug|iPhone
		{9DC638F6-0118-40A8-ABDA-5820F9524431}.Debug|iPhoneSimulator.ActiveCfg = Debug|iPhoneSimulator
		{9DC638F6-0118-40A8-ABDA-5820F9524431}.Debug|iPhoneSimulator.Build.0 = Debug|iPhoneSimulator
		{9DC638F6-0118-40A8-ABDA-5820F9524431}.Debug|iPhoneSimulator.Deploy.0 = Debug|iPhoneSimulator
		{9DC638F6-0118-40A8-ABDA-5820F9524431}.Debug|Mixed Platforms.ActiveCfg = Debug|iPhoneSimulator
		{9DC638F6-0118-40A8-ABDA-5820F9524431}.Debug|Mixed Platforms.Build.0 = Debug|iPhoneSimulator
		{9DC638F6-0118-40A8-ABDA-5820F9524431}.Debug|Mixed Platforms.Deploy.0 = Debug|iPhoneSimulator
		{9DC638F6-0118-40A8-ABDA-5820F9524431}.Debug|x86.ActiveCfg = Debug|iPhone
		{9DC638F6-0118-40A8-ABDA-5820F9524431}.Release|Any CPU.ActiveCfg = Release|iPhone
		{9DC638F6-0118-40A8-ABDA-5820F9524431}.Release|ARM.ActiveCfg = Release|iPhone
		{9DC638F6-0118-40A8-ABDA-5820F9524431}.Release|iPhone.ActiveCfg = Release|iPhone
		{9DC638F6-0118-40A8-ABDA-5820F9524431}.Release|iPhone.Build.0 = Release|iPhone
		{9DC638F6-0118-40A8-ABDA-5820F9524431}.Release|iPhone.Deploy.0 = Release|iPhone
		{9DC638F6-0118-40A8-ABDA-5820F9524431}.Release|iPhoneSimulator.ActiveCfg = Release|iPhoneSimulator
		{9DC638F6-0118-40A8-ABDA-5820F9524431}.Release|iPhoneSimulator.Build.0 = Release|iPhoneSimulator
		{9DC638F6-0118-40A8-ABDA-5820F9524431}.Release|iPhoneSimulator.Deploy.0 = Release|iPhoneSimulator
		{9DC638F6-0118-40A8-ABDA-5820F9524431}.Release|Mixed Platforms.ActiveCfg = Release|iPhone
		{9DC638F6-0118-40A8-ABDA-5820F9524431}.Release|Mixed Platforms.Build.0 = Release|iPhone
		{9DC638F6-0118-40A8-ABDA-5820F9524431}.Release|Mixed Platforms.Deploy.0 = Release|iPhone
		{9DC638F6-0118-40A8-ABDA-5820F9524431}.Release|x86.ActiveCfg = Release|iPhone
		{181772EE-8EA0-4C64-88F7-A57B7AA75327}.Ad-Hoc|Any CPU.ActiveCfg = Release|Any CPU
		{181772EE-8EA0-4C64-88F7-A57B7AA75327}.Ad-Hoc|Any CPU.Build.0 = Release|Any CPU
		{181772EE-8EA0-4C64-88F7-A57B7AA75327}.Ad-Hoc|Any CPU.Deploy.0 = Release|Any CPU
		{181772EE-8EA0-4C64-88F7-A57B7AA75327}.Ad-Hoc|ARM.ActiveCfg = Release|Any CPU
		{181772EE-8EA0-4C64-88F7-A57B7AA75327}.Ad-Hoc|iPhone.ActiveCfg = Release|Any CPU
		{181772EE-8EA0-4C64-88F7-A57B7AA75327}.Ad-Hoc|iPhoneSimulator.ActiveCfg = Release|Any CPU
		{181772EE-8EA0-4C64-88F7-A57B7AA75327}.Ad-Hoc|Mixed Platforms.ActiveCfg = Release|Any CPU
		{181772EE-8EA0-4C64-88F7-A57B7AA75327}.Ad-Hoc|Mixed Platforms.Build.0 = Release|Any CPU
		{181772EE-8EA0-4C64-88F7-A57B7AA75327}.Ad-Hoc|Mixed Platforms.Deploy.0 = Release|Any CPU
		{181772EE-8EA0-4C64-88F7-A57B7AA75327}.Ad-Hoc|x86.ActiveCfg = Release|Any CPU
		{181772EE-8EA0-4C64-88F7-A57B7AA75327}.AppStore|Any CPU.ActiveCfg = Release|Any CPU
		{181772EE-8EA0-4C64-88F7-A57B7AA75327}.AppStore|Any CPU.Build.0 = Release|Any CPU
		{181772EE-8EA0-4C64-88F7-A57B7AA75327}.AppStore|Any CPU.Deploy.0 = Release|Any CPU
		{181772EE-8EA0-4C64-88F7-A57B7AA75327}.AppStore|ARM.ActiveCfg = Release|Any CPU
		{181772EE-8EA0-4C64-88F7-A57B7AA75327}.AppStore|iPhone.ActiveCfg = Release|Any CPU
		{181772EE-8EA0-4C64-88F7-A57B7AA75327}.AppStore|iPhoneSimulator.ActiveCfg = Release|Any CPU
		{181772EE-8EA0-4C64-88F7-A57B7AA75327}.AppStore|Mixed Platforms.ActiveCfg = Release|Any CPU
		{181772EE-8EA0-4C64-88F7-A57B7AA75327}.AppStore|Mixed Platforms.Build.0 = Release|Any CPU
		{181772EE-8EA0-4C64-88F7-A57B7AA75327}.AppStore|Mixed Platforms.Deploy.0 = Release|Any CPU
		{181772EE-8EA0-4C64-88F7-A57B7AA75327}.AppStore|x86.ActiveCfg = Release|Any CPU
		{181772EE-8EA0-4C64-88F7-A57B7AA75327}.Debug|Any CPU.ActiveCfg = Debug|Any CPU
		{181772EE-8EA0-4C64-88F7-A57B7AA75327}.Debug|Any CPU.Build.0 = Debug|Any CPU
		{181772EE-8EA0-4C64-88F7-A57B7AA75327}.Debug|Any CPU.Deploy.0 = Debug|Any CPU
		{181772EE-8EA0-4C64-88F7-A57B7AA75327}.Debug|ARM.ActiveCfg = Debug|Any CPU
		{181772EE-8EA0-4C64-88F7-A57B7AA75327}.Debug|iPhone.ActiveCfg = Debug|Any CPU
		{181772EE-8EA0-4C64-88F7-A57B7AA75327}.Debug|iPhoneSimulator.ActiveCfg = Debug|Any CPU
		{181772EE-8EA0-4C64-88F7-A57B7AA75327}.Debug|Mixed Platforms.ActiveCfg = Debug|Any CPU
		{181772EE-8EA0-4C64-88F7-A57B7AA75327}.Debug|Mixed Platforms.Build.0 = Debug|Any CPU
		{181772EE-8EA0-4C64-88F7-A57B7AA75327}.Debug|Mixed Platforms.Deploy.0 = Debug|Any CPU
		{181772EE-8EA0-4C64-88F7-A57B7AA75327}.Debug|x86.ActiveCfg = Debug|Any CPU
		{181772EE-8EA0-4C64-88F7-A57B7AA75327}.Release|Any CPU.ActiveCfg = Release|Any CPU
		{181772EE-8EA0-4C64-88F7-A57B7AA75327}.Release|Any CPU.Build.0 = Release|Any CPU
		{181772EE-8EA0-4C64-88F7-A57B7AA75327}.Release|Any CPU.Deploy.0 = Release|Any CPU
		{181772EE-8EA0-4C64-88F7-A57B7AA75327}.Release|ARM.ActiveCfg = Release|Any CPU
		{181772EE-8EA0-4C64-88F7-A57B7AA75327}.Release|iPhone.ActiveCfg = Release|Any CPU
		{181772EE-8EA0-4C64-88F7-A57B7AA75327}.Release|iPhoneSimulator.ActiveCfg = Release|Any CPU
		{181772EE-8EA0-4C64-88F7-A57B7AA75327}.Release|Mixed Platforms.ActiveCfg = Release|Any CPU
		{181772EE-8EA0-4C64-88F7-A57B7AA75327}.Release|Mixed Platforms.Build.0 = Release|Any CPU
		{181772EE-8EA0-4C64-88F7-A57B7AA75327}.Release|Mixed Platforms.Deploy.0 = Release|Any CPU
		{181772EE-8EA0-4C64-88F7-A57B7AA75327}.Release|x86.ActiveCfg = Release|Any CPU
		{E559D0BF-06C4-45A6-8249-D8D66CA99C06}.Ad-Hoc|Any CPU.ActiveCfg = Release|Any CPU
		{E559D0BF-06C4-45A6-8249-D8D66CA99C06}.Ad-Hoc|Any CPU.Build.0 = Release|Any CPU
		{E559D0BF-06C4-45A6-8249-D8D66CA99C06}.Ad-Hoc|Any CPU.Deploy.0 = Release|Any CPU
		{E559D0BF-06C4-45A6-8249-D8D66CA99C06}.Ad-Hoc|ARM.ActiveCfg = Release|ARM
		{E559D0BF-06C4-45A6-8249-D8D66CA99C06}.Ad-Hoc|ARM.Build.0 = Release|ARM
		{E559D0BF-06C4-45A6-8249-D8D66CA99C06}.Ad-Hoc|ARM.Deploy.0 = Release|ARM
		{E559D0BF-06C4-45A6-8249-D8D66CA99C06}.Ad-Hoc|iPhone.ActiveCfg = Release|Any CPU
		{E559D0BF-06C4-45A6-8249-D8D66CA99C06}.Ad-Hoc|iPhoneSimulator.ActiveCfg = Release|Any CPU
		{E559D0BF-06C4-45A6-8249-D8D66CA99C06}.Ad-Hoc|Mixed Platforms.ActiveCfg = Release|x86
		{E559D0BF-06C4-45A6-8249-D8D66CA99C06}.Ad-Hoc|Mixed Platforms.Build.0 = Release|x86
		{E559D0BF-06C4-45A6-8249-D8D66CA99C06}.Ad-Hoc|Mixed Platforms.Deploy.0 = Release|x86
		{E559D0BF-06C4-45A6-8249-D8D66CA99C06}.Ad-Hoc|x86.ActiveCfg = Release|x86
		{E559D0BF-06C4-45A6-8249-D8D66CA99C06}.Ad-Hoc|x86.Build.0 = Release|x86
		{E559D0BF-06C4-45A6-8249-D8D66CA99C06}.Ad-Hoc|x86.Deploy.0 = Release|x86
		{E559D0BF-06C4-45A6-8249-D8D66CA99C06}.AppStore|Any CPU.ActiveCfg = Release|Any CPU
		{E559D0BF-06C4-45A6-8249-D8D66CA99C06}.AppStore|Any CPU.Build.0 = Release|Any CPU
		{E559D0BF-06C4-45A6-8249-D8D66CA99C06}.AppStore|Any CPU.Deploy.0 = Release|Any CPU
		{E559D0BF-06C4-45A6-8249-D8D66CA99C06}.AppStore|ARM.ActiveCfg = Release|ARM
		{E559D0BF-06C4-45A6-8249-D8D66CA99C06}.AppStore|ARM.Build.0 = Release|ARM
		{E559D0BF-06C4-45A6-8249-D8D66CA99C06}.AppStore|ARM.Deploy.0 = Release|ARM
		{E559D0BF-06C4-45A6-8249-D8D66CA99C06}.AppStore|iPhone.ActiveCfg = Release|Any CPU
		{E559D0BF-06C4-45A6-8249-D8D66CA99C06}.AppStore|iPhoneSimulator.ActiveCfg = Release|Any CPU
		{E559D0BF-06C4-45A6-8249-D8D66CA99C06}.AppStore|Mixed Platforms.ActiveCfg = Release|x86
		{E559D0BF-06C4-45A6-8249-D8D66CA99C06}.AppStore|Mixed Platforms.Build.0 = Release|x86
		{E559D0BF-06C4-45A6-8249-D8D66CA99C06}.AppStore|Mixed Platforms.Deploy.0 = Release|x86
		{E559D0BF-06C4-45A6-8249-D8D66CA99C06}.AppStore|x86.ActiveCfg = Release|x86
		{E559D0BF-06C4-45A6-8249-D8D66CA99C06}.AppStore|x86.Build.0 = Release|x86
		{E559D0BF-06C4-45A6-8249-D8D66CA99C06}.AppStore|x86.Deploy.0 = Release|x86
		{E559D0BF-06C4-45A6-8249-D8D66CA99C06}.Debug|Any CPU.ActiveCfg = Debug|Any CPU
		{E559D0BF-06C4-45A6-8249-D8D66CA99C06}.Debug|Any CPU.Build.0 = Debug|Any CPU
		{E559D0BF-06C4-45A6-8249-D8D66CA99C06}.Debug|Any CPU.Deploy.0 = Debug|Any CPU
		{E559D0BF-06C4-45A6-8249-D8D66CA99C06}.Debug|ARM.ActiveCfg = Debug|ARM
		{E559D0BF-06C4-45A6-8249-D8D66CA99C06}.Debug|ARM.Build.0 = Debug|ARM
		{E559D0BF-06C4-45A6-8249-D8D66CA99C06}.Debug|ARM.Deploy.0 = Debug|ARM
		{E559D0BF-06C4-45A6-8249-D8D66CA99C06}.Debug|iPhone.ActiveCfg = Debug|Any CPU
		{E559D0BF-06C4-45A6-8249-D8D66CA99C06}.Debug|iPhoneSimulator.ActiveCfg = Debug|Any CPU
		{E559D0BF-06C4-45A6-8249-D8D66CA99C06}.Debug|Mixed Platforms.ActiveCfg = Debug|Any CPU
		{E559D0BF-06C4-45A6-8249-D8D66CA99C06}.Debug|Mixed Platforms.Build.0 = Debug|Any CPU
		{E559D0BF-06C4-45A6-8249-D8D66CA99C06}.Debug|Mixed Platforms.Deploy.0 = Debug|Any CPU
		{E559D0BF-06C4-45A6-8249-D8D66CA99C06}.Debug|x86.ActiveCfg = Debug|x86
		{E559D0BF-06C4-45A6-8249-D8D66CA99C06}.Debug|x86.Build.0 = Debug|x86
		{E559D0BF-06C4-45A6-8249-D8D66CA99C06}.Debug|x86.Deploy.0 = Debug|x86
		{E559D0BF-06C4-45A6-8249-D8D66CA99C06}.Release|Any CPU.ActiveCfg = Release|Any CPU
		{E559D0BF-06C4-45A6-8249-D8D66CA99C06}.Release|Any CPU.Build.0 = Release|Any CPU
		{E559D0BF-06C4-45A6-8249-D8D66CA99C06}.Release|Any CPU.Deploy.0 = Release|Any CPU
		{E559D0BF-06C4-45A6-8249-D8D66CA99C06}.Release|ARM.ActiveCfg = Release|ARM
		{E559D0BF-06C4-45A6-8249-D8D66CA99C06}.Release|ARM.Build.0 = Release|ARM
		{E559D0BF-06C4-45A6-8249-D8D66CA99C06}.Release|ARM.Deploy.0 = Release|ARM
		{E559D0BF-06C4-45A6-8249-D8D66CA99C06}.Release|iPhone.ActiveCfg = Release|Any CPU
		{E559D0BF-06C4-45A6-8249-D8D66CA99C06}.Release|iPhoneSimulator.ActiveCfg = Release|Any CPU
		{E559D0BF-06C4-45A6-8249-D8D66CA99C06}.Release|Mixed Platforms.ActiveCfg = Release|x86
		{E559D0BF-06C4-45A6-8249-D8D66CA99C06}.Release|Mixed Platforms.Build.0 = Release|x86
		{E559D0BF-06C4-45A6-8249-D8D66CA99C06}.Release|Mixed Platforms.Deploy.0 = Release|x86
		{E559D0BF-06C4-45A6-8249-D8D66CA99C06}.Release|x86.ActiveCfg = Release|x86
		{E559D0BF-06C4-45A6-8249-D8D66CA99C06}.Release|x86.Build.0 = Release|x86
		{E559D0BF-06C4-45A6-8249-D8D66CA99C06}.Release|x86.Deploy.0 = Release|x86
	EndGlobalSection
	GlobalSection(SolutionProperties) = preSolution
		HideSolutionNode = FALSE
	EndGlobalSection
EndGlobal
