
Microsoft Visual Studio Solution File, Format Version 12.00
# Visual Studio 2013
VisualStudioVersion = 12.0.30723.0
MinimumVisualStudioVersion = 10.0.40219.1
Project("{FAE04EC0-301F-11D3-BF4B-00C04F79EFBC}") = "Baskervilles", "Baskervilles\Baskervilles\Baskervilles.csproj", "{C5100E85-8BA6-41FB-9A5F-E540D54C9597}"
EndProject
Project("{FAE04EC0-301F-11D3-BF4B-00C04F79EFBC}") = "Baskervilles.iOS", "Baskervilles\Baskervilles.iOS\Baskervilles.iOS.csproj", "{517134A6-F0F1-4B5F-9C50-933F72DABC15}"
EndProject
Project("{FAE04EC0-301F-11D3-BF4B-00C04F79EFBC}") = "Baskervilles.Android", "Baskervilles\Baskervilles.Android\Baskervilles.Android.csproj", "{3C87E5C7-86D2-4C05-88F3-409B03BC9826}"
EndProject
Project("{FAE04EC0-301F-11D3-BF4B-00C04F79EFBC}") = "Baskervilles.WinPhone", "Baskervilles\Baskervilles.WinPhone\Baskervilles.WinPhone.csproj", "{0C9A9D54-E30F-40BF-A7F5-CDE1808ED276}"
EndProject
Global
	GlobalSection(SolutionConfigurationPlatforms) = preSolution
		Ad-Hoc|Any CPU = Ad-Hoc|Any CPU
		Ad-Hoc|ARM = Ad-Hoc|ARM
		Ad-Hoc|iPhone = Ad-Hoc|iPhone
		Ad-Hoc|iPhoneSimulator = Ad-Hoc|iPhoneSimulator
		Ad-Hoc|Mixed Platforms = Ad-Hoc|Mixed Platforms
		Ad-Hoc|x86 = Ad-Hoc|x86
		AppStore|Any CPU = AppStore|Any CPU
		AppStore|ARM = AppStore|ARM
		AppStore|iPhone = AppStore|iPhone
		AppStore|iPhoneSimulator = AppStore|iPhoneSimulator
		AppStore|Mixed Platforms = AppStore|Mixed Platforms
		AppStore|x86 = AppStore|x86
		Debug|Any CPU = Debug|Any CPU
		Debug|ARM = Debug|ARM
		Debug|iPhone = Debug|iPhone
		Debug|iPhoneSimulator = Debug|iPhoneSimulator
		Debug|Mixed Platforms = Debug|Mixed Platforms
		Debug|x86 = Debug|x86
		Release|Any CPU = Release|Any CPU
		Release|ARM = Release|ARM
		Release|iPhone = Release|iPhone
		Release|iPhoneSimulator = Release|iPhoneSimulator
		Release|Mixed Platforms = Release|Mixed Platforms
		Release|x86 = Release|x86
	EndGlobalSection
	GlobalSection(ProjectConfigurationPlatforms) = postSolution
		{C5100E85-8BA6-41FB-9A5F-E540D54C9597}.Ad-Hoc|Any CPU.ActiveCfg = Release|Any CPU
		{C5100E85-8BA6-41FB-9A5F-E540D54C9597}.Ad-Hoc|Any CPU.Build.0 = Release|Any CPU
		{C5100E85-8BA6-41FB-9A5F-E540D54C9597}.Ad-Hoc|ARM.ActiveCfg = Release|Any CPU
		{C5100E85-8BA6-41FB-9A5F-E540D54C9597}.Ad-Hoc|iPhone.ActiveCfg = Release|Any CPU
		{C5100E85-8BA6-41FB-9A5F-E540D54C9597}.Ad-Hoc|iPhoneSimulator.ActiveCfg = Release|Any CPU
		{C5100E85-8BA6-41FB-9A5F-E540D54C9597}.Ad-Hoc|Mixed Platforms.ActiveCfg = Release|Any CPU
		{C5100E85-8BA6-41FB-9A5F-E540D54C9597}.Ad-Hoc|Mixed Platforms.Build.0 = Release|Any CPU
		{C5100E85-8BA6-41FB-9A5F-E540D54C9597}.Ad-Hoc|x86.ActiveCfg = Release|Any CPU
		{C5100E85-8BA6-41FB-9A5F-E540D54C9597}.AppStore|Any CPU.ActiveCfg = Release|Any CPU
		{C5100E85-8BA6-41FB-9A5F-E540D54C9597}.AppStore|Any CPU.Build.0 = Release|Any CPU
		{C5100E85-8BA6-41FB-9A5F-E540D54C9597}.AppStore|ARM.ActiveCfg = Release|Any CPU
		{C5100E85-8BA6-41FB-9A5F-E540D54C9597}.AppStore|iPhone.ActiveCfg = Release|Any CPU
		{C5100E85-8BA6-41FB-9A5F-E540D54C9597}.AppStore|iPhoneSimulator.ActiveCfg = Release|Any CPU
		{C5100E85-8BA6-41FB-9A5F-E540D54C9597}.AppStore|Mixed Platforms.ActiveCfg = Release|Any CPU
		{C5100E85-8BA6-41FB-9A5F-E540D54C9597}.AppStore|Mixed Platforms.Build.0 = Release|Any CPU
		{C5100E85-8BA6-41FB-9A5F-E540D54C9597}.AppStore|x86.ActiveCfg = Release|Any CPU
		{C5100E85-8BA6-41FB-9A5F-E540D54C9597}.Debug|Any CPU.ActiveCfg = Debug|Any CPU
		{C5100E85-8BA6-41FB-9A5F-E540D54C9597}.Debug|Any CPU.Build.0 = Debug|Any CPU
		{C5100E85-8BA6-41FB-9A5F-E540D54C9597}.Debug|ARM.ActiveCfg = Debug|Any CPU
		{C5100E85-8BA6-41FB-9A5F-E540D54C9597}.Debug|iPhone.ActiveCfg = Debug|Any CPU
		{C5100E85-8BA6-41FB-9A5F-E540D54C9597}.Debug|iPhoneSimulator.ActiveCfg = Debug|Any CPU
		{C5100E85-8BA6-41FB-9A5F-E540D54C9597}.Debug|Mixed Platforms.ActiveCfg = Debug|Any CPU
		{C5100E85-8BA6-41FB-9A5F-E540D54C9597}.Debug|Mixed Platforms.Build.0 = Debug|Any CPU
		{C5100E85-8BA6-41FB-9A5F-E540D54C9597}.Debug|x86.ActiveCfg = Debug|Any CPU
		{C5100E85-8BA6-41FB-9A5F-E540D54C9597}.Release|Any CPU.ActiveCfg = Release|Any CPU
		{C5100E85-8BA6-41FB-9A5F-E540D54C9597}.Release|Any CPU.Build.0 = Release|Any CPU
		{C5100E85-8BA6-41FB-9A5F-E540D54C9597}.Release|ARM.ActiveCfg = Release|Any CPU
		{C5100E85-8BA6-41FB-9A5F-E540D54C9597}.Release|iPhone.ActiveCfg = Release|Any CPU
		{C5100E85-8BA6-41FB-9A5F-E540D54C9597}.Release|iPhoneSimulator.ActiveCfg = Release|Any CPU
		{C5100E85-8BA6-41FB-9A5F-E540D54C9597}.Release|Mixed Platforms.ActiveCfg = Release|Any CPU
		{C5100E85-8BA6-41FB-9A5F-E540D54C9597}.Release|Mixed Platforms.Build.0 = Release|Any CPU
		{C5100E85-8BA6-41FB-9A5F-E540D54C9597}.Release|x86.ActiveCfg = Release|Any CPU
		{517134A6-F0F1-4B5F-9C50-933F72DABC15}.Ad-Hoc|Any CPU.ActiveCfg = Ad-Hoc|iPhone
		{517134A6-F0F1-4B5F-9C50-933F72DABC15}.Ad-Hoc|ARM.ActiveCfg = Ad-Hoc|iPhone
		{517134A6-F0F1-4B5F-9C50-933F72DABC15}.Ad-Hoc|iPhone.ActiveCfg = Ad-Hoc|iPhone
		{517134A6-F0F1-4B5F-9C50-933F72DABC15}.Ad-Hoc|iPhone.Build.0 = Ad-Hoc|iPhone
		{517134A6-F0F1-4B5F-9C50-933F72DABC15}.Ad-Hoc|iPhone.Deploy.0 = Ad-Hoc|iPhone
		{517134A6-F0F1-4B5F-9C50-933F72DABC15}.Ad-Hoc|iPhoneSimulator.ActiveCfg = Ad-Hoc|iPhoneSimulator
		{517134A6-F0F1-4B5F-9C50-933F72DABC15}.Ad-Hoc|iPhoneSimulator.Build.0 = Ad-Hoc|iPhoneSimulator
		{517134A6-F0F1-4B5F-9C50-933F72DABC15}.Ad-Hoc|iPhoneSimulator.Deploy.0 = Ad-Hoc|iPhoneSimulator
		{517134A6-F0F1-4B5F-9C50-933F72DABC15}.Ad-Hoc|Mixed Platforms.ActiveCfg = Ad-Hoc|iPhone
		{517134A6-F0F1-4B5F-9C50-933F72DABC15}.Ad-Hoc|Mixed Platforms.Build.0 = Ad-Hoc|iPhone
		{517134A6-F0F1-4B5F-9C50-933F72DABC15}.Ad-Hoc|Mixed Platforms.Deploy.0 = Ad-Hoc|iPhone
		{517134A6-F0F1-4B5F-9C50-933F72DABC15}.Ad-Hoc|x86.ActiveCfg = Ad-Hoc|iPhone
		{517134A6-F0F1-4B5F-9C50-933F72DABC15}.AppStore|Any CPU.ActiveCfg = AppStore|iPhone
		{517134A6-F0F1-4B5F-9C50-933F72DABC15}.AppStore|ARM.ActiveCfg = AppStore|iPhone
		{517134A6-F0F1-4B5F-9C50-933F72DABC15}.AppStore|iPhone.ActiveCfg = AppStore|iPhone
		{517134A6-F0F1-4B5F-9C50-933F72DABC15}.AppStore|iPhone.Build.0 = AppStore|iPhone
		{517134A6-F0F1-4B5F-9C50-933F72DABC15}.AppStore|iPhone.Deploy.0 = AppStore|iPhone
		{517134A6-F0F1-4B5F-9C50-933F72DABC15}.AppStore|iPhoneSimulator.ActiveCfg = AppStore|iPhoneSimulator
		{517134A6-F0F1-4B5F-9C50-933F72DABC15}.AppStore|iPhoneSimulator.Build.0 = AppStore|iPhoneSimulator
		{517134A6-F0F1-4B5F-9C50-933F72DABC15}.AppStore|iPhoneSimulator.Deploy.0 = AppStore|iPhoneSimulator
		{517134A6-F0F1-4B5F-9C50-933F72DABC15}.AppStore|Mixed Platforms.ActiveCfg = AppStore|iPhone
		{517134A6-F0F1-4B5F-9C50-933F72DABC15}.AppStore|Mixed Platforms.Build.0 = AppStore|iPhone
		{517134A6-F0F1-4B5F-9C50-933F72DABC15}.AppStore|Mixed Platforms.Deploy.0 = AppStore|iPhone
		{517134A6-F0F1-4B5F-9C50-933F72DABC15}.AppStore|x86.ActiveCfg = AppStore|iPhone
		{517134A6-F0F1-4B5F-9C50-933F72DABC15}.Debug|Any CPU.ActiveCfg = Debug|iPhone
		{517134A6-F0F1-4B5F-9C50-933F72DABC15}.Debug|ARM.ActiveCfg = Debug|iPhone
		{517134A6-F0F1-4B5F-9C50-933F72DABC15}.Debug|iPhone.ActiveCfg = Debug|iPhone
		{517134A6-F0F1-4B5F-9C50-933F72DABC15}.Debug|iPhone.Build.0 = Debug|iPhone
		{517134A6-F0F1-4B5F-9C50-933F72DABC15}.Debug|iPhone.Deploy.0 = Debug|iPhone
		{517134A6-F0F1-4B5F-9C50-933F72DABC15}.Debug|iPhoneSimulator.ActiveCfg = Debug|iPhoneSimulator
		{517134A6-F0F1-4B5F-9C50-933F72DABC15}.Debug|iPhoneSimulator.Build.0 = Debug|iPhoneSimulator
		{517134A6-F0F1-4B5F-9C50-933F72DABC15}.Debug|iPhoneSimulator.Deploy.0 = Debug|iPhoneSimulator
		{517134A6-F0F1-4B5F-9C50-933F72DABC15}.Debug|Mixed Platforms.ActiveCfg = Debug|iPhoneSimulator
		{517134A6-F0F1-4B5F-9C50-933F72DABC15}.Debug|Mixed Platforms.Build.0 = Debug|iPhoneSimulator
		{517134A6-F0F1-4B5F-9C50-933F72DABC15}.Debug|Mixed Platforms.Deploy.0 = Debug|iPhoneSimulator
		{517134A6-F0F1-4B5F-9C50-933F72DABC15}.Debug|x86.ActiveCfg = Debug|iPhone
		{517134A6-F0F1-4B5F-9C50-933F72DABC15}.Release|Any CPU.ActiveCfg = Release|iPhone
		{517134A6-F0F1-4B5F-9C50-933F72DABC15}.Release|ARM.ActiveCfg = Release|iPhone
		{517134A6-F0F1-4B5F-9C50-933F72DABC15}.Release|iPhone.ActiveCfg = Release|iPhone
		{517134A6-F0F1-4B5F-9C50-933F72DABC15}.Release|iPhone.Build.0 = Release|iPhone
		{517134A6-F0F1-4B5F-9C50-933F72DABC15}.Release|iPhone.Deploy.0 = Release|iPhone
		{517134A6-F0F1-4B5F-9C50-933F72DABC15}.Release|iPhoneSimulator.ActiveCfg = Release|iPhoneSimulator
		{517134A6-F0F1-4B5F-9C50-933F72DABC15}.Release|iPhoneSimulator.Build.0 = Release|iPhoneSimulator
		{517134A6-F0F1-4B5F-9C50-933F72DABC15}.Release|iPhoneSimulator.Deploy.0 = Release|iPhoneSimulator
		{517134A6-F0F1-4B5F-9C50-933F72DABC15}.Release|Mixed Platforms.ActiveCfg = Release|iPhone
		{517134A6-F0F1-4B5F-9C50-933F72DABC15}.Release|Mixed Platforms.Build.0 = Release|iPhone
		{517134A6-F0F1-4B5F-9C50-933F72DABC15}.Release|Mixed Platforms.Deploy.0 = Release|iPhone
		{517134A6-F0F1-4B5F-9C50-933F72DABC15}.Release|x86.ActiveCfg = Release|iPhone
		{3C87E5C7-86D2-4C05-88F3-409B03BC9826}.Ad-Hoc|Any CPU.ActiveCfg = Release|Any CPU
		{3C87E5C7-86D2-4C05-88F3-409B03BC9826}.Ad-Hoc|Any CPU.Build.0 = Release|Any CPU
		{3C87E5C7-86D2-4C05-88F3-409B03BC9826}.Ad-Hoc|Any CPU.Deploy.0 = Release|Any CPU
		{3C87E5C7-86D2-4C05-88F3-409B03BC9826}.Ad-Hoc|ARM.ActiveCfg = Release|Any CPU
		{3C87E5C7-86D2-4C05-88F3-409B03BC9826}.Ad-Hoc|iPhone.ActiveCfg = Release|Any CPU
		{3C87E5C7-86D2-4C05-88F3-409B03BC9826}.Ad-Hoc|iPhoneSimulator.ActiveCfg = Release|Any CPU
		{3C87E5C7-86D2-4C05-88F3-409B03BC9826}.Ad-Hoc|Mixed Platforms.ActiveCfg = Release|Any CPU
		{3C87E5C7-86D2-4C05-88F3-409B03BC9826}.Ad-Hoc|Mixed Platforms.Build.0 = Release|Any CPU
		{3C87E5C7-86D2-4C05-88F3-409B03BC9826}.Ad-Hoc|Mixed Platforms.Deploy.0 = Release|Any CPU
		{3C87E5C7-86D2-4C05-88F3-409B03BC9826}.Ad-Hoc|x86.ActiveCfg = Release|Any CPU
		{3C87E5C7-86D2-4C05-88F3-409B03BC9826}.AppStore|Any CPU.ActiveCfg = Release|Any CPU
		{3C87E5C7-86D2-4C05-88F3-409B03BC9826}.AppStore|Any CPU.Build.0 = Release|Any CPU
		{3C87E5C7-86D2-4C05-88F3-409B03BC9826}.AppStore|Any CPU.Deploy.0 = Release|Any CPU
		{3C87E5C7-86D2-4C05-88F3-409B03BC9826}.AppStore|ARM.ActiveCfg = Release|Any CPU
		{3C87E5C7-86D2-4C05-88F3-409B03BC9826}.AppStore|iPhone.ActiveCfg = Release|Any CPU
		{3C87E5C7-86D2-4C05-88F3-409B03BC9826}.AppStore|iPhoneSimulator.ActiveCfg = Release|Any CPU
		{3C87E5C7-86D2-4C05-88F3-409B03BC9826}.AppStore|Mixed Platforms.ActiveCfg = Release|Any CPU
		{3C87E5C7-86D2-4C05-88F3-409B03BC9826}.AppStore|Mixed Platforms.Build.0 = Release|Any CPU
		{3C87E5C7-86D2-4C05-88F3-409B03BC9826}.AppStore|Mixed Platforms.Deploy.0 = Release|Any CPU
		{3C87E5C7-86D2-4C05-88F3-409B03BC9826}.AppStore|x86.ActiveCfg = Release|Any CPU
		{3C87E5C7-86D2-4C05-88F3-409B03BC9826}.Debug|Any CPU.ActiveCfg = Debug|Any CPU
		{3C87E5C7-86D2-4C05-88F3-409B03BC9826}.Debug|Any CPU.Build.0 = Debug|Any CPU
		{3C87E5C7-86D2-4C05-88F3-409B03BC9826}.Debug|Any CPU.Deploy.0 = Debug|Any CPU
		{3C87E5C7-86D2-4C05-88F3-409B03BC9826}.Debug|ARM.ActiveCfg = Debug|Any CPU
		{3C87E5C7-86D2-4C05-88F3-409B03BC9826}.Debug|iPhone.ActiveCfg = Debug|Any CPU
		{3C87E5C7-86D2-4C05-88F3-409B03BC9826}.Debug|iPhoneSimulator.ActiveCfg = Debug|Any CPU
		{3C87E5C7-86D2-4C05-88F3-409B03BC9826}.Debug|Mixed Platforms.ActiveCfg = Debug|Any CPU
		{3C87E5C7-86D2-4C05-88F3-409B03BC9826}.Debug|Mixed Platforms.Build.0 = Debug|Any CPU
		{3C87E5C7-86D2-4C05-88F3-409B03BC9826}.Debug|Mixed Platforms.Deploy.0 = Debug|Any CPU
		{3C87E5C7-86D2-4C05-88F3-409B03BC9826}.Debug|x86.ActiveCfg = Debug|Any CPU
		{3C87E5C7-86D2-4C05-88F3-409B03BC9826}.Release|Any CPU.ActiveCfg = Release|Any CPU
		{3C87E5C7-86D2-4C05-88F3-409B03BC9826}.Release|Any CPU.Build.0 = Release|Any CPU
		{3C87E5C7-86D2-4C05-88F3-409B03BC9826}.Release|Any CPU.Deploy.0 = Release|Any CPU
		{3C87E5C7-86D2-4C05-88F3-409B03BC9826}.Release|ARM.ActiveCfg = Release|Any CPU
		{3C87E5C7-86D2-4C05-88F3-409B03BC9826}.Release|iPhone.ActiveCfg = Release|Any CPU
		{3C87E5C7-86D2-4C05-88F3-409B03BC9826}.Release|iPhoneSimulator.ActiveCfg = Release|Any CPU
		{3C87E5C7-86D2-4C05-88F3-409B03BC9826}.Release|Mixed Platforms.ActiveCfg = Release|Any CPU
		{3C87E5C7-86D2-4C05-88F3-409B03BC9826}.Release|Mixed Platforms.Build.0 = Release|Any CPU
		{3C87E5C7-86D2-4C05-88F3-409B03BC9826}.Release|Mixed Platforms.Deploy.0 = Release|Any CPU
		{3C87E5C7-86D2-4C05-88F3-409B03BC9826}.Release|x86.ActiveCfg = Release|Any CPU
		{0C9A9D54-E30F-40BF-A7F5-CDE1808ED276}.Ad-Hoc|Any CPU.ActiveCfg = Release|Any CPU
		{0C9A9D54-E30F-40BF-A7F5-CDE1808ED276}.Ad-Hoc|Any CPU.Build.0 = Release|Any CPU
		{0C9A9D54-E30F-40BF-A7F5-CDE1808ED276}.Ad-Hoc|Any CPU.Deploy.0 = Release|Any CPU
		{0C9A9D54-E30F-40BF-A7F5-CDE1808ED276}.Ad-Hoc|ARM.ActiveCfg = Release|ARM
		{0C9A9D54-E30F-40BF-A7F5-CDE1808ED276}.Ad-Hoc|ARM.Build.0 = Release|ARM
		{0C9A9D54-E30F-40BF-A7F5-CDE1808ED276}.Ad-Hoc|ARM.Deploy.0 = Release|ARM
		{0C9A9D54-E30F-40BF-A7F5-CDE1808ED276}.Ad-Hoc|iPhone.ActiveCfg = Release|Any CPU
		{0C9A9D54-E30F-40BF-A7F5-CDE1808ED276}.Ad-Hoc|iPhoneSimulator.ActiveCfg = Release|Any CPU
		{0C9A9D54-E30F-40BF-A7F5-CDE1808ED276}.Ad-Hoc|Mixed Platforms.ActiveCfg = Release|x86
		{0C9A9D54-E30F-40BF-A7F5-CDE1808ED276}.Ad-Hoc|Mixed Platforms.Build.0 = Release|x86
		{0C9A9D54-E30F-40BF-A7F5-CDE1808ED276}.Ad-Hoc|Mixed Platforms.Deploy.0 = Release|x86
		{0C9A9D54-E30F-40BF-A7F5-CDE1808ED276}.Ad-Hoc|x86.ActiveCfg = Release|x86
		{0C9A9D54-E30F-40BF-A7F5-CDE1808ED276}.Ad-Hoc|x86.Build.0 = Release|x86
		{0C9A9D54-E30F-40BF-A7F5-CDE1808ED276}.Ad-Hoc|x86.Deploy.0 = Release|x86
		{0C9A9D54-E30F-40BF-A7F5-CDE1808ED276}.AppStore|Any CPU.ActiveCfg = Release|Any CPU
		{0C9A9D54-E30F-40BF-A7F5-CDE1808ED276}.AppStore|Any CPU.Build.0 = Release|Any CPU
		{0C9A9D54-E30F-40BF-A7F5-CDE1808ED276}.AppStore|Any CPU.Deploy.0 = Release|Any CPU
		{0C9A9D54-E30F-40BF-A7F5-CDE1808ED276}.AppStore|ARM.ActiveCfg = Release|ARM
		{0C9A9D54-E30F-40BF-A7F5-CDE1808ED276}.AppStore|ARM.Build.0 = Release|ARM
		{0C9A9D54-E30F-40BF-A7F5-CDE1808ED276}.AppStore|ARM.Deploy.0 = Release|ARM
		{0C9A9D54-E30F-40BF-A7F5-CDE1808ED276}.AppStore|iPhone.ActiveCfg = Release|Any CPU
		{0C9A9D54-E30F-40BF-A7F5-CDE1808ED276}.AppStore|iPhoneSimulator.ActiveCfg = Release|Any CPU
		{0C9A9D54-E30F-40BF-A7F5-CDE1808ED276}.AppStore|Mixed Platforms.ActiveCfg = Release|x86
		{0C9A9D54-E30F-40BF-A7F5-CDE1808ED276}.AppStore|Mixed Platforms.Build.0 = Release|x86
		{0C9A9D54-E30F-40BF-A7F5-CDE1808ED276}.AppStore|Mixed Platforms.Deploy.0 = Release|x86
		{0C9A9D54-E30F-40BF-A7F5-CDE1808ED276}.AppStore|x86.ActiveCfg = Release|x86
		{0C9A9D54-E30F-40BF-A7F5-CDE1808ED276}.AppStore|x86.Build.0 = Release|x86
		{0C9A9D54-E30F-40BF-A7F5-CDE1808ED276}.AppStore|x86.Deploy.0 = Release|x86
		{0C9A9D54-E30F-40BF-A7F5-CDE1808ED276}.Debug|Any CPU.ActiveCfg = Debug|Any CPU
		{0C9A9D54-E30F-40BF-A7F5-CDE1808ED276}.Debug|Any CPU.Build.0 = Debug|Any CPU
		{0C9A9D54-E30F-40BF-A7F5-CDE1808ED276}.Debug|Any CPU.Deploy.0 = Debug|Any CPU
		{0C9A9D54-E30F-40BF-A7F5-CDE1808ED276}.Debug|ARM.ActiveCfg = Debug|ARM
		{0C9A9D54-E30F-40BF-A7F5-CDE1808ED276}.Debug|ARM.Build.0 = Debug|ARM
		{0C9A9D54-E30F-40BF-A7F5-CDE1808ED276}.Debug|ARM.Deploy.0 = Debug|ARM
		{0C9A9D54-E30F-40BF-A7F5-CDE1808ED276}.Debug|iPhone.ActiveCfg = Debug|Any CPU
		{0C9A9D54-E30F-40BF-A7F5-CDE1808ED276}.Debug|iPhoneSimulator.ActiveCfg = Debug|Any CPU
		{0C9A9D54-E30F-40BF-A7F5-CDE1808ED276}.Debug|Mixed Platforms.ActiveCfg = Debug|Any CPU
		{0C9A9D54-E30F-40BF-A7F5-CDE1808ED276}.Debug|Mixed Platforms.Build.0 = Debug|Any CPU
		{0C9A9D54-E30F-40BF-A7F5-CDE1808ED276}.Debug|Mixed Platforms.Deploy.0 = Debug|Any CPU
		{0C9A9D54-E30F-40BF-A7F5-CDE1808ED276}.Debug|x86.ActiveCfg = Debug|x86
		{0C9A9D54-E30F-40BF-A7F5-CDE1808ED276}.Debug|x86.Build.0 = Debug|x86
		{0C9A9D54-E30F-40BF-A7F5-CDE1808ED276}.Debug|x86.Deploy.0 = Debug|x86
		{0C9A9D54-E30F-40BF-A7F5-CDE1808ED276}.Release|Any CPU.ActiveCfg = Release|Any CPU
		{0C9A9D54-E30F-40BF-A7F5-CDE1808ED276}.Release|Any CPU.Build.0 = Release|Any CPU
		{0C9A9D54-E30F-40BF-A7F5-CDE1808ED276}.Release|Any CPU.Deploy.0 = Release|Any CPU
		{0C9A9D54-E30F-40BF-A7F5-CDE1808ED276}.Release|ARM.ActiveCfg = Release|ARM
		{0C9A9D54-E30F-40BF-A7F5-CDE1808ED276}.Release|ARM.Build.0 = Release|ARM
		{0C9A9D54-E30F-40BF-A7F5-CDE1808ED276}.Release|ARM.Deploy.0 = Release|ARM
		{0C9A9D54-E30F-40BF-A7F5-CDE1808ED276}.Release|iPhone.ActiveCfg = Release|Any CPU
		{0C9A9D54-E30F-40BF-A7F5-CDE1808ED276}.Release|iPhoneSimulator.ActiveCfg = Release|Any CPU
		{0C9A9D54-E30F-40BF-A7F5-CDE1808ED276}.Release|Mixed Platforms.ActiveCfg = Release|x86
		{0C9A9D54-E30F-40BF-A7F5-CDE1808ED276}.Release|Mixed Platforms.Build.0 = Release|x86
		{0C9A9D54-E30F-40BF-A7F5-CDE1808ED276}.Release|Mixed Platforms.Deploy.0 = Release|x86
		{0C9A9D54-E30F-40BF-A7F5-CDE1808ED276}.Release|x86.ActiveCfg = Release|x86
		{0C9A9D54-E30F-40BF-A7F5-CDE1808ED276}.Release|x86.Build.0 = Release|x86
		{0C9A9D54-E30F-40BF-A7F5-CDE1808ED276}.Release|x86.Deploy.0 = Release|x86
	EndGlobalSection
	GlobalSection(SolutionProperties) = preSolution
		HideSolutionNode = FALSE
	EndGlobalSection
EndGlobal
