
Microsoft Visual Studio Solution File, Format Version 12.00
# Visual Studio 2013
VisualStudioVersion = 12.0.30723.0
MinimumVisualStudioVersion = 10.0.40219.1
Project("{FAE04EC0-301F-11D3-BF4B-00C04F79EFBC}") = "NoteTaker5", "NoteTaker5\NoteTaker5\NoteTaker5.csproj", "{653AF4E7-10E4-406C-806A-867CAB8BFE60}"
EndProject
Project("{FAE04EC0-301F-11D3-BF4B-00C04F79EFBC}") = "NoteTaker5.iOS", "NoteTaker5\NoteTaker5.iOS\NoteTaker5.iOS.csproj", "{793EBBBB-4F18-47C3-9282-92CFAEA5AF15}"
EndProject
Project("{FAE04EC0-301F-11D3-BF4B-00C04F79EFBC}") = "NoteTaker5.Android", "NoteTaker5\NoteTaker5.Android\NoteTaker5.Android.csproj", "{B9650264-D021-4DA5-A618-180C3C73B108}"
EndProject
Project("{FAE04EC0-301F-11D3-BF4B-00C04F79EFBC}") = "NoteTaker5.WinPhone", "NoteTaker5\NoteTaker5.WinPhone\NoteTaker5.WinPhone.csproj", "{7ED29A1C-0605-46A3-954C-014C3574138E}"
EndProject
Global
	GlobalSection(SolutionConfigurationPlatforms) = preSolution
		Ad-Hoc|Any CPU = Ad-Hoc|Any CPU
		Ad-Hoc|ARM = Ad-Hoc|ARM
		Ad-Hoc|iPhone = Ad-Hoc|iPhone
		Ad-Hoc|iPhoneSimulator = Ad-Hoc|iPhoneSimulator
		Ad-Hoc|Mixed Platforms = Ad-Hoc|Mixed Platforms
		Ad-Hoc|x86 = Ad-Hoc|x86
		AppStore|Any CPU = AppStore|Any CPU
		AppStore|ARM = AppStore|ARM
		AppStore|iPhone = AppStore|iPhone
		AppStore|iPhoneSimulator = AppStore|iPhoneSimulator
		AppStore|Mixed Platforms = AppStore|Mixed Platforms
		AppStore|x86 = AppStore|x86
		Debug|Any CPU = Debug|Any CPU
		Debug|ARM = Debug|ARM
		Debug|iPhone = Debug|iPhone
		Debug|iPhoneSimulator = Debug|iPhoneSimulator
		Debug|Mixed Platforms = Debug|Mixed Platforms
		Debug|x86 = Debug|x86
		Release|Any CPU = Release|Any CPU
		Release|ARM = Release|ARM
		Release|iPhone = Release|iPhone
		Release|iPhoneSimulator = Release|iPhoneSimulator
		Release|Mixed Platforms = Release|Mixed Platforms
		Release|x86 = Release|x86
	EndGlobalSection
	GlobalSection(ProjectConfigurationPlatforms) = postSolution
		{653AF4E7-10E4-406C-806A-867CAB8BFE60}.Ad-Hoc|Any CPU.ActiveCfg = Release|Any CPU
		{653AF4E7-10E4-406C-806A-867CAB8BFE60}.Ad-Hoc|Any CPU.Build.0 = Release|Any CPU
		{653AF4E7-10E4-406C-806A-867CAB8BFE60}.Ad-Hoc|ARM.ActiveCfg = Release|Any CPU
		{653AF4E7-10E4-406C-806A-867CAB8BFE60}.Ad-Hoc|iPhone.ActiveCfg = Release|Any CPU
		{653AF4E7-10E4-406C-806A-867CAB8BFE60}.Ad-Hoc|iPhoneSimulator.ActiveCfg = Release|Any CPU
		{653AF4E7-10E4-406C-806A-867CAB8BFE60}.Ad-Hoc|Mixed Platforms.ActiveCfg = Release|Any CPU
		{653AF4E7-10E4-406C-806A-867CAB8BFE60}.Ad-Hoc|Mixed Platforms.Build.0 = Release|Any CPU
		{653AF4E7-10E4-406C-806A-867CAB8BFE60}.Ad-Hoc|x86.ActiveCfg = Release|Any CPU
		{653AF4E7-10E4-406C-806A-867CAB8BFE60}.AppStore|Any CPU.ActiveCfg = Release|Any CPU
		{653AF4E7-10E4-406C-806A-867CAB8BFE60}.AppStore|Any CPU.Build.0 = Release|Any CPU
		{653AF4E7-10E4-406C-806A-867CAB8BFE60}.AppStore|ARM.ActiveCfg = Release|Any CPU
		{653AF4E7-10E4-406C-806A-867CAB8BFE60}.AppStore|iPhone.ActiveCfg = Release|Any CPU
		{653AF4E7-10E4-406C-806A-867CAB8BFE60}.AppStore|iPhoneSimulator.ActiveCfg = Release|Any CPU
		{653AF4E7-10E4-406C-806A-867CAB8BFE60}.AppStore|Mixed Platforms.ActiveCfg = Release|Any CPU
		{653AF4E7-10E4-406C-806A-867CAB8BFE60}.AppStore|Mixed Platforms.Build.0 = Release|Any CPU
		{653AF4E7-10E4-406C-806A-867CAB8BFE60}.AppStore|x86.ActiveCfg = Release|Any CPU
		{653AF4E7-10E4-406C-806A-867CAB8BFE60}.Debug|Any CPU.ActiveCfg = Debug|Any CPU
		{653AF4E7-10E4-406C-806A-867CAB8BFE60}.Debug|Any CPU.Build.0 = Debug|Any CPU
		{653AF4E7-10E4-406C-806A-867CAB8BFE60}.Debug|ARM.ActiveCfg = Debug|Any CPU
		{653AF4E7-10E4-406C-806A-867CAB8BFE60}.Debug|iPhone.ActiveCfg = Debug|Any CPU
		{653AF4E7-10E4-406C-806A-867CAB8BFE60}.Debug|iPhoneSimulator.ActiveCfg = Debug|Any CPU
		{653AF4E7-10E4-406C-806A-867CAB8BFE60}.Debug|Mixed Platforms.ActiveCfg = Debug|Any CPU
		{653AF4E7-10E4-406C-806A-867CAB8BFE60}.Debug|Mixed Platforms.Build.0 = Debug|Any CPU
		{653AF4E7-10E4-406C-806A-867CAB8BFE60}.Debug|x86.ActiveCfg = Debug|Any CPU
		{653AF4E7-10E4-406C-806A-867CAB8BFE60}.Release|Any CPU.ActiveCfg = Release|Any CPU
		{653AF4E7-10E4-406C-806A-867CAB8BFE60}.Release|Any CPU.Build.0 = Release|Any CPU
		{653AF4E7-10E4-406C-806A-867CAB8BFE60}.Release|ARM.ActiveCfg = Release|Any CPU
		{653AF4E7-10E4-406C-806A-867CAB8BFE60}.Release|iPhone.ActiveCfg = Release|Any CPU
		{653AF4E7-10E4-406C-806A-867CAB8BFE60}.Release|iPhoneSimulator.ActiveCfg = Release|Any CPU
		{653AF4E7-10E4-406C-806A-867CAB8BFE60}.Release|Mixed Platforms.ActiveCfg = Release|Any CPU
		{653AF4E7-10E4-406C-806A-867CAB8BFE60}.Release|Mixed Platforms.Build.0 = Release|Any CPU
		{653AF4E7-10E4-406C-806A-867CAB8BFE60}.Release|x86.ActiveCfg = Release|Any CPU
		{793EBBBB-4F18-47C3-9282-92CFAEA5AF15}.Ad-Hoc|Any CPU.ActiveCfg = Ad-Hoc|iPhone
		{793EBBBB-4F18-47C3-9282-92CFAEA5AF15}.Ad-Hoc|ARM.ActiveCfg = Ad-Hoc|iPhone
		{793EBBBB-4F18-47C3-9282-92CFAEA5AF15}.Ad-Hoc|iPhone.ActiveCfg = Ad-Hoc|iPhone
		{793EBBBB-4F18-47C3-9282-92CFAEA5AF15}.Ad-Hoc|iPhone.Build.0 = Ad-Hoc|iPhone
		{793EBBBB-4F18-47C3-9282-92CFAEA5AF15}.Ad-Hoc|iPhone.Deploy.0 = Ad-Hoc|iPhone
		{793EBBBB-4F18-47C3-9282-92CFAEA5AF15}.Ad-Hoc|iPhoneSimulator.ActiveCfg = Ad-Hoc|iPhoneSimulator
		{793EBBBB-4F18-47C3-9282-92CFAEA5AF15}.Ad-Hoc|iPhoneSimulator.Build.0 = Ad-Hoc|iPhoneSimulator
		{793EBBBB-4F18-47C3-9282-92CFAEA5AF15}.Ad-Hoc|iPhoneSimulator.Deploy.0 = Ad-Hoc|iPhoneSimulator
		{793EBBBB-4F18-47C3-9282-92CFAEA5AF15}.Ad-Hoc|Mixed Platforms.ActiveCfg = Ad-Hoc|iPhone
		{793EBBBB-4F18-47C3-9282-92CFAEA5AF15}.Ad-Hoc|Mixed Platforms.Build.0 = Ad-Hoc|iPhone
		{793EBBBB-4F18-47C3-9282-92CFAEA5AF15}.Ad-Hoc|Mixed Platforms.Deploy.0 = Ad-Hoc|iPhone
		{793EBBBB-4F18-47C3-9282-92CFAEA5AF15}.Ad-Hoc|x86.ActiveCfg = Ad-Hoc|iPhone
		{793EBBBB-4F18-47C3-9282-92CFAEA5AF15}.AppStore|Any CPU.ActiveCfg = AppStore|iPhone
		{793EBBBB-4F18-47C3-9282-92CFAEA5AF15}.AppStore|ARM.ActiveCfg = AppStore|iPhone
		{793EBBBB-4F18-47C3-9282-92CFAEA5AF15}.AppStore|iPhone.ActiveCfg = AppStore|iPhone
		{793EBBBB-4F18-47C3-9282-92CFAEA5AF15}.AppStore|iPhone.Build.0 = AppStore|iPhone
		{793EBBBB-4F18-47C3-9282-92CFAEA5AF15}.AppStore|iPhone.Deploy.0 = AppStore|iPhone
		{793EBBBB-4F18-47C3-9282-92CFAEA5AF15}.AppStore|iPhoneSimulator.ActiveCfg = AppStore|iPhoneSimulator
		{793EBBBB-4F18-47C3-9282-92CFAEA5AF15}.AppStore|iPhoneSimulator.Build.0 = AppStore|iPhoneSimulator
		{793EBBBB-4F18-47C3-9282-92CFAEA5AF15}.AppStore|iPhoneSimulator.Deploy.0 = AppStore|iPhoneSimulator
		{793EBBBB-4F18-47C3-9282-92CFAEA5AF15}.AppStore|Mixed Platforms.ActiveCfg = AppStore|iPhone
		{793EBBBB-4F18-47C3-9282-92CFAEA5AF15}.AppStore|Mixed Platforms.Build.0 = AppStore|iPhone
		{793EBBBB-4F18-47C3-9282-92CFAEA5AF15}.AppStore|Mixed Platforms.Deploy.0 = AppStore|iPhone
		{793EBBBB-4F18-47C3-9282-92CFAEA5AF15}.AppStore|x86.ActiveCfg = AppStore|iPhone
		{793EBBBB-4F18-47C3-9282-92CFAEA5AF15}.Debug|Any CPU.ActiveCfg = Debug|iPhone
		{793EBBBB-4F18-47C3-9282-92CFAEA5AF15}.Debug|ARM.ActiveCfg = Debug|iPhone
		{793EBBBB-4F18-47C3-9282-92CFAEA5AF15}.Debug|iPhone.ActiveCfg = Debug|iPhone
		{793EBBBB-4F18-47C3-9282-92CFAEA5AF15}.Debug|iPhone.Build.0 = Debug|iPhone
		{793EBBBB-4F18-47C3-9282-92CFAEA5AF15}.Debug|iPhone.Deploy.0 = Debug|iPhone
		{793EBBBB-4F18-47C3-9282-92CFAEA5AF15}.Debug|iPhoneSimulator.ActiveCfg = Debug|iPhoneSimulator
		{793EBBBB-4F18-47C3-9282-92CFAEA5AF15}.Debug|iPhoneSimulator.Build.0 = Debug|iPhoneSimulator
		{793EBBBB-4F18-47C3-9282-92CFAEA5AF15}.Debug|iPhoneSimulator.Deploy.0 = Debug|iPhoneSimulator
		{793EBBBB-4F18-47C3-9282-92CFAEA5AF15}.Debug|Mixed Platforms.ActiveCfg = Debug|iPhoneSimulator
		{793EBBBB-4F18-47C3-9282-92CFAEA5AF15}.Debug|Mixed Platforms.Build.0 = Debug|iPhoneSimulator
		{793EBBBB-4F18-47C3-9282-92CFAEA5AF15}.Debug|Mixed Platforms.Deploy.0 = Debug|iPhoneSimulator
		{793EBBBB-4F18-47C3-9282-92CFAEA5AF15}.Debug|x86.ActiveCfg = Debug|iPhone
		{793EBBBB-4F18-47C3-9282-92CFAEA5AF15}.Release|Any CPU.ActiveCfg = Release|iPhone
		{793EBBBB-4F18-47C3-9282-92CFAEA5AF15}.Release|ARM.ActiveCfg = Release|iPhone
		{793EBBBB-4F18-47C3-9282-92CFAEA5AF15}.Release|iPhone.ActiveCfg = Release|iPhone
		{793EBBBB-4F18-47C3-9282-92CFAEA5AF15}.Release|iPhone.Build.0 = Release|iPhone
		{793EBBBB-4F18-47C3-9282-92CFAEA5AF15}.Release|iPhone.Deploy.0 = Release|iPhone
		{793EBBBB-4F18-47C3-9282-92CFAEA5AF15}.Release|iPhoneSimulator.ActiveCfg = Release|iPhoneSimulator
		{793EBBBB-4F18-47C3-9282-92CFAEA5AF15}.Release|iPhoneSimulator.Build.0 = Release|iPhoneSimulator
		{793EBBBB-4F18-47C3-9282-92CFAEA5AF15}.Release|iPhoneSimulator.Deploy.0 = Release|iPhoneSimulator
		{793EBBBB-4F18-47C3-9282-92CFAEA5AF15}.Release|Mixed Platforms.ActiveCfg = Release|iPhone
		{793EBBBB-4F18-47C3-9282-92CFAEA5AF15}.Release|Mixed Platforms.Build.0 = Release|iPhone
		{793EBBBB-4F18-47C3-9282-92CFAEA5AF15}.Release|Mixed Platforms.Deploy.0 = Release|iPhone
		{793EBBBB-4F18-47C3-9282-92CFAEA5AF15}.Release|x86.ActiveCfg = Release|iPhone
		{B9650264-D021-4DA5-A618-180C3C73B108}.Ad-Hoc|Any CPU.ActiveCfg = Release|Any CPU
		{B9650264-D021-4DA5-A618-180C3C73B108}.Ad-Hoc|Any CPU.Build.0 = Release|Any CPU
		{B9650264-D021-4DA5-A618-180C3C73B108}.Ad-Hoc|Any CPU.Deploy.0 = Release|Any CPU
		{B9650264-D021-4DA5-A618-180C3C73B108}.Ad-Hoc|ARM.ActiveCfg = Release|Any CPU
		{B9650264-D021-4DA5-A618-180C3C73B108}.Ad-Hoc|iPhone.ActiveCfg = Release|Any CPU
		{B9650264-D021-4DA5-A618-180C3C73B108}.Ad-Hoc|iPhoneSimulator.ActiveCfg = Release|Any CPU
		{B9650264-D021-4DA5-A618-180C3C73B108}.Ad-Hoc|Mixed Platforms.ActiveCfg = Release|Any CPU
		{B9650264-D021-4DA5-A618-180C3C73B108}.Ad-Hoc|Mixed Platforms.Build.0 = Release|Any CPU
		{B9650264-D021-4DA5-A618-180C3C73B108}.Ad-Hoc|Mixed Platforms.Deploy.0 = Release|Any CPU
		{B9650264-D021-4DA5-A618-180C3C73B108}.Ad-Hoc|x86.ActiveCfg = Release|Any CPU
		{B9650264-D021-4DA5-A618-180C3C73B108}.AppStore|Any CPU.ActiveCfg = Release|Any CPU
		{B9650264-D021-4DA5-A618-180C3C73B108}.AppStore|Any CPU.Build.0 = Release|Any CPU
		{B9650264-D021-4DA5-A618-180C3C73B108}.AppStore|Any CPU.Deploy.0 = Release|Any CPU
		{B9650264-D021-4DA5-A618-180C3C73B108}.AppStore|ARM.ActiveCfg = Release|Any CPU
		{B9650264-D021-4DA5-A618-180C3C73B108}.AppStore|iPhone.ActiveCfg = Release|Any CPU
		{B9650264-D021-4DA5-A618-180C3C73B108}.AppStore|iPhoneSimulator.ActiveCfg = Release|Any CPU
		{B9650264-D021-4DA5-A618-180C3C73B108}.AppStore|Mixed Platforms.ActiveCfg = Release|Any CPU
		{B9650264-D021-4DA5-A618-180C3C73B108}.AppStore|Mixed Platforms.Build.0 = Release|Any CPU
		{B9650264-D021-4DA5-A618-180C3C73B108}.AppStore|Mixed Platforms.Deploy.0 = Release|Any CPU
		{B9650264-D021-4DA5-A618-180C3C73B108}.AppStore|x86.ActiveCfg = Release|Any CPU
		{B9650264-D021-4DA5-A618-180C3C73B108}.Debug|Any CPU.ActiveCfg = Debug|Any CPU
		{B9650264-D021-4DA5-A618-180C3C73B108}.Debug|Any CPU.Build.0 = Debug|Any CPU
		{B9650264-D021-4DA5-A618-180C3C73B108}.Debug|Any CPU.Deploy.0 = Debug|Any CPU
		{B9650264-D021-4DA5-A618-180C3C73B108}.Debug|ARM.ActiveCfg = Debug|Any CPU
		{B9650264-D021-4DA5-A618-180C3C73B108}.Debug|iPhone.ActiveCfg = Debug|Any CPU
		{B9650264-D021-4DA5-A618-180C3C73B108}.Debug|iPhoneSimulator.ActiveCfg = Debug|Any CPU
		{B9650264-D021-4DA5-A618-180C3C73B108}.Debug|Mixed Platforms.ActiveCfg = Debug|Any CPU
		{B9650264-D021-4DA5-A618-180C3C73B108}.Debug|Mixed Platforms.Build.0 = Debug|Any CPU
		{B9650264-D021-4DA5-A618-180C3C73B108}.Debug|Mixed Platforms.Deploy.0 = Debug|Any CPU
		{B9650264-D021-4DA5-A618-180C3C73B108}.Debug|x86.ActiveCfg = Debug|Any CPU
		{B9650264-D021-4DA5-A618-180C3C73B108}.Release|Any CPU.ActiveCfg = Release|Any CPU
		{B9650264-D021-4DA5-A618-180C3C73B108}.Release|Any CPU.Build.0 = Release|Any CPU
		{B9650264-D021-4DA5-A618-180C3C73B108}.Release|Any CPU.Deploy.0 = Release|Any CPU
		{B9650264-D021-4DA5-A618-180C3C73B108}.Release|ARM.ActiveCfg = Release|Any CPU
		{B9650264-D021-4DA5-A618-180C3C73B108}.Release|iPhone.ActiveCfg = Release|Any CPU
		{B9650264-D021-4DA5-A618-180C3C73B108}.Release|iPhoneSimulator.ActiveCfg = Release|Any CPU
		{B9650264-D021-4DA5-A618-180C3C73B108}.Release|Mixed Platforms.ActiveCfg = Release|Any CPU
		{B9650264-D021-4DA5-A618-180C3C73B108}.Release|Mixed Platforms.Build.0 = Release|Any CPU
		{B9650264-D021-4DA5-A618-180C3C73B108}.Release|Mixed Platforms.Deploy.0 = Release|Any CPU
		{B9650264-D021-4DA5-A618-180C3C73B108}.Release|x86.ActiveCfg = Release|Any CPU
		{7ED29A1C-0605-46A3-954C-014C3574138E}.Ad-Hoc|Any CPU.ActiveCfg = Release|Any CPU
		{7ED29A1C-0605-46A3-954C-014C3574138E}.Ad-Hoc|Any CPU.Build.0 = Release|Any CPU
		{7ED29A1C-0605-46A3-954C-014C3574138E}.Ad-Hoc|Any CPU.Deploy.0 = Release|Any CPU
		{7ED29A1C-0605-46A3-954C-014C3574138E}.Ad-Hoc|ARM.ActiveCfg = Release|ARM
		{7ED29A1C-0605-46A3-954C-014C3574138E}.Ad-Hoc|ARM.Build.0 = Release|ARM
		{7ED29A1C-0605-46A3-954C-014C3574138E}.Ad-Hoc|ARM.Deploy.0 = Release|ARM
		{7ED29A1C-0605-46A3-954C-014C3574138E}.Ad-Hoc|iPhone.ActiveCfg = Release|Any CPU
		{7ED29A1C-0605-46A3-954C-014C3574138E}.Ad-Hoc|iPhoneSimulator.ActiveCfg = Release|Any CPU
		{7ED29A1C-0605-46A3-954C-014C3574138E}.Ad-Hoc|Mixed Platforms.ActiveCfg = Release|x86
		{7ED29A1C-0605-46A3-954C-014C3574138E}.Ad-Hoc|Mixed Platforms.Build.0 = Release|x86
		{7ED29A1C-0605-46A3-954C-014C3574138E}.Ad-Hoc|Mixed Platforms.Deploy.0 = Release|x86
		{7ED29A1C-0605-46A3-954C-014C3574138E}.Ad-Hoc|x86.ActiveCfg = Release|x86
		{7ED29A1C-0605-46A3-954C-014C3574138E}.Ad-Hoc|x86.Build.0 = Release|x86
		{7ED29A1C-0605-46A3-954C-014C3574138E}.Ad-Hoc|x86.Deploy.0 = Release|x86
		{7ED29A1C-0605-46A3-954C-014C3574138E}.AppStore|Any CPU.ActiveCfg = Release|Any CPU
		{7ED29A1C-0605-46A3-954C-014C3574138E}.AppStore|Any CPU.Build.0 = Release|Any CPU
		{7ED29A1C-0605-46A3-954C-014C3574138E}.AppStore|Any CPU.Deploy.0 = Release|Any CPU
		{7ED29A1C-0605-46A3-954C-014C3574138E}.AppStore|ARM.ActiveCfg = Release|ARM
		{7ED29A1C-0605-46A3-954C-014C3574138E}.AppStore|ARM.Build.0 = Release|ARM
		{7ED29A1C-0605-46A3-954C-014C3574138E}.AppStore|ARM.Deploy.0 = Release|ARM
		{7ED29A1C-0605-46A3-954C-014C3574138E}.AppStore|iPhone.ActiveCfg = Release|Any CPU
		{7ED29A1C-0605-46A3-954C-014C3574138E}.AppStore|iPhoneSimulator.ActiveCfg = Release|Any CPU
		{7ED29A1C-0605-46A3-954C-014C3574138E}.AppStore|Mixed Platforms.ActiveCfg = Release|x86
		{7ED29A1C-0605-46A3-954C-014C3574138E}.AppStore|Mixed Platforms.Build.0 = Release|x86
		{7ED29A1C-0605-46A3-954C-014C3574138E}.AppStore|Mixed Platforms.Deploy.0 = Release|x86
		{7ED29A1C-0605-46A3-954C-014C3574138E}.AppStore|x86.ActiveCfg = Release|x86
		{7ED29A1C-0605-46A3-954C-014C3574138E}.AppStore|x86.Build.0 = Release|x86
		{7ED29A1C-0605-46A3-954C-014C3574138E}.AppStore|x86.Deploy.0 = Release|x86
		{7ED29A1C-0605-46A3-954C-014C3574138E}.Debug|Any CPU.ActiveCfg = Debug|Any CPU
		{7ED29A1C-0605-46A3-954C-014C3574138E}.Debug|Any CPU.Build.0 = Debug|Any CPU
		{7ED29A1C-0605-46A3-954C-014C3574138E}.Debug|Any CPU.Deploy.0 = Debug|Any CPU
		{7ED29A1C-0605-46A3-954C-014C3574138E}.Debug|ARM.ActiveCfg = Debug|ARM
		{7ED29A1C-0605-46A3-954C-014C3574138E}.Debug|ARM.Build.0 = Debug|ARM
		{7ED29A1C-0605-46A3-954C-014C3574138E}.Debug|ARM.Deploy.0 = Debug|ARM
		{7ED29A1C-0605-46A3-954C-014C3574138E}.Debug|iPhone.ActiveCfg = Debug|Any CPU
		{7ED29A1C-0605-46A3-954C-014C3574138E}.Debug|iPhoneSimulator.ActiveCfg = Debug|Any CPU
		{7ED29A1C-0605-46A3-954C-014C3574138E}.Debug|Mixed Platforms.ActiveCfg = Debug|Any CPU
		{7ED29A1C-0605-46A3-954C-014C3574138E}.Debug|Mixed Platforms.Build.0 = Debug|Any CPU
		{7ED29A1C-0605-46A3-954C-014C3574138E}.Debug|Mixed Platforms.Deploy.0 = Debug|Any CPU
		{7ED29A1C-0605-46A3-954C-014C3574138E}.Debug|x86.ActiveCfg = Debug|x86
		{7ED29A1C-0605-46A3-954C-014C3574138E}.Debug|x86.Build.0 = Debug|x86
		{7ED29A1C-0605-46A3-954C-014C3574138E}.Debug|x86.Deploy.0 = Debug|x86
		{7ED29A1C-0605-46A3-954C-014C3574138E}.Release|Any CPU.ActiveCfg = Release|Any CPU
		{7ED29A1C-0605-46A3-954C-014C3574138E}.Release|Any CPU.Build.0 = Release|Any CPU
		{7ED29A1C-0605-46A3-954C-014C3574138E}.Release|Any CPU.Deploy.0 = Release|Any CPU
		{7ED29A1C-0605-46A3-954C-014C3574138E}.Release|ARM.ActiveCfg = Release|ARM
		{7ED29A1C-0605-46A3-954C-014C3574138E}.Release|ARM.Build.0 = Release|ARM
		{7ED29A1C-0605-46A3-954C-014C3574138E}.Release|ARM.Deploy.0 = Release|ARM
		{7ED29A1C-0605-46A3-954C-014C3574138E}.Release|iPhone.ActiveCfg = Release|Any CPU
		{7ED29A1C-0605-46A3-954C-014C3574138E}.Release|iPhoneSimulator.ActiveCfg = Release|Any CPU
		{7ED29A1C-0605-46A3-954C-014C3574138E}.Release|Mixed Platforms.ActiveCfg = Release|x86
		{7ED29A1C-0605-46A3-954C-014C3574138E}.Release|Mixed Platforms.Build.0 = Release|x86
		{7ED29A1C-0605-46A3-954C-014C3574138E}.Release|Mixed Platforms.Deploy.0 = Release|x86
		{7ED29A1C-0605-46A3-954C-014C3574138E}.Release|x86.ActiveCfg = Release|x86
		{7ED29A1C-0605-46A3-954C-014C3574138E}.Release|x86.Build.0 = Release|x86
		{7ED29A1C-0605-46A3-954C-014C3574138E}.Release|x86.Deploy.0 = Release|x86
	EndGlobalSection
	GlobalSection(SolutionProperties) = preSolution
		HideSolutionNode = FALSE
	EndGlobalSection
EndGlobal
