
Microsoft Visual Studio Solution File, Format Version 12.00
# Visual Studio 2013
VisualStudioVersion = 12.0.30501.0
MinimumVisualStudioVersion = 10.0.40219.1
Project("{FAE04EC0-301F-11D3-BF4B-00C04F79EFBC}") = "TwoButtons", "TwoButtons\TwoButtons\TwoButtons.csproj", "{2AD14114-037D-450E-A9E7-4B6A0463E3CF}"
EndProject
Project("{FAE04EC0-301F-11D3-BF4B-00C04F79EFBC}") = "TwoButtons.iOS", "TwoButtons\TwoButtons.iOS\TwoButtons.iOS.csproj", "{70EEB57D-70EB-470F-A7DF-91F0EAB0FF13}"
EndProject
Project("{FAE04EC0-301F-11D3-BF4B-00C04F79EFBC}") = "TwoButtons.Android", "TwoButtons\TwoButtons.Android\TwoButtons.Android.csproj", "{14DA8BB0-5678-4E51-B059-3C0B80BE6DF2}"
EndProject
Project("{FAE04EC0-301F-11D3-BF4B-00C04F79EFBC}") = "TwoButtons.WinPhone", "TwoButtons\TwoButtons.WinPhone\TwoButtons.WinPhone.csproj", "{2A41D971-4FA8-466C-AD78-8E472A6DA3A7}"
EndProject
Global
	GlobalSection(SolutionConfigurationPlatforms) = preSolution
		Ad-Hoc|Any CPU = Ad-Hoc|Any CPU
		Ad-Hoc|ARM = Ad-Hoc|ARM
		Ad-Hoc|iPhone = Ad-Hoc|iPhone
		Ad-Hoc|iPhoneSimulator = Ad-Hoc|iPhoneSimulator
		Ad-Hoc|Mixed Platforms = Ad-Hoc|Mixed Platforms
		Ad-Hoc|x86 = Ad-Hoc|x86
		AppStore|Any CPU = AppStore|Any CPU
		AppStore|ARM = AppStore|ARM
		AppStore|iPhone = AppStore|iPhone
		AppStore|iPhoneSimulator = AppStore|iPhoneSimulator
		AppStore|Mixed Platforms = AppStore|Mixed Platforms
		AppStore|x86 = AppStore|x86
		Debug|Any CPU = Debug|Any CPU
		Debug|ARM = Debug|ARM
		Debug|iPhone = Debug|iPhone
		Debug|iPhoneSimulator = Debug|iPhoneSimulator
		Debug|Mixed Platforms = Debug|Mixed Platforms
		Debug|x86 = Debug|x86
		Release|Any CPU = Release|Any CPU
		Release|ARM = Release|ARM
		Release|iPhone = Release|iPhone
		Release|iPhoneSimulator = Release|iPhoneSimulator
		Release|Mixed Platforms = Release|Mixed Platforms
		Release|x86 = Release|x86
	EndGlobalSection
	GlobalSection(ProjectConfigurationPlatforms) = postSolution
		{2AD14114-037D-450E-A9E7-4B6A0463E3CF}.Ad-Hoc|Any CPU.ActiveCfg = Release|Any CPU
		{2AD14114-037D-450E-A9E7-4B6A0463E3CF}.Ad-Hoc|Any CPU.Build.0 = Release|Any CPU
		{2AD14114-037D-450E-A9E7-4B6A0463E3CF}.Ad-Hoc|ARM.ActiveCfg = Release|Any CPU
		{2AD14114-037D-450E-A9E7-4B6A0463E3CF}.Ad-Hoc|iPhone.ActiveCfg = Release|Any CPU
		{2AD14114-037D-450E-A9E7-4B6A0463E3CF}.Ad-Hoc|iPhoneSimulator.ActiveCfg = Release|Any CPU
		{2AD14114-037D-450E-A9E7-4B6A0463E3CF}.Ad-Hoc|Mixed Platforms.ActiveCfg = Release|Any CPU
		{2AD14114-037D-450E-A9E7-4B6A0463E3CF}.Ad-Hoc|Mixed Platforms.Build.0 = Release|Any CPU
		{2AD14114-037D-450E-A9E7-4B6A0463E3CF}.Ad-Hoc|x86.ActiveCfg = Release|Any CPU
		{2AD14114-037D-450E-A9E7-4B6A0463E3CF}.AppStore|Any CPU.ActiveCfg = Release|Any CPU
		{2AD14114-037D-450E-A9E7-4B6A0463E3CF}.AppStore|Any CPU.Build.0 = Release|Any CPU
		{2AD14114-037D-450E-A9E7-4B6A0463E3CF}.AppStore|ARM.ActiveCfg = Release|Any CPU
		{2AD14114-037D-450E-A9E7-4B6A0463E3CF}.AppStore|iPhone.ActiveCfg = Release|Any CPU
		{2AD14114-037D-450E-A9E7-4B6A0463E3CF}.AppStore|iPhoneSimulator.ActiveCfg = Release|Any CPU
		{2AD14114-037D-450E-A9E7-4B6A0463E3CF}.AppStore|Mixed Platforms.ActiveCfg = Release|Any CPU
		{2AD14114-037D-450E-A9E7-4B6A0463E3CF}.AppStore|Mixed Platforms.Build.0 = Release|Any CPU
		{2AD14114-037D-450E-A9E7-4B6A0463E3CF}.AppStore|x86.ActiveCfg = Release|Any CPU
		{2AD14114-037D-450E-A9E7-4B6A0463E3CF}.Debug|Any CPU.ActiveCfg = Debug|Any CPU
		{2AD14114-037D-450E-A9E7-4B6A0463E3CF}.Debug|Any CPU.Build.0 = Debug|Any CPU
		{2AD14114-037D-450E-A9E7-4B6A0463E3CF}.Debug|ARM.ActiveCfg = Debug|Any CPU
		{2AD14114-037D-450E-A9E7-4B6A0463E3CF}.Debug|iPhone.ActiveCfg = Debug|Any CPU
		{2AD14114-037D-450E-A9E7-4B6A0463E3CF}.Debug|iPhoneSimulator.ActiveCfg = Debug|Any CPU
		{2AD14114-037D-450E-A9E7-4B6A0463E3CF}.Debug|Mixed Platforms.ActiveCfg = Debug|Any CPU
		{2AD14114-037D-450E-A9E7-4B6A0463E3CF}.Debug|Mixed Platforms.Build.0 = Debug|Any CPU
		{2AD14114-037D-450E-A9E7-4B6A0463E3CF}.Debug|x86.ActiveCfg = Debug|Any CPU
		{2AD14114-037D-450E-A9E7-4B6A0463E3CF}.Release|Any CPU.ActiveCfg = Release|Any CPU
		{2AD14114-037D-450E-A9E7-4B6A0463E3CF}.Release|Any CPU.Build.0 = Release|Any CPU
		{2AD14114-037D-450E-A9E7-4B6A0463E3CF}.Release|ARM.ActiveCfg = Release|Any CPU
		{2AD14114-037D-450E-A9E7-4B6A0463E3CF}.Release|iPhone.ActiveCfg = Release|Any CPU
		{2AD14114-037D-450E-A9E7-4B6A0463E3CF}.Release|iPhoneSimulator.ActiveCfg = Release|Any CPU
		{2AD14114-037D-450E-A9E7-4B6A0463E3CF}.Release|Mixed Platforms.ActiveCfg = Release|Any CPU
		{2AD14114-037D-450E-A9E7-4B6A0463E3CF}.Release|Mixed Platforms.Build.0 = Release|Any CPU
		{2AD14114-037D-450E-A9E7-4B6A0463E3CF}.Release|x86.ActiveCfg = Release|Any CPU
		{70EEB57D-70EB-470F-A7DF-91F0EAB0FF13}.Ad-Hoc|Any CPU.ActiveCfg = Ad-Hoc|iPhone
		{70EEB57D-70EB-470F-A7DF-91F0EAB0FF13}.Ad-Hoc|ARM.ActiveCfg = Ad-Hoc|iPhone
		{70EEB57D-70EB-470F-A7DF-91F0EAB0FF13}.Ad-Hoc|iPhone.ActiveCfg = Ad-Hoc|iPhone
		{70EEB57D-70EB-470F-A7DF-91F0EAB0FF13}.Ad-Hoc|iPhone.Build.0 = Ad-Hoc|iPhone
		{70EEB57D-70EB-470F-A7DF-91F0EAB0FF13}.Ad-Hoc|iPhone.Deploy.0 = Ad-Hoc|iPhone
		{70EEB57D-70EB-470F-A7DF-91F0EAB0FF13}.Ad-Hoc|iPhoneSimulator.ActiveCfg = Ad-Hoc|iPhoneSimulator
		{70EEB57D-70EB-470F-A7DF-91F0EAB0FF13}.Ad-Hoc|iPhoneSimulator.Build.0 = Ad-Hoc|iPhoneSimulator
		{70EEB57D-70EB-470F-A7DF-91F0EAB0FF13}.Ad-Hoc|iPhoneSimulator.Deploy.0 = Ad-Hoc|iPhoneSimulator
		{70EEB57D-70EB-470F-A7DF-91F0EAB0FF13}.Ad-Hoc|Mixed Platforms.ActiveCfg = Ad-Hoc|iPhone
		{70EEB57D-70EB-470F-A7DF-91F0EAB0FF13}.Ad-Hoc|Mixed Platforms.Build.0 = Ad-Hoc|iPhone
		{70EEB57D-70EB-470F-A7DF-91F0EAB0FF13}.Ad-Hoc|Mixed Platforms.Deploy.0 = Ad-Hoc|iPhone
		{70EEB57D-70EB-470F-A7DF-91F0EAB0FF13}.Ad-Hoc|x86.ActiveCfg = Ad-Hoc|iPhone
		{70EEB57D-70EB-470F-A7DF-91F0EAB0FF13}.AppStore|Any CPU.ActiveCfg = AppStore|iPhone
		{70EEB57D-70EB-470F-A7DF-91F0EAB0FF13}.AppStore|ARM.ActiveCfg = AppStore|iPhone
		{70EEB57D-70EB-470F-A7DF-91F0EAB0FF13}.AppStore|iPhone.ActiveCfg = AppStore|iPhone
		{70EEB57D-70EB-470F-A7DF-91F0EAB0FF13}.AppStore|iPhone.Build.0 = AppStore|iPhone
		{70EEB57D-70EB-470F-A7DF-91F0EAB0FF13}.AppStore|iPhone.Deploy.0 = AppStore|iPhone
		{70EEB57D-70EB-470F-A7DF-91F0EAB0FF13}.AppStore|iPhoneSimulator.ActiveCfg = AppStore|iPhoneSimulator
		{70EEB57D-70EB-470F-A7DF-91F0EAB0FF13}.AppStore|iPhoneSimulator.Build.0 = AppStore|iPhoneSimulator
		{70EEB57D-70EB-470F-A7DF-91F0EAB0FF13}.AppStore|iPhoneSimulator.Deploy.0 = AppStore|iPhoneSimulator
		{70EEB57D-70EB-470F-A7DF-91F0EAB0FF13}.AppStore|Mixed Platforms.ActiveCfg = AppStore|iPhone
		{70EEB57D-70EB-470F-A7DF-91F0EAB0FF13}.AppStore|Mixed Platforms.Build.0 = AppStore|iPhone
		{70EEB57D-70EB-470F-A7DF-91F0EAB0FF13}.AppStore|Mixed Platforms.Deploy.0 = AppStore|iPhone
		{70EEB57D-70EB-470F-A7DF-91F0EAB0FF13}.AppStore|x86.ActiveCfg = AppStore|iPhone
		{70EEB57D-70EB-470F-A7DF-91F0EAB0FF13}.Debug|Any CPU.ActiveCfg = Debug|iPhone
		{70EEB57D-70EB-470F-A7DF-91F0EAB0FF13}.Debug|ARM.ActiveCfg = Debug|iPhone
		{70EEB57D-70EB-470F-A7DF-91F0EAB0FF13}.Debug|iPhone.ActiveCfg = Debug|iPhone
		{70EEB57D-70EB-470F-A7DF-91F0EAB0FF13}.Debug|iPhone.Build.0 = Debug|iPhone
		{70EEB57D-70EB-470F-A7DF-91F0EAB0FF13}.Debug|iPhone.Deploy.0 = Debug|iPhone
		{70EEB57D-70EB-470F-A7DF-91F0EAB0FF13}.Debug|iPhoneSimulator.ActiveCfg = Debug|iPhoneSimulator
		{70EEB57D-70EB-470F-A7DF-91F0EAB0FF13}.Debug|iPhoneSimulator.Build.0 = Debug|iPhoneSimulator
		{70EEB57D-70EB-470F-A7DF-91F0EAB0FF13}.Debug|iPhoneSimulator.Deploy.0 = Debug|iPhoneSimulator
		{70EEB57D-70EB-470F-A7DF-91F0EAB0FF13}.Debug|Mixed Platforms.ActiveCfg = Debug|iPhoneSimulator
		{70EEB57D-70EB-470F-A7DF-91F0EAB0FF13}.Debug|Mixed Platforms.Build.0 = Debug|iPhoneSimulator
		{70EEB57D-70EB-470F-A7DF-91F0EAB0FF13}.Debug|Mixed Platforms.Deploy.0 = Debug|iPhoneSimulator
		{70EEB57D-70EB-470F-A7DF-91F0EAB0FF13}.Debug|x86.ActiveCfg = Debug|iPhone
		{70EEB57D-70EB-470F-A7DF-91F0EAB0FF13}.Release|Any CPU.ActiveCfg = Release|iPhone
		{70EEB57D-70EB-470F-A7DF-91F0EAB0FF13}.Release|ARM.ActiveCfg = Release|iPhone
		{70EEB57D-70EB-470F-A7DF-91F0EAB0FF13}.Release|iPhone.ActiveCfg = Release|iPhone
		{70EEB57D-70EB-470F-A7DF-91F0EAB0FF13}.Release|iPhone.Build.0 = Release|iPhone
		{70EEB57D-70EB-470F-A7DF-91F0EAB0FF13}.Release|iPhone.Deploy.0 = Release|iPhone
		{70EEB57D-70EB-470F-A7DF-91F0EAB0FF13}.Release|iPhoneSimulator.ActiveCfg = Release|iPhoneSimulator
		{70EEB57D-70EB-470F-A7DF-91F0EAB0FF13}.Release|iPhoneSimulator.Build.0 = Release|iPhoneSimulator
		{70EEB57D-70EB-470F-A7DF-91F0EAB0FF13}.Release|iPhoneSimulator.Deploy.0 = Release|iPhoneSimulator
		{70EEB57D-70EB-470F-A7DF-91F0EAB0FF13}.Release|Mixed Platforms.ActiveCfg = Release|iPhone
		{70EEB57D-70EB-470F-A7DF-91F0EAB0FF13}.Release|Mixed Platforms.Build.0 = Release|iPhone
		{70EEB57D-70EB-470F-A7DF-91F0EAB0FF13}.Release|Mixed Platforms.Deploy.0 = Release|iPhone
		{70EEB57D-70EB-470F-A7DF-91F0EAB0FF13}.Release|x86.ActiveCfg = Release|iPhone
		{14DA8BB0-5678-4E51-B059-3C0B80BE6DF2}.Ad-Hoc|Any CPU.ActiveCfg = Release|Any CPU
		{14DA8BB0-5678-4E51-B059-3C0B80BE6DF2}.Ad-Hoc|Any CPU.Build.0 = Release|Any CPU
		{14DA8BB0-5678-4E51-B059-3C0B80BE6DF2}.Ad-Hoc|Any CPU.Deploy.0 = Release|Any CPU
		{14DA8BB0-5678-4E51-B059-3C0B80BE6DF2}.Ad-Hoc|ARM.ActiveCfg = Release|Any CPU
		{14DA8BB0-5678-4E51-B059-3C0B80BE6DF2}.Ad-Hoc|iPhone.ActiveCfg = Release|Any CPU
		{14DA8BB0-5678-4E51-B059-3C0B80BE6DF2}.Ad-Hoc|iPhoneSimulator.ActiveCfg = Release|Any CPU
		{14DA8BB0-5678-4E51-B059-3C0B80BE6DF2}.Ad-Hoc|Mixed Platforms.ActiveCfg = Release|Any CPU
		{14DA8BB0-5678-4E51-B059-3C0B80BE6DF2}.Ad-Hoc|Mixed Platforms.Build.0 = Release|Any CPU
		{14DA8BB0-5678-4E51-B059-3C0B80BE6DF2}.Ad-Hoc|Mixed Platforms.Deploy.0 = Release|Any CPU
		{14DA8BB0-5678-4E51-B059-3C0B80BE6DF2}.Ad-Hoc|x86.ActiveCfg = Release|Any CPU
		{14DA8BB0-5678-4E51-B059-3C0B80BE6DF2}.AppStore|Any CPU.ActiveCfg = Release|Any CPU
		{14DA8BB0-5678-4E51-B059-3C0B80BE6DF2}.AppStore|Any CPU.Build.0 = Release|Any CPU
		{14DA8BB0-5678-4E51-B059-3C0B80BE6DF2}.AppStore|Any CPU.Deploy.0 = Release|Any CPU
		{14DA8BB0-5678-4E51-B059-3C0B80BE6DF2}.AppStore|ARM.ActiveCfg = Release|Any CPU
		{14DA8BB0-5678-4E51-B059-3C0B80BE6DF2}.AppStore|iPhone.ActiveCfg = Release|Any CPU
		{14DA8BB0-5678-4E51-B059-3C0B80BE6DF2}.AppStore|iPhoneSimulator.ActiveCfg = Release|Any CPU
		{14DA8BB0-5678-4E51-B059-3C0B80BE6DF2}.AppStore|Mixed Platforms.ActiveCfg = Release|Any CPU
		{14DA8BB0-5678-4E51-B059-3C0B80BE6DF2}.AppStore|Mixed Platforms.Build.0 = Release|Any CPU
		{14DA8BB0-5678-4E51-B059-3C0B80BE6DF2}.AppStore|Mixed Platforms.Deploy.0 = Release|Any CPU
		{14DA8BB0-5678-4E51-B059-3C0B80BE6DF2}.AppStore|x86.ActiveCfg = Release|Any CPU
		{14DA8BB0-5678-4E51-B059-3C0B80BE6DF2}.Debug|Any CPU.ActiveCfg = Debug|Any CPU
		{14DA8BB0-5678-4E51-B059-3C0B80BE6DF2}.Debug|Any CPU.Build.0 = Debug|Any CPU
		{14DA8BB0-5678-4E51-B059-3C0B80BE6DF2}.Debug|Any CPU.Deploy.0 = Debug|Any CPU
		{14DA8BB0-5678-4E51-B059-3C0B80BE6DF2}.Debug|ARM.ActiveCfg = Debug|Any CPU
		{14DA8BB0-5678-4E51-B059-3C0B80BE6DF2}.Debug|iPhone.ActiveCfg = Debug|Any CPU
		{14DA8BB0-5678-4E51-B059-3C0B80BE6DF2}.Debug|iPhoneSimulator.ActiveCfg = Debug|Any CPU
		{14DA8BB0-5678-4E51-B059-3C0B80BE6DF2}.Debug|Mixed Platforms.ActiveCfg = Debug|Any CPU
		{14DA8BB0-5678-4E51-B059-3C0B80BE6DF2}.Debug|Mixed Platforms.Build.0 = Debug|Any CPU
		{14DA8BB0-5678-4E51-B059-3C0B80BE6DF2}.Debug|Mixed Platforms.Deploy.0 = Debug|Any CPU
		{14DA8BB0-5678-4E51-B059-3C0B80BE6DF2}.Debug|x86.ActiveCfg = Debug|Any CPU
		{14DA8BB0-5678-4E51-B059-3C0B80BE6DF2}.Release|Any CPU.ActiveCfg = Release|Any CPU
		{14DA8BB0-5678-4E51-B059-3C0B80BE6DF2}.Release|Any CPU.Build.0 = Release|Any CPU
		{14DA8BB0-5678-4E51-B059-3C0B80BE6DF2}.Release|Any CPU.Deploy.0 = Release|Any CPU
		{14DA8BB0-5678-4E51-B059-3C0B80BE6DF2}.Release|ARM.ActiveCfg = Release|Any CPU
		{14DA8BB0-5678-4E51-B059-3C0B80BE6DF2}.Release|iPhone.ActiveCfg = Release|Any CPU
		{14DA8BB0-5678-4E51-B059-3C0B80BE6DF2}.Release|iPhoneSimulator.ActiveCfg = Release|Any CPU
		{14DA8BB0-5678-4E51-B059-3C0B80BE6DF2}.Release|Mixed Platforms.ActiveCfg = Release|Any CPU
		{14DA8BB0-5678-4E51-B059-3C0B80BE6DF2}.Release|Mixed Platforms.Build.0 = Release|Any CPU
		{14DA8BB0-5678-4E51-B059-3C0B80BE6DF2}.Release|Mixed Platforms.Deploy.0 = Release|Any CPU
		{14DA8BB0-5678-4E51-B059-3C0B80BE6DF2}.Release|x86.ActiveCfg = Release|Any CPU
		{2A41D971-4FA8-466C-AD78-8E472A6DA3A7}.Ad-Hoc|Any CPU.ActiveCfg = Release|Any CPU
		{2A41D971-4FA8-466C-AD78-8E472A6DA3A7}.Ad-Hoc|Any CPU.Build.0 = Release|Any CPU
		{2A41D971-4FA8-466C-AD78-8E472A6DA3A7}.Ad-Hoc|Any CPU.Deploy.0 = Release|Any CPU
		{2A41D971-4FA8-466C-AD78-8E472A6DA3A7}.Ad-Hoc|ARM.ActiveCfg = Release|ARM
		{2A41D971-4FA8-466C-AD78-8E472A6DA3A7}.Ad-Hoc|ARM.Build.0 = Release|ARM
		{2A41D971-4FA8-466C-AD78-8E472A6DA3A7}.Ad-Hoc|ARM.Deploy.0 = Release|ARM
		{2A41D971-4FA8-466C-AD78-8E472A6DA3A7}.Ad-Hoc|iPhone.ActiveCfg = Release|Any CPU
		{2A41D971-4FA8-466C-AD78-8E472A6DA3A7}.Ad-Hoc|iPhoneSimulator.ActiveCfg = Release|Any CPU
		{2A41D971-4FA8-466C-AD78-8E472A6DA3A7}.Ad-Hoc|Mixed Platforms.ActiveCfg = Release|x86
		{2A41D971-4FA8-466C-AD78-8E472A6DA3A7}.Ad-Hoc|Mixed Platforms.Build.0 = Release|x86
		{2A41D971-4FA8-466C-AD78-8E472A6DA3A7}.Ad-Hoc|Mixed Platforms.Deploy.0 = Release|x86
		{2A41D971-4FA8-466C-AD78-8E472A6DA3A7}.Ad-Hoc|x86.ActiveCfg = Release|x86
		{2A41D971-4FA8-466C-AD78-8E472A6DA3A7}.Ad-Hoc|x86.Build.0 = Release|x86
		{2A41D971-4FA8-466C-AD78-8E472A6DA3A7}.Ad-Hoc|x86.Deploy.0 = Release|x86
		{2A41D971-4FA8-466C-AD78-8E472A6DA3A7}.AppStore|Any CPU.ActiveCfg = Release|Any CPU
		{2A41D971-4FA8-466C-AD78-8E472A6DA3A7}.AppStore|Any CPU.Build.0 = Release|Any CPU
		{2A41D971-4FA8-466C-AD78-8E472A6DA3A7}.AppStore|Any CPU.Deploy.0 = Release|Any CPU
		{2A41D971-4FA8-466C-AD78-8E472A6DA3A7}.AppStore|ARM.ActiveCfg = Release|ARM
		{2A41D971-4FA8-466C-AD78-8E472A6DA3A7}.AppStore|ARM.Build.0 = Release|ARM
		{2A41D971-4FA8-466C-AD78-8E472A6DA3A7}.AppStore|ARM.Deploy.0 = Release|ARM
		{2A41D971-4FA8-466C-AD78-8E472A6DA3A7}.AppStore|iPhone.ActiveCfg = Release|Any CPU
		{2A41D971-4FA8-466C-AD78-8E472A6DA3A7}.AppStore|iPhoneSimulator.ActiveCfg = Release|Any CPU
		{2A41D971-4FA8-466C-AD78-8E472A6DA3A7}.AppStore|Mixed Platforms.ActiveCfg = Release|x86
		{2A41D971-4FA8-466C-AD78-8E472A6DA3A7}.AppStore|Mixed Platforms.Build.0 = Release|x86
		{2A41D971-4FA8-466C-AD78-8E472A6DA3A7}.AppStore|Mixed Platforms.Deploy.0 = Release|x86
		{2A41D971-4FA8-466C-AD78-8E472A6DA3A7}.AppStore|x86.ActiveCfg = Release|x86
		{2A41D971-4FA8-466C-AD78-8E472A6DA3A7}.AppStore|x86.Build.0 = Release|x86
		{2A41D971-4FA8-466C-AD78-8E472A6DA3A7}.AppStore|x86.Deploy.0 = Release|x86
		{2A41D971-4FA8-466C-AD78-8E472A6DA3A7}.Debug|Any CPU.ActiveCfg = Debug|Any CPU
		{2A41D971-4FA8-466C-AD78-8E472A6DA3A7}.Debug|Any CPU.Build.0 = Debug|Any CPU
		{2A41D971-4FA8-466C-AD78-8E472A6DA3A7}.Debug|Any CPU.Deploy.0 = Debug|Any CPU
		{2A41D971-4FA8-466C-AD78-8E472A6DA3A7}.Debug|ARM.ActiveCfg = Debug|ARM
		{2A41D971-4FA8-466C-AD78-8E472A6DA3A7}.Debug|ARM.Build.0 = Debug|ARM
		{2A41D971-4FA8-466C-AD78-8E472A6DA3A7}.Debug|ARM.Deploy.0 = Debug|ARM
		{2A41D971-4FA8-466C-AD78-8E472A6DA3A7}.Debug|iPhone.ActiveCfg = Debug|Any CPU
		{2A41D971-4FA8-466C-AD78-8E472A6DA3A7}.Debug|iPhoneSimulator.ActiveCfg = Debug|Any CPU
		{2A41D971-4FA8-466C-AD78-8E472A6DA3A7}.Debug|Mixed Platforms.ActiveCfg = Debug|Any CPU
		{2A41D971-4FA8-466C-AD78-8E472A6DA3A7}.Debug|Mixed Platforms.Build.0 = Debug|Any CPU
		{2A41D971-4FA8-466C-AD78-8E472A6DA3A7}.Debug|Mixed Platforms.Deploy.0 = Debug|Any CPU
		{2A41D971-4FA8-466C-AD78-8E472A6DA3A7}.Debug|x86.ActiveCfg = Debug|x86
		{2A41D971-4FA8-466C-AD78-8E472A6DA3A7}.Debug|x86.Build.0 = Debug|x86
		{2A41D971-4FA8-466C-AD78-8E472A6DA3A7}.Debug|x86.Deploy.0 = Debug|x86
		{2A41D971-4FA8-466C-AD78-8E472A6DA3A7}.Release|Any CPU.ActiveCfg = Release|Any CPU
		{2A41D971-4FA8-466C-AD78-8E472A6DA3A7}.Release|Any CPU.Build.0 = Release|Any CPU
		{2A41D971-4FA8-466C-AD78-8E472A6DA3A7}.Release|Any CPU.Deploy.0 = Release|Any CPU
		{2A41D971-4FA8-466C-AD78-8E472A6DA3A7}.Release|ARM.ActiveCfg = Release|ARM
		{2A41D971-4FA8-466C-AD78-8E472A6DA3A7}.Release|ARM.Build.0 = Release|ARM
		{2A41D971-4FA8-466C-AD78-8E472A6DA3A7}.Release|ARM.Deploy.0 = Release|ARM
		{2A41D971-4FA8-466C-AD78-8E472A6DA3A7}.Release|iPhone.ActiveCfg = Release|Any CPU
		{2A41D971-4FA8-466C-AD78-8E472A6DA3A7}.Release|iPhoneSimulator.ActiveCfg = Release|Any CPU
		{2A41D971-4FA8-466C-AD78-8E472A6DA3A7}.Release|Mixed Platforms.ActiveCfg = Release|x86
		{2A41D971-4FA8-466C-AD78-8E472A6DA3A7}.Release|Mixed Platforms.Build.0 = Release|x86
		{2A41D971-4FA8-466C-AD78-8E472A6DA3A7}.Release|Mixed Platforms.Deploy.0 = Release|x86
		{2A41D971-4FA8-466C-AD78-8E472A6DA3A7}.Release|x86.ActiveCfg = Release|x86
		{2A41D971-4FA8-466C-AD78-8E472A6DA3A7}.Release|x86.Build.0 = Release|x86
		{2A41D971-4FA8-466C-AD78-8E472A6DA3A7}.Release|x86.Deploy.0 = Release|x86
	EndGlobalSection
	GlobalSection(SolutionProperties) = preSolution
		HideSolutionNode = FALSE
	EndGlobalSection
EndGlobal
