
Microsoft Visual Studio Solution File, Format Version 12.00
# Visual Studio 2013
VisualStudioVersion = 12.0.30723.0
MinimumVisualStudioVersion = 10.0.40219.1
Project("{FAE04EC0-301F-11D3-BF4B-00C04F79EFBC}") = "DotMatrixClock", "DotMatrixClock\DotMatrixClock\DotMatrixClock.csproj", "{3A8750DE-FCF0-4FC7-B90A-E26E04A3715D}"
EndProject
Project("{FAE04EC0-301F-11D3-BF4B-00C04F79EFBC}") = "DotMatrixClock.iOS", "DotMatrixClock\DotMatrixClock.iOS\DotMatrixClock.iOS.csproj", "{AE9EFB13-C50D-4049-B3CC-21EDF26CA45C}"
EndProject
Project("{FAE04EC0-301F-11D3-BF4B-00C04F79EFBC}") = "DotMatrixClock.Android", "DotMatrixClock\DotMatrixClock.Android\DotMatrixClock.Android.csproj", "{87FC9099-5DE7-4B5C-A69B-07EBD7EED267}"
EndProject
Project("{FAE04EC0-301F-11D3-BF4B-00C04F79EFBC}") = "DotMatrixClock.WinPhone", "DotMatrixClock\DotMatrixClock.WinPhone\DotMatrixClock.WinPhone.csproj", "{70623EC4-C122-4B5E-ABD6-537C4880E34B}"
EndProject
Global
	GlobalSection(SolutionConfigurationPlatforms) = preSolution
		Ad-Hoc|Any CPU = Ad-Hoc|Any CPU
		Ad-Hoc|ARM = Ad-Hoc|ARM
		Ad-Hoc|iPhone = Ad-Hoc|iPhone
		Ad-Hoc|iPhoneSimulator = Ad-Hoc|iPhoneSimulator
		Ad-Hoc|Mixed Platforms = Ad-Hoc|Mixed Platforms
		Ad-Hoc|x86 = Ad-Hoc|x86
		AppStore|Any CPU = AppStore|Any CPU
		AppStore|ARM = AppStore|ARM
		AppStore|iPhone = AppStore|iPhone
		AppStore|iPhoneSimulator = AppStore|iPhoneSimulator
		AppStore|Mixed Platforms = AppStore|Mixed Platforms
		AppStore|x86 = AppStore|x86
		Debug|Any CPU = Debug|Any CPU
		Debug|ARM = Debug|ARM
		Debug|iPhone = Debug|iPhone
		Debug|iPhoneSimulator = Debug|iPhoneSimulator
		Debug|Mixed Platforms = Debug|Mixed Platforms
		Debug|x86 = Debug|x86
		Release|Any CPU = Release|Any CPU
		Release|ARM = Release|ARM
		Release|iPhone = Release|iPhone
		Release|iPhoneSimulator = Release|iPhoneSimulator
		Release|Mixed Platforms = Release|Mixed Platforms
		Release|x86 = Release|x86
	EndGlobalSection
	GlobalSection(ProjectConfigurationPlatforms) = postSolution
		{3A8750DE-FCF0-4FC7-B90A-E26E04A3715D}.Ad-Hoc|Any CPU.ActiveCfg = Release|Any CPU
		{3A8750DE-FCF0-4FC7-B90A-E26E04A3715D}.Ad-Hoc|Any CPU.Build.0 = Release|Any CPU
		{3A8750DE-FCF0-4FC7-B90A-E26E04A3715D}.Ad-Hoc|ARM.ActiveCfg = Release|Any CPU
		{3A8750DE-FCF0-4FC7-B90A-E26E04A3715D}.Ad-Hoc|iPhone.ActiveCfg = Release|Any CPU
		{3A8750DE-FCF0-4FC7-B90A-E26E04A3715D}.Ad-Hoc|iPhoneSimulator.ActiveCfg = Release|Any CPU
		{3A8750DE-FCF0-4FC7-B90A-E26E04A3715D}.Ad-Hoc|Mixed Platforms.ActiveCfg = Release|Any CPU
		{3A8750DE-FCF0-4FC7-B90A-E26E04A3715D}.Ad-Hoc|Mixed Platforms.Build.0 = Release|Any CPU
		{3A8750DE-FCF0-4FC7-B90A-E26E04A3715D}.Ad-Hoc|x86.ActiveCfg = Release|Any CPU
		{3A8750DE-FCF0-4FC7-B90A-E26E04A3715D}.AppStore|Any CPU.ActiveCfg = Release|Any CPU
		{3A8750DE-FCF0-4FC7-B90A-E26E04A3715D}.AppStore|Any CPU.Build.0 = Release|Any CPU
		{3A8750DE-FCF0-4FC7-B90A-E26E04A3715D}.AppStore|ARM.ActiveCfg = Release|Any CPU
		{3A8750DE-FCF0-4FC7-B90A-E26E04A3715D}.AppStore|iPhone.ActiveCfg = Release|Any CPU
		{3A8750DE-FCF0-4FC7-B90A-E26E04A3715D}.AppStore|iPhoneSimulator.ActiveCfg = Release|Any CPU
		{3A8750DE-FCF0-4FC7-B90A-E26E04A3715D}.AppStore|Mixed Platforms.ActiveCfg = Release|Any CPU
		{3A8750DE-FCF0-4FC7-B90A-E26E04A3715D}.AppStore|Mixed Platforms.Build.0 = Release|Any CPU
		{3A8750DE-FCF0-4FC7-B90A-E26E04A3715D}.AppStore|x86.ActiveCfg = Release|Any CPU
		{3A8750DE-FCF0-4FC7-B90A-E26E04A3715D}.Debug|Any CPU.ActiveCfg = Debug|Any CPU
		{3A8750DE-FCF0-4FC7-B90A-E26E04A3715D}.Debug|Any CPU.Build.0 = Debug|Any CPU
		{3A8750DE-FCF0-4FC7-B90A-E26E04A3715D}.Debug|ARM.ActiveCfg = Debug|Any CPU
		{3A8750DE-FCF0-4FC7-B90A-E26E04A3715D}.Debug|iPhone.ActiveCfg = Debug|Any CPU
		{3A8750DE-FCF0-4FC7-B90A-E26E04A3715D}.Debug|iPhoneSimulator.ActiveCfg = Debug|Any CPU
		{3A8750DE-FCF0-4FC7-B90A-E26E04A3715D}.Debug|Mixed Platforms.ActiveCfg = Debug|Any CPU
		{3A8750DE-FCF0-4FC7-B90A-E26E04A3715D}.Debug|Mixed Platforms.Build.0 = Debug|Any CPU
		{3A8750DE-FCF0-4FC7-B90A-E26E04A3715D}.Debug|x86.ActiveCfg = Debug|Any CPU
		{3A8750DE-FCF0-4FC7-B90A-E26E04A3715D}.Release|Any CPU.ActiveCfg = Release|Any CPU
		{3A8750DE-FCF0-4FC7-B90A-E26E04A3715D}.Release|Any CPU.Build.0 = Release|Any CPU
		{3A8750DE-FCF0-4FC7-B90A-E26E04A3715D}.Release|ARM.ActiveCfg = Release|Any CPU
		{3A8750DE-FCF0-4FC7-B90A-E26E04A3715D}.Release|iPhone.ActiveCfg = Release|Any CPU
		{3A8750DE-FCF0-4FC7-B90A-E26E04A3715D}.Release|iPhoneSimulator.ActiveCfg = Release|Any CPU
		{3A8750DE-FCF0-4FC7-B90A-E26E04A3715D}.Release|Mixed Platforms.ActiveCfg = Release|Any CPU
		{3A8750DE-FCF0-4FC7-B90A-E26E04A3715D}.Release|Mixed Platforms.Build.0 = Release|Any CPU
		{3A8750DE-FCF0-4FC7-B90A-E26E04A3715D}.Release|x86.ActiveCfg = Release|Any CPU
		{AE9EFB13-C50D-4049-B3CC-21EDF26CA45C}.Ad-Hoc|Any CPU.ActiveCfg = Ad-Hoc|iPhone
		{AE9EFB13-C50D-4049-B3CC-21EDF26CA45C}.Ad-Hoc|ARM.ActiveCfg = Ad-Hoc|iPhone
		{AE9EFB13-C50D-4049-B3CC-21EDF26CA45C}.Ad-Hoc|iPhone.ActiveCfg = Ad-Hoc|iPhone
		{AE9EFB13-C50D-4049-B3CC-21EDF26CA45C}.Ad-Hoc|iPhone.Build.0 = Ad-Hoc|iPhone
		{AE9EFB13-C50D-4049-B3CC-21EDF26CA45C}.Ad-Hoc|iPhone.Deploy.0 = Ad-Hoc|iPhone
		{AE9EFB13-C50D-4049-B3CC-21EDF26CA45C}.Ad-Hoc|iPhoneSimulator.ActiveCfg = Ad-Hoc|iPhoneSimulator
		{AE9EFB13-C50D-4049-B3CC-21EDF26CA45C}.Ad-Hoc|iPhoneSimulator.Build.0 = Ad-Hoc|iPhoneSimulator
		{AE9EFB13-C50D-4049-B3CC-21EDF26CA45C}.Ad-Hoc|iPhoneSimulator.Deploy.0 = Ad-Hoc|iPhoneSimulator
		{AE9EFB13-C50D-4049-B3CC-21EDF26CA45C}.Ad-Hoc|Mixed Platforms.ActiveCfg = Ad-Hoc|iPhone
		{AE9EFB13-C50D-4049-B3CC-21EDF26CA45C}.Ad-Hoc|Mixed Platforms.Build.0 = Ad-Hoc|iPhone
		{AE9EFB13-C50D-4049-B3CC-21EDF26CA45C}.Ad-Hoc|Mixed Platforms.Deploy.0 = Ad-Hoc|iPhone
		{AE9EFB13-C50D-4049-B3CC-21EDF26CA45C}.Ad-Hoc|x86.ActiveCfg = Ad-Hoc|iPhone
		{AE9EFB13-C50D-4049-B3CC-21EDF26CA45C}.AppStore|Any CPU.ActiveCfg = AppStore|iPhone
		{AE9EFB13-C50D-4049-B3CC-21EDF26CA45C}.AppStore|ARM.ActiveCfg = AppStore|iPhone
		{AE9EFB13-C50D-4049-B3CC-21EDF26CA45C}.AppStore|iPhone.ActiveCfg = AppStore|iPhone
		{AE9EFB13-C50D-4049-B3CC-21EDF26CA45C}.AppStore|iPhone.Build.0 = AppStore|iPhone
		{AE9EFB13-C50D-4049-B3CC-21EDF26CA45C}.AppStore|iPhone.Deploy.0 = AppStore|iPhone
		{AE9EFB13-C50D-4049-B3CC-21EDF26CA45C}.AppStore|iPhoneSimulator.ActiveCfg = AppStore|iPhoneSimulator
		{AE9EFB13-C50D-4049-B3CC-21EDF26CA45C}.AppStore|iPhoneSimulator.Build.0 = AppStore|iPhoneSimulator
		{AE9EFB13-C50D-4049-B3CC-21EDF26CA45C}.AppStore|iPhoneSimulator.Deploy.0 = AppStore|iPhoneSimulator
		{AE9EFB13-C50D-4049-B3CC-21EDF26CA45C}.AppStore|Mixed Platforms.ActiveCfg = AppStore|iPhone
		{AE9EFB13-C50D-4049-B3CC-21EDF26CA45C}.AppStore|Mixed Platforms.Build.0 = AppStore|iPhone
		{AE9EFB13-C50D-4049-B3CC-21EDF26CA45C}.AppStore|Mixed Platforms.Deploy.0 = AppStore|iPhone
		{AE9EFB13-C50D-4049-B3CC-21EDF26CA45C}.AppStore|x86.ActiveCfg = AppStore|iPhone
		{AE9EFB13-C50D-4049-B3CC-21EDF26CA45C}.Debug|Any CPU.ActiveCfg = Debug|iPhone
		{AE9EFB13-C50D-4049-B3CC-21EDF26CA45C}.Debug|ARM.ActiveCfg = Debug|iPhone
		{AE9EFB13-C50D-4049-B3CC-21EDF26CA45C}.Debug|iPhone.ActiveCfg = Debug|iPhone
		{AE9EFB13-C50D-4049-B3CC-21EDF26CA45C}.Debug|iPhone.Build.0 = Debug|iPhone
		{AE9EFB13-C50D-4049-B3CC-21EDF26CA45C}.Debug|iPhone.Deploy.0 = Debug|iPhone
		{AE9EFB13-C50D-4049-B3CC-21EDF26CA45C}.Debug|iPhoneSimulator.ActiveCfg = Debug|iPhoneSimulator
		{AE9EFB13-C50D-4049-B3CC-21EDF26CA45C}.Debug|iPhoneSimulator.Build.0 = Debug|iPhoneSimulator
		{AE9EFB13-C50D-4049-B3CC-21EDF26CA45C}.Debug|iPhoneSimulator.Deploy.0 = Debug|iPhoneSimulator
		{AE9EFB13-C50D-4049-B3CC-21EDF26CA45C}.Debug|Mixed Platforms.ActiveCfg = Debug|iPhoneSimulator
		{AE9EFB13-C50D-4049-B3CC-21EDF26CA45C}.Debug|Mixed Platforms.Build.0 = Debug|iPhoneSimulator
		{AE9EFB13-C50D-4049-B3CC-21EDF26CA45C}.Debug|Mixed Platforms.Deploy.0 = Debug|iPhoneSimulator
		{AE9EFB13-C50D-4049-B3CC-21EDF26CA45C}.Debug|x86.ActiveCfg = Debug|iPhone
		{AE9EFB13-C50D-4049-B3CC-21EDF26CA45C}.Release|Any CPU.ActiveCfg = Release|iPhone
		{AE9EFB13-C50D-4049-B3CC-21EDF26CA45C}.Release|ARM.ActiveCfg = Release|iPhone
		{AE9EFB13-C50D-4049-B3CC-21EDF26CA45C}.Release|iPhone.ActiveCfg = Release|iPhone
		{AE9EFB13-C50D-4049-B3CC-21EDF26CA45C}.Release|iPhone.Build.0 = Release|iPhone
		{AE9EFB13-C50D-4049-B3CC-21EDF26CA45C}.Release|iPhone.Deploy.0 = Release|iPhone
		{AE9EFB13-C50D-4049-B3CC-21EDF26CA45C}.Release|iPhoneSimulator.ActiveCfg = Release|iPhoneSimulator
		{AE9EFB13-C50D-4049-B3CC-21EDF26CA45C}.Release|iPhoneSimulator.Build.0 = Release|iPhoneSimulator
		{AE9EFB13-C50D-4049-B3CC-21EDF26CA45C}.Release|iPhoneSimulator.Deploy.0 = Release|iPhoneSimulator
		{AE9EFB13-C50D-4049-B3CC-21EDF26CA45C}.Release|Mixed Platforms.ActiveCfg = Release|iPhone
		{AE9EFB13-C50D-4049-B3CC-21EDF26CA45C}.Release|Mixed Platforms.Build.0 = Release|iPhone
		{AE9EFB13-C50D-4049-B3CC-21EDF26CA45C}.Release|Mixed Platforms.Deploy.0 = Release|iPhone
		{AE9EFB13-C50D-4049-B3CC-21EDF26CA45C}.Release|x86.ActiveCfg = Release|iPhone
		{87FC9099-5DE7-4B5C-A69B-07EBD7EED267}.Ad-Hoc|Any CPU.ActiveCfg = Release|Any CPU
		{87FC9099-5DE7-4B5C-A69B-07EBD7EED267}.Ad-Hoc|Any CPU.Build.0 = Release|Any CPU
		{87FC9099-5DE7-4B5C-A69B-07EBD7EED267}.Ad-Hoc|Any CPU.Deploy.0 = Release|Any CPU
		{87FC9099-5DE7-4B5C-A69B-07EBD7EED267}.Ad-Hoc|ARM.ActiveCfg = Release|Any CPU
		{87FC9099-5DE7-4B5C-A69B-07EBD7EED267}.Ad-Hoc|iPhone.ActiveCfg = Release|Any CPU
		{87FC9099-5DE7-4B5C-A69B-07EBD7EED267}.Ad-Hoc|iPhoneSimulator.ActiveCfg = Release|Any CPU
		{87FC9099-5DE7-4B5C-A69B-07EBD7EED267}.Ad-Hoc|Mixed Platforms.ActiveCfg = Release|Any CPU
		{87FC9099-5DE7-4B5C-A69B-07EBD7EED267}.Ad-Hoc|Mixed Platforms.Build.0 = Release|Any CPU
		{87FC9099-5DE7-4B5C-A69B-07EBD7EED267}.Ad-Hoc|Mixed Platforms.Deploy.0 = Release|Any CPU
		{87FC9099-5DE7-4B5C-A69B-07EBD7EED267}.Ad-Hoc|x86.ActiveCfg = Release|Any CPU
		{87FC9099-5DE7-4B5C-A69B-07EBD7EED267}.AppStore|Any CPU.ActiveCfg = Release|Any CPU
		{87FC9099-5DE7-4B5C-A69B-07EBD7EED267}.AppStore|Any CPU.Build.0 = Release|Any CPU
		{87FC9099-5DE7-4B5C-A69B-07EBD7EED267}.AppStore|Any CPU.Deploy.0 = Release|Any CPU
		{87FC9099-5DE7-4B5C-A69B-07EBD7EED267}.AppStore|ARM.ActiveCfg = Release|Any CPU
		{87FC9099-5DE7-4B5C-A69B-07EBD7EED267}.AppStore|iPhone.ActiveCfg = Release|Any CPU
		{87FC9099-5DE7-4B5C-A69B-07EBD7EED267}.AppStore|iPhoneSimulator.ActiveCfg = Release|Any CPU
		{87FC9099-5DE7-4B5C-A69B-07EBD7EED267}.AppStore|Mixed Platforms.ActiveCfg = Release|Any CPU
		{87FC9099-5DE7-4B5C-A69B-07EBD7EED267}.AppStore|Mixed Platforms.Build.0 = Release|Any CPU
		{87FC9099-5DE7-4B5C-A69B-07EBD7EED267}.AppStore|Mixed Platforms.Deploy.0 = Release|Any CPU
		{87FC9099-5DE7-4B5C-A69B-07EBD7EED267}.AppStore|x86.ActiveCfg = Release|Any CPU
		{87FC9099-5DE7-4B5C-A69B-07EBD7EED267}.Debug|Any CPU.ActiveCfg = Debug|Any CPU
		{87FC9099-5DE7-4B5C-A69B-07EBD7EED267}.Debug|Any CPU.Build.0 = Debug|Any CPU
		{87FC9099-5DE7-4B5C-A69B-07EBD7EED267}.Debug|Any CPU.Deploy.0 = Debug|Any CPU
		{87FC9099-5DE7-4B5C-A69B-07EBD7EED267}.Debug|ARM.ActiveCfg = Debug|Any CPU
		{87FC9099-5DE7-4B5C-A69B-07EBD7EED267}.Debug|iPhone.ActiveCfg = Debug|Any CPU
		{87FC9099-5DE7-4B5C-A69B-07EBD7EED267}.Debug|iPhoneSimulator.ActiveCfg = Debug|Any CPU
		{87FC9099-5DE7-4B5C-A69B-07EBD7EED267}.Debug|Mixed Platforms.ActiveCfg = Debug|Any CPU
		{87FC9099-5DE7-4B5C-A69B-07EBD7EED267}.Debug|Mixed Platforms.Build.0 = Debug|Any CPU
		{87FC9099-5DE7-4B5C-A69B-07EBD7EED267}.Debug|Mixed Platforms.Deploy.0 = Debug|Any CPU
		{87FC9099-5DE7-4B5C-A69B-07EBD7EED267}.Debug|x86.ActiveCfg = Debug|Any CPU
		{87FC9099-5DE7-4B5C-A69B-07EBD7EED267}.Release|Any CPU.ActiveCfg = Release|Any CPU
		{87FC9099-5DE7-4B5C-A69B-07EBD7EED267}.Release|Any CPU.Build.0 = Release|Any CPU
		{87FC9099-5DE7-4B5C-A69B-07EBD7EED267}.Release|Any CPU.Deploy.0 = Release|Any CPU
		{87FC9099-5DE7-4B5C-A69B-07EBD7EED267}.Release|ARM.ActiveCfg = Release|Any CPU
		{87FC9099-5DE7-4B5C-A69B-07EBD7EED267}.Release|iPhone.ActiveCfg = Release|Any CPU
		{87FC9099-5DE7-4B5C-A69B-07EBD7EED267}.Release|iPhoneSimulator.ActiveCfg = Release|Any CPU
		{87FC9099-5DE7-4B5C-A69B-07EBD7EED267}.Release|Mixed Platforms.ActiveCfg = Release|Any CPU
		{87FC9099-5DE7-4B5C-A69B-07EBD7EED267}.Release|Mixed Platforms.Build.0 = Release|Any CPU
		{87FC9099-5DE7-4B5C-A69B-07EBD7EED267}.Release|Mixed Platforms.Deploy.0 = Release|Any CPU
		{87FC9099-5DE7-4B5C-A69B-07EBD7EED267}.Release|x86.ActiveCfg = Release|Any CPU
		{70623EC4-C122-4B5E-ABD6-537C4880E34B}.Ad-Hoc|Any CPU.ActiveCfg = Release|Any CPU
		{70623EC4-C122-4B5E-ABD6-537C4880E34B}.Ad-Hoc|Any CPU.Build.0 = Release|Any CPU
		{70623EC4-C122-4B5E-ABD6-537C4880E34B}.Ad-Hoc|Any CPU.Deploy.0 = Release|Any CPU
		{70623EC4-C122-4B5E-ABD6-537C4880E34B}.Ad-Hoc|ARM.ActiveCfg = Release|ARM
		{70623EC4-C122-4B5E-ABD6-537C4880E34B}.Ad-Hoc|ARM.Build.0 = Release|ARM
		{70623EC4-C122-4B5E-ABD6-537C4880E34B}.Ad-Hoc|ARM.Deploy.0 = Release|ARM
		{70623EC4-C122-4B5E-ABD6-537C4880E34B}.Ad-Hoc|iPhone.ActiveCfg = Release|Any CPU
		{70623EC4-C122-4B5E-ABD6-537C4880E34B}.Ad-Hoc|iPhoneSimulator.ActiveCfg = Release|Any CPU
		{70623EC4-C122-4B5E-ABD6-537C4880E34B}.Ad-Hoc|Mixed Platforms.ActiveCfg = Release|x86
		{70623EC4-C122-4B5E-ABD6-537C4880E34B}.Ad-Hoc|Mixed Platforms.Build.0 = Release|x86
		{70623EC4-C122-4B5E-ABD6-537C4880E34B}.Ad-Hoc|Mixed Platforms.Deploy.0 = Release|x86
		{70623EC4-C122-4B5E-ABD6-537C4880E34B}.Ad-Hoc|x86.ActiveCfg = Release|x86
		{70623EC4-C122-4B5E-ABD6-537C4880E34B}.Ad-Hoc|x86.Build.0 = Release|x86
		{70623EC4-C122-4B5E-ABD6-537C4880E34B}.Ad-Hoc|x86.Deploy.0 = Release|x86
		{70623EC4-C122-4B5E-ABD6-537C4880E34B}.AppStore|Any CPU.ActiveCfg = Release|Any CPU
		{70623EC4-C122-4B5E-ABD6-537C4880E34B}.AppStore|Any CPU.Build.0 = Release|Any CPU
		{70623EC4-C122-4B5E-ABD6-537C4880E34B}.AppStore|Any CPU.Deploy.0 = Release|Any CPU
		{70623EC4-C122-4B5E-ABD6-537C4880E34B}.AppStore|ARM.ActiveCfg = Release|ARM
		{70623EC4-C122-4B5E-ABD6-537C4880E34B}.AppStore|ARM.Build.0 = Release|ARM
		{70623EC4-C122-4B5E-ABD6-537C4880E34B}.AppStore|ARM.Deploy.0 = Release|ARM
		{70623EC4-C122-4B5E-ABD6-537C4880E34B}.AppStore|iPhone.ActiveCfg = Release|Any CPU
		{70623EC4-C122-4B5E-ABD6-537C4880E34B}.AppStore|iPhoneSimulator.ActiveCfg = Release|Any CPU
		{70623EC4-C122-4B5E-ABD6-537C4880E34B}.AppStore|Mixed Platforms.ActiveCfg = Release|x86
		{70623EC4-C122-4B5E-ABD6-537C4880E34B}.AppStore|Mixed Platforms.Build.0 = Release|x86
		{70623EC4-C122-4B5E-ABD6-537C4880E34B}.AppStore|Mixed Platforms.Deploy.0 = Release|x86
		{70623EC4-C122-4B5E-ABD6-537C4880E34B}.AppStore|x86.ActiveCfg = Release|x86
		{70623EC4-C122-4B5E-ABD6-537C4880E34B}.AppStore|x86.Build.0 = Release|x86
		{70623EC4-C122-4B5E-ABD6-537C4880E34B}.AppStore|x86.Deploy.0 = Release|x86
		{70623EC4-C122-4B5E-ABD6-537C4880E34B}.Debug|Any CPU.ActiveCfg = Debug|Any CPU
		{70623EC4-C122-4B5E-ABD6-537C4880E34B}.Debug|Any CPU.Build.0 = Debug|Any CPU
		{70623EC4-C122-4B5E-ABD6-537C4880E34B}.Debug|Any CPU.Deploy.0 = Debug|Any CPU
		{70623EC4-C122-4B5E-ABD6-537C4880E34B}.Debug|ARM.ActiveCfg = Debug|ARM
		{70623EC4-C122-4B5E-ABD6-537C4880E34B}.Debug|ARM.Build.0 = Debug|ARM
		{70623EC4-C122-4B5E-ABD6-537C4880E34B}.Debug|ARM.Deploy.0 = Debug|ARM
		{70623EC4-C122-4B5E-ABD6-537C4880E34B}.Debug|iPhone.ActiveCfg = Debug|Any CPU
		{70623EC4-C122-4B5E-ABD6-537C4880E34B}.Debug|iPhoneSimulator.ActiveCfg = Debug|Any CPU
		{70623EC4-C122-4B5E-ABD6-537C4880E34B}.Debug|Mixed Platforms.ActiveCfg = Debug|Any CPU
		{70623EC4-C122-4B5E-ABD6-537C4880E34B}.Debug|Mixed Platforms.Build.0 = Debug|Any CPU
		{70623EC4-C122-4B5E-ABD6-537C4880E34B}.Debug|Mixed Platforms.Deploy.0 = Debug|Any CPU
		{70623EC4-C122-4B5E-ABD6-537C4880E34B}.Debug|x86.ActiveCfg = Debug|x86
		{70623EC4-C122-4B5E-ABD6-537C4880E34B}.Debug|x86.Build.0 = Debug|x86
		{70623EC4-C122-4B5E-ABD6-537C4880E34B}.Debug|x86.Deploy.0 = Debug|x86
		{70623EC4-C122-4B5E-ABD6-537C4880E34B}.Release|Any CPU.ActiveCfg = Release|Any CPU
		{70623EC4-C122-4B5E-ABD6-537C4880E34B}.Release|Any CPU.Build.0 = Release|Any CPU
		{70623EC4-C122-4B5E-ABD6-537C4880E34B}.Release|Any CPU.Deploy.0 = Release|Any CPU
		{70623EC4-C122-4B5E-ABD6-537C4880E34B}.Release|ARM.ActiveCfg = Release|ARM
		{70623EC4-C122-4B5E-ABD6-537C4880E34B}.Release|ARM.Build.0 = Release|ARM
		{70623EC4-C122-4B5E-ABD6-537C4880E34B}.Release|ARM.Deploy.0 = Release|ARM
		{70623EC4-C122-4B5E-ABD6-537C4880E34B}.Release|iPhone.ActiveCfg = Release|Any CPU
		{70623EC4-C122-4B5E-ABD6-537C4880E34B}.Release|iPhoneSimulator.ActiveCfg = Release|Any CPU
		{70623EC4-C122-4B5E-ABD6-537C4880E34B}.Release|Mixed Platforms.ActiveCfg = Release|x86
		{70623EC4-C122-4B5E-ABD6-537C4880E34B}.Release|Mixed Platforms.Build.0 = Release|x86
		{70623EC4-C122-4B5E-ABD6-537C4880E34B}.Release|Mixed Platforms.Deploy.0 = Release|x86
		{70623EC4-C122-4B5E-ABD6-537C4880E34B}.Release|x86.ActiveCfg = Release|x86
		{70623EC4-C122-4B5E-ABD6-537C4880E34B}.Release|x86.Build.0 = Release|x86
		{70623EC4-C122-4B5E-ABD6-537C4880E34B}.Release|x86.Deploy.0 = Release|x86
	EndGlobalSection
	GlobalSection(SolutionProperties) = preSolution
		HideSolutionNode = FALSE
	EndGlobalSection
EndGlobal
