
Microsoft Visual Studio Solution File, Format Version 12.00
# Visual Studio 2013
VisualStudioVersion = 12.0.30501.0
MinimumVisualStudioVersion = 10.0.40219.1
Project("{FAE04EC0-301F-11D3-BF4B-00C04F79EFBC}") = "NoteTaker2Sap.WinPhone", "NoteTaker2Sap\NoteTaker2Sap.WinPhone\NoteTaker2Sap.WinPhone.csproj", "{51320AA9-6A9B-4281-AF91-91B435AD62FF}"
EndProject
Project("{FAE04EC0-301F-11D3-BF4B-00C04F79EFBC}") = "NoteTaker2Sap.iOS", "NoteTaker2Sap\NoteTaker2Sap.iOS\NoteTaker2Sap.iOS.csproj", "{45791683-D2BB-4C32-898A-0A185B4D71EC}"
EndProject
Project("{FAE04EC0-301F-11D3-BF4B-00C04F79EFBC}") = "NoteTaker2Sap.Android", "NoteTaker2Sap\NoteTaker2Sap.Android\NoteTaker2Sap.Android.csproj", "{DAEE97B2-D47F-4C3C-B702-A77F052E1B95}"
EndProject
Project("{D954291E-2A0B-460D-934E-DC6B0785DB48}") = "NoteTaker2Sap", "NoteTaker2Sap\NoteTaker2Sap\NoteTaker2Sap.shproj", "{B050C28F-58CF-4BBE-AFE9-670A6C20BC08}"
EndProject
Global
	GlobalSection(SharedMSBuildProjectFiles) = preSolution
		NoteTaker2Sap\NoteTaker2Sap\NoteTaker2Sap.projitems*{b050c28f-58cf-4bbe-afe9-670a6c20bc08}*SharedItemsImports = 13
		NoteTaker2Sap\NoteTaker2Sap\NoteTaker2Sap.projitems*{45791683-d2bb-4c32-898a-0a185b4d71ec}*SharedItemsImports = 4
		NoteTaker2Sap\NoteTaker2Sap\NoteTaker2Sap.projitems*{daee97b2-d47f-4c3c-b702-a77f052e1b95}*SharedItemsImports = 4
		NoteTaker2Sap\NoteTaker2Sap\NoteTaker2Sap.projitems*{51320aa9-6a9b-4281-af91-91b435ad62ff}*SharedItemsImports = 4
	EndGlobalSection
	GlobalSection(SolutionConfigurationPlatforms) = preSolution
		Ad-Hoc|Any CPU = Ad-Hoc|Any CPU
		Ad-Hoc|ARM = Ad-Hoc|ARM
		Ad-Hoc|iPhone = Ad-Hoc|iPhone
		Ad-Hoc|iPhoneSimulator = Ad-Hoc|iPhoneSimulator
		Ad-Hoc|Mixed Platforms = Ad-Hoc|Mixed Platforms
		Ad-Hoc|x86 = Ad-Hoc|x86
		AppStore|Any CPU = AppStore|Any CPU
		AppStore|ARM = AppStore|ARM
		AppStore|iPhone = AppStore|iPhone
		AppStore|iPhoneSimulator = AppStore|iPhoneSimulator
		AppStore|Mixed Platforms = AppStore|Mixed Platforms
		AppStore|x86 = AppStore|x86
		Debug|Any CPU = Debug|Any CPU
		Debug|ARM = Debug|ARM
		Debug|iPhone = Debug|iPhone
		Debug|iPhoneSimulator = Debug|iPhoneSimulator
		Debug|Mixed Platforms = Debug|Mixed Platforms
		Debug|x86 = Debug|x86
		Release|Any CPU = Release|Any CPU
		Release|ARM = Release|ARM
		Release|iPhone = Release|iPhone
		Release|iPhoneSimulator = Release|iPhoneSimulator
		Release|Mixed Platforms = Release|Mixed Platforms
		Release|x86 = Release|x86
	EndGlobalSection
	GlobalSection(ProjectConfigurationPlatforms) = postSolution
		{51320AA9-6A9B-4281-AF91-91B435AD62FF}.Ad-Hoc|Any CPU.ActiveCfg = Release|Any CPU
		{51320AA9-6A9B-4281-AF91-91B435AD62FF}.Ad-Hoc|Any CPU.Build.0 = Release|Any CPU
		{51320AA9-6A9B-4281-AF91-91B435AD62FF}.Ad-Hoc|Any CPU.Deploy.0 = Release|Any CPU
		{51320AA9-6A9B-4281-AF91-91B435AD62FF}.Ad-Hoc|ARM.ActiveCfg = Release|ARM
		{51320AA9-6A9B-4281-AF91-91B435AD62FF}.Ad-Hoc|ARM.Build.0 = Release|ARM
		{51320AA9-6A9B-4281-AF91-91B435AD62FF}.Ad-Hoc|ARM.Deploy.0 = Release|ARM
		{51320AA9-6A9B-4281-AF91-91B435AD62FF}.Ad-Hoc|iPhone.ActiveCfg = Release|Any CPU
		{51320AA9-6A9B-4281-AF91-91B435AD62FF}.Ad-Hoc|iPhoneSimulator.ActiveCfg = Release|Any CPU
		{51320AA9-6A9B-4281-AF91-91B435AD62FF}.Ad-Hoc|Mixed Platforms.ActiveCfg = Release|x86
		{51320AA9-6A9B-4281-AF91-91B435AD62FF}.Ad-Hoc|Mixed Platforms.Build.0 = Release|x86
		{51320AA9-6A9B-4281-AF91-91B435AD62FF}.Ad-Hoc|Mixed Platforms.Deploy.0 = Release|x86
		{51320AA9-6A9B-4281-AF91-91B435AD62FF}.Ad-Hoc|x86.ActiveCfg = Release|x86
		{51320AA9-6A9B-4281-AF91-91B435AD62FF}.Ad-Hoc|x86.Build.0 = Release|x86
		{51320AA9-6A9B-4281-AF91-91B435AD62FF}.Ad-Hoc|x86.Deploy.0 = Release|x86
		{51320AA9-6A9B-4281-AF91-91B435AD62FF}.AppStore|Any CPU.ActiveCfg = Release|Any CPU
		{51320AA9-6A9B-4281-AF91-91B435AD62FF}.AppStore|Any CPU.Build.0 = Release|Any CPU
		{51320AA9-6A9B-4281-AF91-91B435AD62FF}.AppStore|Any CPU.Deploy.0 = Release|Any CPU
		{51320AA9-6A9B-4281-AF91-91B435AD62FF}.AppStore|ARM.ActiveCfg = Release|ARM
		{51320AA9-6A9B-4281-AF91-91B435AD62FF}.AppStore|ARM.Build.0 = Release|ARM
		{51320AA9-6A9B-4281-AF91-91B435AD62FF}.AppStore|ARM.Deploy.0 = Release|ARM
		{51320AA9-6A9B-4281-AF91-91B435AD62FF}.AppStore|iPhone.ActiveCfg = Release|Any CPU
		{51320AA9-6A9B-4281-AF91-91B435AD62FF}.AppStore|iPhoneSimulator.ActiveCfg = Release|Any CPU
		{51320AA9-6A9B-4281-AF91-91B435AD62FF}.AppStore|Mixed Platforms.ActiveCfg = Release|x86
		{51320AA9-6A9B-4281-AF91-91B435AD62FF}.AppStore|Mixed Platforms.Build.0 = Release|x86
		{51320AA9-6A9B-4281-AF91-91B435AD62FF}.AppStore|Mixed Platforms.Deploy.0 = Release|x86
		{51320AA9-6A9B-4281-AF91-91B435AD62FF}.AppStore|x86.ActiveCfg = Release|x86
		{51320AA9-6A9B-4281-AF91-91B435AD62FF}.AppStore|x86.Build.0 = Release|x86
		{51320AA9-6A9B-4281-AF91-91B435AD62FF}.AppStore|x86.Deploy.0 = Release|x86
		{51320AA9-6A9B-4281-AF91-91B435AD62FF}.Debug|Any CPU.ActiveCfg = Debug|Any CPU
		{51320AA9-6A9B-4281-AF91-91B435AD62FF}.Debug|Any CPU.Build.0 = Debug|Any CPU
		{51320AA9-6A9B-4281-AF91-91B435AD62FF}.Debug|Any CPU.Deploy.0 = Debug|Any CPU
		{51320AA9-6A9B-4281-AF91-91B435AD62FF}.Debug|ARM.ActiveCfg = Debug|ARM
		{51320AA9-6A9B-4281-AF91-91B435AD62FF}.Debug|ARM.Build.0 = Debug|ARM
		{51320AA9-6A9B-4281-AF91-91B435AD62FF}.Debug|ARM.Deploy.0 = Debug|ARM
		{51320AA9-6A9B-4281-AF91-91B435AD62FF}.Debug|iPhone.ActiveCfg = Debug|Any CPU
		{51320AA9-6A9B-4281-AF91-91B435AD62FF}.Debug|iPhoneSimulator.ActiveCfg = Debug|Any CPU
		{51320AA9-6A9B-4281-AF91-91B435AD62FF}.Debug|Mixed Platforms.ActiveCfg = Debug|Any CPU
		{51320AA9-6A9B-4281-AF91-91B435AD62FF}.Debug|Mixed Platforms.Build.0 = Debug|Any CPU
		{51320AA9-6A9B-4281-AF91-91B435AD62FF}.Debug|Mixed Platforms.Deploy.0 = Debug|Any CPU
		{51320AA9-6A9B-4281-AF91-91B435AD62FF}.Debug|x86.ActiveCfg = Debug|x86
		{51320AA9-6A9B-4281-AF91-91B435AD62FF}.Debug|x86.Build.0 = Debug|x86
		{51320AA9-6A9B-4281-AF91-91B435AD62FF}.Debug|x86.Deploy.0 = Debug|x86
		{51320AA9-6A9B-4281-AF91-91B435AD62FF}.Release|Any CPU.ActiveCfg = Release|Any CPU
		{51320AA9-6A9B-4281-AF91-91B435AD62FF}.Release|Any CPU.Build.0 = Release|Any CPU
		{51320AA9-6A9B-4281-AF91-91B435AD62FF}.Release|Any CPU.Deploy.0 = Release|Any CPU
		{51320AA9-6A9B-4281-AF91-91B435AD62FF}.Release|ARM.ActiveCfg = Release|ARM
		{51320AA9-6A9B-4281-AF91-91B435AD62FF}.Release|ARM.Build.0 = Release|ARM
		{51320AA9-6A9B-4281-AF91-91B435AD62FF}.Release|ARM.Deploy.0 = Release|ARM
		{51320AA9-6A9B-4281-AF91-91B435AD62FF}.Release|iPhone.ActiveCfg = Release|Any CPU
		{51320AA9-6A9B-4281-AF91-91B435AD62FF}.Release|iPhoneSimulator.ActiveCfg = Release|Any CPU
		{51320AA9-6A9B-4281-AF91-91B435AD62FF}.Release|Mixed Platforms.ActiveCfg = Release|x86
		{51320AA9-6A9B-4281-AF91-91B435AD62FF}.Release|Mixed Platforms.Build.0 = Release|x86
		{51320AA9-6A9B-4281-AF91-91B435AD62FF}.Release|Mixed Platforms.Deploy.0 = Release|x86
		{51320AA9-6A9B-4281-AF91-91B435AD62FF}.Release|x86.ActiveCfg = Release|x86
		{51320AA9-6A9B-4281-AF91-91B435AD62FF}.Release|x86.Build.0 = Release|x86
		{51320AA9-6A9B-4281-AF91-91B435AD62FF}.Release|x86.Deploy.0 = Release|x86
		{45791683-D2BB-4C32-898A-0A185B4D71EC}.Ad-Hoc|Any CPU.ActiveCfg = Ad-Hoc|iPhone
		{45791683-D2BB-4C32-898A-0A185B4D71EC}.Ad-Hoc|ARM.ActiveCfg = Ad-Hoc|iPhone
		{45791683-D2BB-4C32-898A-0A185B4D71EC}.Ad-Hoc|iPhone.ActiveCfg = Ad-Hoc|iPhone
		{45791683-D2BB-4C32-898A-0A185B4D71EC}.Ad-Hoc|iPhone.Build.0 = Ad-Hoc|iPhone
		{45791683-D2BB-4C32-898A-0A185B4D71EC}.Ad-Hoc|iPhone.Deploy.0 = Ad-Hoc|iPhone
		{45791683-D2BB-4C32-898A-0A185B4D71EC}.Ad-Hoc|iPhoneSimulator.ActiveCfg = Ad-Hoc|iPhoneSimulator
		{45791683-D2BB-4C32-898A-0A185B4D71EC}.Ad-Hoc|iPhoneSimulator.Build.0 = Ad-Hoc|iPhoneSimulator
		{45791683-D2BB-4C32-898A-0A185B4D71EC}.Ad-Hoc|iPhoneSimulator.Deploy.0 = Ad-Hoc|iPhoneSimulator
		{45791683-D2BB-4C32-898A-0A185B4D71EC}.Ad-Hoc|Mixed Platforms.ActiveCfg = Ad-Hoc|iPhone
		{45791683-D2BB-4C32-898A-0A185B4D71EC}.Ad-Hoc|Mixed Platforms.Build.0 = Ad-Hoc|iPhone
		{45791683-D2BB-4C32-898A-0A185B4D71EC}.Ad-Hoc|Mixed Platforms.Deploy.0 = Ad-Hoc|iPhone
		{45791683-D2BB-4C32-898A-0A185B4D71EC}.Ad-Hoc|x86.ActiveCfg = Ad-Hoc|iPhone
		{45791683-D2BB-4C32-898A-0A185B4D71EC}.AppStore|Any CPU.ActiveCfg = AppStore|iPhone
		{45791683-D2BB-4C32-898A-0A185B4D71EC}.AppStore|ARM.ActiveCfg = AppStore|iPhone
		{45791683-D2BB-4C32-898A-0A185B4D71EC}.AppStore|iPhone.ActiveCfg = AppStore|iPhone
		{45791683-D2BB-4C32-898A-0A185B4D71EC}.AppStore|iPhone.Build.0 = AppStore|iPhone
		{45791683-D2BB-4C32-898A-0A185B4D71EC}.AppStore|iPhone.Deploy.0 = AppStore|iPhone
		{45791683-D2BB-4C32-898A-0A185B4D71EC}.AppStore|iPhoneSimulator.ActiveCfg = AppStore|iPhoneSimulator
		{45791683-D2BB-4C32-898A-0A185B4D71EC}.AppStore|iPhoneSimulator.Build.0 = AppStore|iPhoneSimulator
		{45791683-D2BB-4C32-898A-0A185B4D71EC}.AppStore|iPhoneSimulator.Deploy.0 = AppStore|iPhoneSimulator
		{45791683-D2BB-4C32-898A-0A185B4D71EC}.AppStore|Mixed Platforms.ActiveCfg = AppStore|iPhone
		{45791683-D2BB-4C32-898A-0A185B4D71EC}.AppStore|Mixed Platforms.Build.0 = AppStore|iPhone
		{45791683-D2BB-4C32-898A-0A185B4D71EC}.AppStore|Mixed Platforms.Deploy.0 = AppStore|iPhone
		{45791683-D2BB-4C32-898A-0A185B4D71EC}.AppStore|x86.ActiveCfg = AppStore|iPhone
		{45791683-D2BB-4C32-898A-0A185B4D71EC}.Debug|Any CPU.ActiveCfg = Debug|iPhone
		{45791683-D2BB-4C32-898A-0A185B4D71EC}.Debug|ARM.ActiveCfg = Debug|iPhone
		{45791683-D2BB-4C32-898A-0A185B4D71EC}.Debug|iPhone.ActiveCfg = Debug|iPhone
		{45791683-D2BB-4C32-898A-0A185B4D71EC}.Debug|iPhone.Build.0 = Debug|iPhone
		{45791683-D2BB-4C32-898A-0A185B4D71EC}.Debug|iPhone.Deploy.0 = Debug|iPhone
		{45791683-D2BB-4C32-898A-0A185B4D71EC}.Debug|iPhoneSimulator.ActiveCfg = Debug|iPhoneSimulator
		{45791683-D2BB-4C32-898A-0A185B4D71EC}.Debug|iPhoneSimulator.Build.0 = Debug|iPhoneSimulator
		{45791683-D2BB-4C32-898A-0A185B4D71EC}.Debug|iPhoneSimulator.Deploy.0 = Debug|iPhoneSimulator
		{45791683-D2BB-4C32-898A-0A185B4D71EC}.Debug|Mixed Platforms.ActiveCfg = Debug|iPhoneSimulator
		{45791683-D2BB-4C32-898A-0A185B4D71EC}.Debug|Mixed Platforms.Build.0 = Debug|iPhoneSimulator
		{45791683-D2BB-4C32-898A-0A185B4D71EC}.Debug|Mixed Platforms.Deploy.0 = Debug|iPhoneSimulator
		{45791683-D2BB-4C32-898A-0A185B4D71EC}.Debug|x86.ActiveCfg = Debug|iPhone
		{45791683-D2BB-4C32-898A-0A185B4D71EC}.Release|Any CPU.ActiveCfg = Release|iPhone
		{45791683-D2BB-4C32-898A-0A185B4D71EC}.Release|ARM.ActiveCfg = Release|iPhone
		{45791683-D2BB-4C32-898A-0A185B4D71EC}.Release|iPhone.ActiveCfg = Release|iPhone
		{45791683-D2BB-4C32-898A-0A185B4D71EC}.Release|iPhone.Build.0 = Release|iPhone
		{45791683-D2BB-4C32-898A-0A185B4D71EC}.Release|iPhone.Deploy.0 = Release|iPhone
		{45791683-D2BB-4C32-898A-0A185B4D71EC}.Release|iPhoneSimulator.ActiveCfg = Release|iPhoneSimulator
		{45791683-D2BB-4C32-898A-0A185B4D71EC}.Release|iPhoneSimulator.Build.0 = Release|iPhoneSimulator
		{45791683-D2BB-4C32-898A-0A185B4D71EC}.Release|iPhoneSimulator.Deploy.0 = Release|iPhoneSimulator
		{45791683-D2BB-4C32-898A-0A185B4D71EC}.Release|Mixed Platforms.ActiveCfg = Release|iPhone
		{45791683-D2BB-4C32-898A-0A185B4D71EC}.Release|Mixed Platforms.Build.0 = Release|iPhone
		{45791683-D2BB-4C32-898A-0A185B4D71EC}.Release|Mixed Platforms.Deploy.0 = Release|iPhone
		{45791683-D2BB-4C32-898A-0A185B4D71EC}.Release|x86.ActiveCfg = Release|iPhone
		{DAEE97B2-D47F-4C3C-B702-A77F052E1B95}.Ad-Hoc|Any CPU.ActiveCfg = Release|Any CPU
		{DAEE97B2-D47F-4C3C-B702-A77F052E1B95}.Ad-Hoc|Any CPU.Build.0 = Release|Any CPU
		{DAEE97B2-D47F-4C3C-B702-A77F052E1B95}.Ad-Hoc|Any CPU.Deploy.0 = Release|Any CPU
		{DAEE97B2-D47F-4C3C-B702-A77F052E1B95}.Ad-Hoc|ARM.ActiveCfg = Release|Any CPU
		{DAEE97B2-D47F-4C3C-B702-A77F052E1B95}.Ad-Hoc|iPhone.ActiveCfg = Release|Any CPU
		{DAEE97B2-D47F-4C3C-B702-A77F052E1B95}.Ad-Hoc|iPhoneSimulator.ActiveCfg = Release|Any CPU
		{DAEE97B2-D47F-4C3C-B702-A77F052E1B95}.Ad-Hoc|Mixed Platforms.ActiveCfg = Release|Any CPU
		{DAEE97B2-D47F-4C3C-B702-A77F052E1B95}.Ad-Hoc|Mixed Platforms.Build.0 = Release|Any CPU
		{DAEE97B2-D47F-4C3C-B702-A77F052E1B95}.Ad-Hoc|Mixed Platforms.Deploy.0 = Release|Any CPU
		{DAEE97B2-D47F-4C3C-B702-A77F052E1B95}.Ad-Hoc|x86.ActiveCfg = Release|Any CPU
		{DAEE97B2-D47F-4C3C-B702-A77F052E1B95}.AppStore|Any CPU.ActiveCfg = Release|Any CPU
		{DAEE97B2-D47F-4C3C-B702-A77F052E1B95}.AppStore|Any CPU.Build.0 = Release|Any CPU
		{DAEE97B2-D47F-4C3C-B702-A77F052E1B95}.AppStore|Any CPU.Deploy.0 = Release|Any CPU
		{DAEE97B2-D47F-4C3C-B702-A77F052E1B95}.AppStore|ARM.ActiveCfg = Release|Any CPU
		{DAEE97B2-D47F-4C3C-B702-A77F052E1B95}.AppStore|iPhone.ActiveCfg = Release|Any CPU
		{DAEE97B2-D47F-4C3C-B702-A77F052E1B95}.AppStore|iPhoneSimulator.ActiveCfg = Release|Any CPU
		{DAEE97B2-D47F-4C3C-B702-A77F052E1B95}.AppStore|Mixed Platforms.ActiveCfg = Release|Any CPU
		{DAEE97B2-D47F-4C3C-B702-A77F052E1B95}.AppStore|Mixed Platforms.Build.0 = Release|Any CPU
		{DAEE97B2-D47F-4C3C-B702-A77F052E1B95}.AppStore|Mixed Platforms.Deploy.0 = Release|Any CPU
		{DAEE97B2-D47F-4C3C-B702-A77F052E1B95}.AppStore|x86.ActiveCfg = Release|Any CPU
		{DAEE97B2-D47F-4C3C-B702-A77F052E1B95}.Debug|Any CPU.ActiveCfg = Debug|Any CPU
		{DAEE97B2-D47F-4C3C-B702-A77F052E1B95}.Debug|Any CPU.Build.0 = Debug|Any CPU
		{DAEE97B2-D47F-4C3C-B702-A77F052E1B95}.Debug|Any CPU.Deploy.0 = Debug|Any CPU
		{DAEE97B2-D47F-4C3C-B702-A77F052E1B95}.Debug|ARM.ActiveCfg = Debug|Any CPU
		{DAEE97B2-D47F-4C3C-B702-A77F052E1B95}.Debug|iPhone.ActiveCfg = Debug|Any CPU
		{DAEE97B2-D47F-4C3C-B702-A77F052E1B95}.Debug|iPhoneSimulator.ActiveCfg = Debug|Any CPU
		{DAEE97B2-D47F-4C3C-B702-A77F052E1B95}.Debug|Mixed Platforms.ActiveCfg = Debug|Any CPU
		{DAEE97B2-D47F-4C3C-B702-A77F052E1B95}.Debug|Mixed Platforms.Build.0 = Debug|Any CPU
		{DAEE97B2-D47F-4C3C-B702-A77F052E1B95}.Debug|Mixed Platforms.Deploy.0 = Debug|Any CPU
		{DAEE97B2-D47F-4C3C-B702-A77F052E1B95}.Debug|x86.ActiveCfg = Debug|Any CPU
		{DAEE97B2-D47F-4C3C-B702-A77F052E1B95}.Release|Any CPU.ActiveCfg = Release|Any CPU
		{DAEE97B2-D47F-4C3C-B702-A77F052E1B95}.Release|Any CPU.Build.0 = Release|Any CPU
		{DAEE97B2-D47F-4C3C-B702-A77F052E1B95}.Release|Any CPU.Deploy.0 = Release|Any CPU
		{DAEE97B2-D47F-4C3C-B702-A77F052E1B95}.Release|ARM.ActiveCfg = Release|Any CPU
		{DAEE97B2-D47F-4C3C-B702-A77F052E1B95}.Release|iPhone.ActiveCfg = Release|Any CPU
		{DAEE97B2-D47F-4C3C-B702-A77F052E1B95}.Release|iPhoneSimulator.ActiveCfg = Release|Any CPU
		{DAEE97B2-D47F-4C3C-B702-A77F052E1B95}.Release|Mixed Platforms.ActiveCfg = Release|Any CPU
		{DAEE97B2-D47F-4C3C-B702-A77F052E1B95}.Release|Mixed Platforms.Build.0 = Release|Any CPU
		{DAEE97B2-D47F-4C3C-B702-A77F052E1B95}.Release|Mixed Platforms.Deploy.0 = Release|Any CPU
		{DAEE97B2-D47F-4C3C-B702-A77F052E1B95}.Release|x86.ActiveCfg = Release|Any CPU
	EndGlobalSection
	GlobalSection(SolutionProperties) = preSolution
		HideSolutionNode = FALSE
	EndGlobalSection
EndGlobal
