
Microsoft Visual Studio Solution File, Format Version 12.00
# Visual Studio 2013
VisualStudioVersion = 12.0.30723.0
MinimumVisualStudioVersion = 10.0.40219.1
Project("{FAE04EC0-301F-11D3-BF4B-00C04F79EFBC}") = "BitmapFromResource", "BitmapFromResource\BitmapFromResource\BitmapFromResource.csproj", "{AEC36C8A-2273-43DE-A13A-9263ED6D47BD}"
EndProject
Project("{FAE04EC0-301F-11D3-BF4B-00C04F79EFBC}") = "BitmapFromResource.iOS", "BitmapFromResource\BitmapFromResource.iOS\BitmapFromResource.iOS.csproj", "{5B6C62EF-31F9-41EE-98F1-0F9CF119915E}"
EndProject
Project("{FAE04EC0-301F-11D3-BF4B-00C04F79EFBC}") = "BitmapFromResource.Android", "BitmapFromResource\BitmapFromResource.Android\BitmapFromResource.Android.csproj", "{1B2F048A-9DC0-4CFB-8B14-DCD50C3B9729}"
EndProject
Project("{FAE04EC0-301F-11D3-BF4B-00C04F79EFBC}") = "BitmapFromResource.WinPhone", "BitmapFromResource\BitmapFromResource.WinPhone\BitmapFromResource.WinPhone.csproj", "{7665CE54-63BF-414C-933F-CDE5A9FCC120}"
EndProject
Global
	GlobalSection(SolutionConfigurationPlatforms) = preSolution
		Ad-Hoc|Any CPU = Ad-Hoc|Any CPU
		Ad-Hoc|ARM = Ad-Hoc|ARM
		Ad-Hoc|iPhone = Ad-Hoc|iPhone
		Ad-Hoc|iPhoneSimulator = Ad-Hoc|iPhoneSimulator
		Ad-Hoc|Mixed Platforms = Ad-Hoc|Mixed Platforms
		Ad-Hoc|x86 = Ad-Hoc|x86
		AppStore|Any CPU = AppStore|Any CPU
		AppStore|ARM = AppStore|ARM
		AppStore|iPhone = AppStore|iPhone
		AppStore|iPhoneSimulator = AppStore|iPhoneSimulator
		AppStore|Mixed Platforms = AppStore|Mixed Platforms
		AppStore|x86 = AppStore|x86
		Debug|Any CPU = Debug|Any CPU
		Debug|ARM = Debug|ARM
		Debug|iPhone = Debug|iPhone
		Debug|iPhoneSimulator = Debug|iPhoneSimulator
		Debug|Mixed Platforms = Debug|Mixed Platforms
		Debug|x86 = Debug|x86
		Release|Any CPU = Release|Any CPU
		Release|ARM = Release|ARM
		Release|iPhone = Release|iPhone
		Release|iPhoneSimulator = Release|iPhoneSimulator
		Release|Mixed Platforms = Release|Mixed Platforms
		Release|x86 = Release|x86
	EndGlobalSection
	GlobalSection(ProjectConfigurationPlatforms) = postSolution
		{AEC36C8A-2273-43DE-A13A-9263ED6D47BD}.Ad-Hoc|Any CPU.ActiveCfg = Release|Any CPU
		{AEC36C8A-2273-43DE-A13A-9263ED6D47BD}.Ad-Hoc|Any CPU.Build.0 = Release|Any CPU
		{AEC36C8A-2273-43DE-A13A-9263ED6D47BD}.Ad-Hoc|ARM.ActiveCfg = Release|Any CPU
		{AEC36C8A-2273-43DE-A13A-9263ED6D47BD}.Ad-Hoc|iPhone.ActiveCfg = Release|Any CPU
		{AEC36C8A-2273-43DE-A13A-9263ED6D47BD}.Ad-Hoc|iPhoneSimulator.ActiveCfg = Release|Any CPU
		{AEC36C8A-2273-43DE-A13A-9263ED6D47BD}.Ad-Hoc|Mixed Platforms.ActiveCfg = Release|Any CPU
		{AEC36C8A-2273-43DE-A13A-9263ED6D47BD}.Ad-Hoc|Mixed Platforms.Build.0 = Release|Any CPU
		{AEC36C8A-2273-43DE-A13A-9263ED6D47BD}.Ad-Hoc|x86.ActiveCfg = Release|Any CPU
		{AEC36C8A-2273-43DE-A13A-9263ED6D47BD}.AppStore|Any CPU.ActiveCfg = Release|Any CPU
		{AEC36C8A-2273-43DE-A13A-9263ED6D47BD}.AppStore|Any CPU.Build.0 = Release|Any CPU
		{AEC36C8A-2273-43DE-A13A-9263ED6D47BD}.AppStore|ARM.ActiveCfg = Release|Any CPU
		{AEC36C8A-2273-43DE-A13A-9263ED6D47BD}.AppStore|iPhone.ActiveCfg = Release|Any CPU
		{AEC36C8A-2273-43DE-A13A-9263ED6D47BD}.AppStore|iPhoneSimulator.ActiveCfg = Release|Any CPU
		{AEC36C8A-2273-43DE-A13A-9263ED6D47BD}.AppStore|Mixed Platforms.ActiveCfg = Release|Any CPU
		{AEC36C8A-2273-43DE-A13A-9263ED6D47BD}.AppStore|Mixed Platforms.Build.0 = Release|Any CPU
		{AEC36C8A-2273-43DE-A13A-9263ED6D47BD}.AppStore|x86.ActiveCfg = Release|Any CPU
		{AEC36C8A-2273-43DE-A13A-9263ED6D47BD}.Debug|Any CPU.ActiveCfg = Debug|Any CPU
		{AEC36C8A-2273-43DE-A13A-9263ED6D47BD}.Debug|Any CPU.Build.0 = Debug|Any CPU
		{AEC36C8A-2273-43DE-A13A-9263ED6D47BD}.Debug|ARM.ActiveCfg = Debug|Any CPU
		{AEC36C8A-2273-43DE-A13A-9263ED6D47BD}.Debug|iPhone.ActiveCfg = Debug|Any CPU
		{AEC36C8A-2273-43DE-A13A-9263ED6D47BD}.Debug|iPhoneSimulator.ActiveCfg = Debug|Any CPU
		{AEC36C8A-2273-43DE-A13A-9263ED6D47BD}.Debug|Mixed Platforms.ActiveCfg = Debug|Any CPU
		{AEC36C8A-2273-43DE-A13A-9263ED6D47BD}.Debug|Mixed Platforms.Build.0 = Debug|Any CPU
		{AEC36C8A-2273-43DE-A13A-9263ED6D47BD}.Debug|x86.ActiveCfg = Debug|Any CPU
		{AEC36C8A-2273-43DE-A13A-9263ED6D47BD}.Release|Any CPU.ActiveCfg = Release|Any CPU
		{AEC36C8A-2273-43DE-A13A-9263ED6D47BD}.Release|Any CPU.Build.0 = Release|Any CPU
		{AEC36C8A-2273-43DE-A13A-9263ED6D47BD}.Release|ARM.ActiveCfg = Release|Any CPU
		{AEC36C8A-2273-43DE-A13A-9263ED6D47BD}.Release|iPhone.ActiveCfg = Release|Any CPU
		{AEC36C8A-2273-43DE-A13A-9263ED6D47BD}.Release|iPhoneSimulator.ActiveCfg = Release|Any CPU
		{AEC36C8A-2273-43DE-A13A-9263ED6D47BD}.Release|Mixed Platforms.ActiveCfg = Release|Any CPU
		{AEC36C8A-2273-43DE-A13A-9263ED6D47BD}.Release|Mixed Platforms.Build.0 = Release|Any CPU
		{AEC36C8A-2273-43DE-A13A-9263ED6D47BD}.Release|x86.ActiveCfg = Release|Any CPU
		{5B6C62EF-31F9-41EE-98F1-0F9CF119915E}.Ad-Hoc|Any CPU.ActiveCfg = Ad-Hoc|iPhone
		{5B6C62EF-31F9-41EE-98F1-0F9CF119915E}.Ad-Hoc|ARM.ActiveCfg = Ad-Hoc|iPhone
		{5B6C62EF-31F9-41EE-98F1-0F9CF119915E}.Ad-Hoc|iPhone.ActiveCfg = Ad-Hoc|iPhone
		{5B6C62EF-31F9-41EE-98F1-0F9CF119915E}.Ad-Hoc|iPhone.Build.0 = Ad-Hoc|iPhone
		{5B6C62EF-31F9-41EE-98F1-0F9CF119915E}.Ad-Hoc|iPhone.Deploy.0 = Ad-Hoc|iPhone
		{5B6C62EF-31F9-41EE-98F1-0F9CF119915E}.Ad-Hoc|iPhoneSimulator.ActiveCfg = Ad-Hoc|iPhoneSimulator
		{5B6C62EF-31F9-41EE-98F1-0F9CF119915E}.Ad-Hoc|iPhoneSimulator.Build.0 = Ad-Hoc|iPhoneSimulator
		{5B6C62EF-31F9-41EE-98F1-0F9CF119915E}.Ad-Hoc|iPhoneSimulator.Deploy.0 = Ad-Hoc|iPhoneSimulator
		{5B6C62EF-31F9-41EE-98F1-0F9CF119915E}.Ad-Hoc|Mixed Platforms.ActiveCfg = Ad-Hoc|iPhone
		{5B6C62EF-31F9-41EE-98F1-0F9CF119915E}.Ad-Hoc|Mixed Platforms.Build.0 = Ad-Hoc|iPhone
		{5B6C62EF-31F9-41EE-98F1-0F9CF119915E}.Ad-Hoc|Mixed Platforms.Deploy.0 = Ad-Hoc|iPhone
		{5B6C62EF-31F9-41EE-98F1-0F9CF119915E}.Ad-Hoc|x86.ActiveCfg = Ad-Hoc|iPhone
		{5B6C62EF-31F9-41EE-98F1-0F9CF119915E}.AppStore|Any CPU.ActiveCfg = AppStore|iPhone
		{5B6C62EF-31F9-41EE-98F1-0F9CF119915E}.AppStore|ARM.ActiveCfg = AppStore|iPhone
		{5B6C62EF-31F9-41EE-98F1-0F9CF119915E}.AppStore|iPhone.ActiveCfg = AppStore|iPhone
		{5B6C62EF-31F9-41EE-98F1-0F9CF119915E}.AppStore|iPhone.Build.0 = AppStore|iPhone
		{5B6C62EF-31F9-41EE-98F1-0F9CF119915E}.AppStore|iPhone.Deploy.0 = AppStore|iPhone
		{5B6C62EF-31F9-41EE-98F1-0F9CF119915E}.AppStore|iPhoneSimulator.ActiveCfg = AppStore|iPhoneSimulator
		{5B6C62EF-31F9-41EE-98F1-0F9CF119915E}.AppStore|iPhoneSimulator.Build.0 = AppStore|iPhoneSimulator
		{5B6C62EF-31F9-41EE-98F1-0F9CF119915E}.AppStore|iPhoneSimulator.Deploy.0 = AppStore|iPhoneSimulator
		{5B6C62EF-31F9-41EE-98F1-0F9CF119915E}.AppStore|Mixed Platforms.ActiveCfg = AppStore|iPhone
		{5B6C62EF-31F9-41EE-98F1-0F9CF119915E}.AppStore|Mixed Platforms.Build.0 = AppStore|iPhone
		{5B6C62EF-31F9-41EE-98F1-0F9CF119915E}.AppStore|Mixed Platforms.Deploy.0 = AppStore|iPhone
		{5B6C62EF-31F9-41EE-98F1-0F9CF119915E}.AppStore|x86.ActiveCfg = AppStore|iPhone
		{5B6C62EF-31F9-41EE-98F1-0F9CF119915E}.Debug|Any CPU.ActiveCfg = Debug|iPhone
		{5B6C62EF-31F9-41EE-98F1-0F9CF119915E}.Debug|ARM.ActiveCfg = Debug|iPhone
		{5B6C62EF-31F9-41EE-98F1-0F9CF119915E}.Debug|iPhone.ActiveCfg = Debug|iPhone
		{5B6C62EF-31F9-41EE-98F1-0F9CF119915E}.Debug|iPhone.Build.0 = Debug|iPhone
		{5B6C62EF-31F9-41EE-98F1-0F9CF119915E}.Debug|iPhone.Deploy.0 = Debug|iPhone
		{5B6C62EF-31F9-41EE-98F1-0F9CF119915E}.Debug|iPhoneSimulator.ActiveCfg = Debug|iPhoneSimulator
		{5B6C62EF-31F9-41EE-98F1-0F9CF119915E}.Debug|iPhoneSimulator.Build.0 = Debug|iPhoneSimulator
		{5B6C62EF-31F9-41EE-98F1-0F9CF119915E}.Debug|iPhoneSimulator.Deploy.0 = Debug|iPhoneSimulator
		{5B6C62EF-31F9-41EE-98F1-0F9CF119915E}.Debug|Mixed Platforms.ActiveCfg = Debug|iPhoneSimulator
		{5B6C62EF-31F9-41EE-98F1-0F9CF119915E}.Debug|Mixed Platforms.Build.0 = Debug|iPhoneSimulator
		{5B6C62EF-31F9-41EE-98F1-0F9CF119915E}.Debug|Mixed Platforms.Deploy.0 = Debug|iPhoneSimulator
		{5B6C62EF-31F9-41EE-98F1-0F9CF119915E}.Debug|x86.ActiveCfg = Debug|iPhone
		{5B6C62EF-31F9-41EE-98F1-0F9CF119915E}.Release|Any CPU.ActiveCfg = Release|iPhone
		{5B6C62EF-31F9-41EE-98F1-0F9CF119915E}.Release|ARM.ActiveCfg = Release|iPhone
		{5B6C62EF-31F9-41EE-98F1-0F9CF119915E}.Release|iPhone.ActiveCfg = Release|iPhone
		{5B6C62EF-31F9-41EE-98F1-0F9CF119915E}.Release|iPhone.Build.0 = Release|iPhone
		{5B6C62EF-31F9-41EE-98F1-0F9CF119915E}.Release|iPhone.Deploy.0 = Release|iPhone
		{5B6C62EF-31F9-41EE-98F1-0F9CF119915E}.Release|iPhoneSimulator.ActiveCfg = Release|iPhoneSimulator
		{5B6C62EF-31F9-41EE-98F1-0F9CF119915E}.Release|iPhoneSimulator.Build.0 = Release|iPhoneSimulator
		{5B6C62EF-31F9-41EE-98F1-0F9CF119915E}.Release|iPhoneSimulator.Deploy.0 = Release|iPhoneSimulator
		{5B6C62EF-31F9-41EE-98F1-0F9CF119915E}.Release|Mixed Platforms.ActiveCfg = Release|iPhone
		{5B6C62EF-31F9-41EE-98F1-0F9CF119915E}.Release|Mixed Platforms.Build.0 = Release|iPhone
		{5B6C62EF-31F9-41EE-98F1-0F9CF119915E}.Release|Mixed Platforms.Deploy.0 = Release|iPhone
		{5B6C62EF-31F9-41EE-98F1-0F9CF119915E}.Release|x86.ActiveCfg = Release|iPhone
		{1B2F048A-9DC0-4CFB-8B14-DCD50C3B9729}.Ad-Hoc|Any CPU.ActiveCfg = Release|Any CPU
		{1B2F048A-9DC0-4CFB-8B14-DCD50C3B9729}.Ad-Hoc|Any CPU.Build.0 = Release|Any CPU
		{1B2F048A-9DC0-4CFB-8B14-DCD50C3B9729}.Ad-Hoc|Any CPU.Deploy.0 = Release|Any CPU
		{1B2F048A-9DC0-4CFB-8B14-DCD50C3B9729}.Ad-Hoc|ARM.ActiveCfg = Release|Any CPU
		{1B2F048A-9DC0-4CFB-8B14-DCD50C3B9729}.Ad-Hoc|iPhone.ActiveCfg = Release|Any CPU
		{1B2F048A-9DC0-4CFB-8B14-DCD50C3B9729}.Ad-Hoc|iPhoneSimulator.ActiveCfg = Release|Any CPU
		{1B2F048A-9DC0-4CFB-8B14-DCD50C3B9729}.Ad-Hoc|Mixed Platforms.ActiveCfg = Release|Any CPU
		{1B2F048A-9DC0-4CFB-8B14-DCD50C3B9729}.Ad-Hoc|Mixed Platforms.Build.0 = Release|Any CPU
		{1B2F048A-9DC0-4CFB-8B14-DCD50C3B9729}.Ad-Hoc|Mixed Platforms.Deploy.0 = Release|Any CPU
		{1B2F048A-9DC0-4CFB-8B14-DCD50C3B9729}.Ad-Hoc|x86.ActiveCfg = Release|Any CPU
		{1B2F048A-9DC0-4CFB-8B14-DCD50C3B9729}.AppStore|Any CPU.ActiveCfg = Release|Any CPU
		{1B2F048A-9DC0-4CFB-8B14-DCD50C3B9729}.AppStore|Any CPU.Build.0 = Release|Any CPU
		{1B2F048A-9DC0-4CFB-8B14-DCD50C3B9729}.AppStore|Any CPU.Deploy.0 = Release|Any CPU
		{1B2F048A-9DC0-4CFB-8B14-DCD50C3B9729}.AppStore|ARM.ActiveCfg = Release|Any CPU
		{1B2F048A-9DC0-4CFB-8B14-DCD50C3B9729}.AppStore|iPhone.ActiveCfg = Release|Any CPU
		{1B2F048A-9DC0-4CFB-8B14-DCD50C3B9729}.AppStore|iPhoneSimulator.ActiveCfg = Release|Any CPU
		{1B2F048A-9DC0-4CFB-8B14-DCD50C3B9729}.AppStore|Mixed Platforms.ActiveCfg = Release|Any CPU
		{1B2F048A-9DC0-4CFB-8B14-DCD50C3B9729}.AppStore|Mixed Platforms.Build.0 = Release|Any CPU
		{1B2F048A-9DC0-4CFB-8B14-DCD50C3B9729}.AppStore|Mixed Platforms.Deploy.0 = Release|Any CPU
		{1B2F048A-9DC0-4CFB-8B14-DCD50C3B9729}.AppStore|x86.ActiveCfg = Release|Any CPU
		{1B2F048A-9DC0-4CFB-8B14-DCD50C3B9729}.Debug|Any CPU.ActiveCfg = Debug|Any CPU
		{1B2F048A-9DC0-4CFB-8B14-DCD50C3B9729}.Debug|Any CPU.Build.0 = Debug|Any CPU
		{1B2F048A-9DC0-4CFB-8B14-DCD50C3B9729}.Debug|Any CPU.Deploy.0 = Debug|Any CPU
		{1B2F048A-9DC0-4CFB-8B14-DCD50C3B9729}.Debug|ARM.ActiveCfg = Debug|Any CPU
		{1B2F048A-9DC0-4CFB-8B14-DCD50C3B9729}.Debug|iPhone.ActiveCfg = Debug|Any CPU
		{1B2F048A-9DC0-4CFB-8B14-DCD50C3B9729}.Debug|iPhoneSimulator.ActiveCfg = Debug|Any CPU
		{1B2F048A-9DC0-4CFB-8B14-DCD50C3B9729}.Debug|Mixed Platforms.ActiveCfg = Debug|Any CPU
		{1B2F048A-9DC0-4CFB-8B14-DCD50C3B9729}.Debug|Mixed Platforms.Build.0 = Debug|Any CPU
		{1B2F048A-9DC0-4CFB-8B14-DCD50C3B9729}.Debug|Mixed Platforms.Deploy.0 = Debug|Any CPU
		{1B2F048A-9DC0-4CFB-8B14-DCD50C3B9729}.Debug|x86.ActiveCfg = Debug|Any CPU
		{1B2F048A-9DC0-4CFB-8B14-DCD50C3B9729}.Release|Any CPU.ActiveCfg = Release|Any CPU
		{1B2F048A-9DC0-4CFB-8B14-DCD50C3B9729}.Release|Any CPU.Build.0 = Release|Any CPU
		{1B2F048A-9DC0-4CFB-8B14-DCD50C3B9729}.Release|Any CPU.Deploy.0 = Release|Any CPU
		{1B2F048A-9DC0-4CFB-8B14-DCD50C3B9729}.Release|ARM.ActiveCfg = Release|Any CPU
		{1B2F048A-9DC0-4CFB-8B14-DCD50C3B9729}.Release|iPhone.ActiveCfg = Release|Any CPU
		{1B2F048A-9DC0-4CFB-8B14-DCD50C3B9729}.Release|iPhoneSimulator.ActiveCfg = Release|Any CPU
		{1B2F048A-9DC0-4CFB-8B14-DCD50C3B9729}.Release|Mixed Platforms.ActiveCfg = Release|Any CPU
		{1B2F048A-9DC0-4CFB-8B14-DCD50C3B9729}.Release|Mixed Platforms.Build.0 = Release|Any CPU
		{1B2F048A-9DC0-4CFB-8B14-DCD50C3B9729}.Release|Mixed Platforms.Deploy.0 = Release|Any CPU
		{1B2F048A-9DC0-4CFB-8B14-DCD50C3B9729}.Release|x86.ActiveCfg = Release|Any CPU
		{7665CE54-63BF-414C-933F-CDE5A9FCC120}.Ad-Hoc|Any CPU.ActiveCfg = Release|Any CPU
		{7665CE54-63BF-414C-933F-CDE5A9FCC120}.Ad-Hoc|Any CPU.Build.0 = Release|Any CPU
		{7665CE54-63BF-414C-933F-CDE5A9FCC120}.Ad-Hoc|Any CPU.Deploy.0 = Release|Any CPU
		{7665CE54-63BF-414C-933F-CDE5A9FCC120}.Ad-Hoc|ARM.ActiveCfg = Release|ARM
		{7665CE54-63BF-414C-933F-CDE5A9FCC120}.Ad-Hoc|ARM.Build.0 = Release|ARM
		{7665CE54-63BF-414C-933F-CDE5A9FCC120}.Ad-Hoc|ARM.Deploy.0 = Release|ARM
		{7665CE54-63BF-414C-933F-CDE5A9FCC120}.Ad-Hoc|iPhone.ActiveCfg = Release|Any CPU
		{7665CE54-63BF-414C-933F-CDE5A9FCC120}.Ad-Hoc|iPhoneSimulator.ActiveCfg = Release|Any CPU
		{7665CE54-63BF-414C-933F-CDE5A9FCC120}.Ad-Hoc|Mixed Platforms.ActiveCfg = Release|x86
		{7665CE54-63BF-414C-933F-CDE5A9FCC120}.Ad-Hoc|Mixed Platforms.Build.0 = Release|x86
		{7665CE54-63BF-414C-933F-CDE5A9FCC120}.Ad-Hoc|Mixed Platforms.Deploy.0 = Release|x86
		{7665CE54-63BF-414C-933F-CDE5A9FCC120}.Ad-Hoc|x86.ActiveCfg = Release|x86
		{7665CE54-63BF-414C-933F-CDE5A9FCC120}.Ad-Hoc|x86.Build.0 = Release|x86
		{7665CE54-63BF-414C-933F-CDE5A9FCC120}.Ad-Hoc|x86.Deploy.0 = Release|x86
		{7665CE54-63BF-414C-933F-CDE5A9FCC120}.AppStore|Any CPU.ActiveCfg = Release|Any CPU
		{7665CE54-63BF-414C-933F-CDE5A9FCC120}.AppStore|Any CPU.Build.0 = Release|Any CPU
		{7665CE54-63BF-414C-933F-CDE5A9FCC120}.AppStore|Any CPU.Deploy.0 = Release|Any CPU
		{7665CE54-63BF-414C-933F-CDE5A9FCC120}.AppStore|ARM.ActiveCfg = Release|ARM
		{7665CE54-63BF-414C-933F-CDE5A9FCC120}.AppStore|ARM.Build.0 = Release|ARM
		{7665CE54-63BF-414C-933F-CDE5A9FCC120}.AppStore|ARM.Deploy.0 = Release|ARM
		{7665CE54-63BF-414C-933F-CDE5A9FCC120}.AppStore|iPhone.ActiveCfg = Release|Any CPU
		{7665CE54-63BF-414C-933F-CDE5A9FCC120}.AppStore|iPhoneSimulator.ActiveCfg = Release|Any CPU
		{7665CE54-63BF-414C-933F-CDE5A9FCC120}.AppStore|Mixed Platforms.ActiveCfg = Release|x86
		{7665CE54-63BF-414C-933F-CDE5A9FCC120}.AppStore|Mixed Platforms.Build.0 = Release|x86
		{7665CE54-63BF-414C-933F-CDE5A9FCC120}.AppStore|Mixed Platforms.Deploy.0 = Release|x86
		{7665CE54-63BF-414C-933F-CDE5A9FCC120}.AppStore|x86.ActiveCfg = Release|x86
		{7665CE54-63BF-414C-933F-CDE5A9FCC120}.AppStore|x86.Build.0 = Release|x86
		{7665CE54-63BF-414C-933F-CDE5A9FCC120}.AppStore|x86.Deploy.0 = Release|x86
		{7665CE54-63BF-414C-933F-CDE5A9FCC120}.Debug|Any CPU.ActiveCfg = Debug|Any CPU
		{7665CE54-63BF-414C-933F-CDE5A9FCC120}.Debug|Any CPU.Build.0 = Debug|Any CPU
		{7665CE54-63BF-414C-933F-CDE5A9FCC120}.Debug|Any CPU.Deploy.0 = Debug|Any CPU
		{7665CE54-63BF-414C-933F-CDE5A9FCC120}.Debug|ARM.ActiveCfg = Debug|ARM
		{7665CE54-63BF-414C-933F-CDE5A9FCC120}.Debug|ARM.Build.0 = Debug|ARM
		{7665CE54-63BF-414C-933F-CDE5A9FCC120}.Debug|ARM.Deploy.0 = Debug|ARM
		{7665CE54-63BF-414C-933F-CDE5A9FCC120}.Debug|iPhone.ActiveCfg = Debug|Any CPU
		{7665CE54-63BF-414C-933F-CDE5A9FCC120}.Debug|iPhoneSimulator.ActiveCfg = Debug|Any CPU
		{7665CE54-63BF-414C-933F-CDE5A9FCC120}.Debug|Mixed Platforms.ActiveCfg = Debug|Any CPU
		{7665CE54-63BF-414C-933F-CDE5A9FCC120}.Debug|Mixed Platforms.Build.0 = Debug|Any CPU
		{7665CE54-63BF-414C-933F-CDE5A9FCC120}.Debug|Mixed Platforms.Deploy.0 = Debug|Any CPU
		{7665CE54-63BF-414C-933F-CDE5A9FCC120}.Debug|x86.ActiveCfg = Debug|x86
		{7665CE54-63BF-414C-933F-CDE5A9FCC120}.Debug|x86.Build.0 = Debug|x86
		{7665CE54-63BF-414C-933F-CDE5A9FCC120}.Debug|x86.Deploy.0 = Debug|x86
		{7665CE54-63BF-414C-933F-CDE5A9FCC120}.Release|Any CPU.ActiveCfg = Release|Any CPU
		{7665CE54-63BF-414C-933F-CDE5A9FCC120}.Release|Any CPU.Build.0 = Release|Any CPU
		{7665CE54-63BF-414C-933F-CDE5A9FCC120}.Release|Any CPU.Deploy.0 = Release|Any CPU
		{7665CE54-63BF-414C-933F-CDE5A9FCC120}.Release|ARM.ActiveCfg = Release|ARM
		{7665CE54-63BF-414C-933F-CDE5A9FCC120}.Release|ARM.Build.0 = Release|ARM
		{7665CE54-63BF-414C-933F-CDE5A9FCC120}.Release|ARM.Deploy.0 = Release|ARM
		{7665CE54-63BF-414C-933F-CDE5A9FCC120}.Release|iPhone.ActiveCfg = Release|Any CPU
		{7665CE54-63BF-414C-933F-CDE5A9FCC120}.Release|iPhoneSimulator.ActiveCfg = Release|Any CPU
		{7665CE54-63BF-414C-933F-CDE5A9FCC120}.Release|Mixed Platforms.ActiveCfg = Release|x86
		{7665CE54-63BF-414C-933F-CDE5A9FCC120}.Release|Mixed Platforms.Build.0 = Release|x86
		{7665CE54-63BF-414C-933F-CDE5A9FCC120}.Release|Mixed Platforms.Deploy.0 = Release|x86
		{7665CE54-63BF-414C-933F-CDE5A9FCC120}.Release|x86.ActiveCfg = Release|x86
		{7665CE54-63BF-414C-933F-CDE5A9FCC120}.Release|x86.Build.0 = Release|x86
		{7665CE54-63BF-414C-933F-CDE5A9FCC120}.Release|x86.Deploy.0 = Release|x86
	EndGlobalSection
	GlobalSection(SolutionProperties) = preSolution
		HideSolutionNode = FALSE
	EndGlobalSection
EndGlobal
