
Microsoft Visual Studio Solution File, Format Version 12.00
# Visual Studio 2013
VisualStudioVersion = 12.0.30501.0
MinimumVisualStudioVersion = 10.0.40219.1
Project("{FAE04EC0-301F-11D3-BF4B-00C04F79EFBC}") = "ButtonLogger", "ButtonLogger\ButtonLogger\ButtonLogger.csproj", "{03532423-2240-45E2-8A7B-CDF0A7229F3B}"
EndProject
Project("{FAE04EC0-301F-11D3-BF4B-00C04F79EFBC}") = "ButtonLogger.iOS", "ButtonLogger\ButtonLogger.iOS\ButtonLogger.iOS.csproj", "{0BC0B9C4-2016-4076-934F-4FE1957F302B}"
EndProject
Project("{FAE04EC0-301F-11D3-BF4B-00C04F79EFBC}") = "ButtonLogger.Android", "ButtonLogger\ButtonLogger.Android\ButtonLogger.Android.csproj", "{76B0E940-5F79-4013-927E-B1A5868F943E}"
EndProject
Project("{FAE04EC0-301F-11D3-BF4B-00C04F79EFBC}") = "ButtonLogger.WinPhone", "ButtonLogger\ButtonLogger.WinPhone\ButtonLogger.WinPhone.csproj", "{AF8AA6E3-5D06-4503-A5CC-7A588C18F49D}"
EndProject
Global
	GlobalSection(SolutionConfigurationPlatforms) = preSolution
		Ad-Hoc|Any CPU = Ad-Hoc|Any CPU
		Ad-Hoc|ARM = Ad-Hoc|ARM
		Ad-Hoc|iPhone = Ad-Hoc|iPhone
		Ad-Hoc|iPhoneSimulator = Ad-Hoc|iPhoneSimulator
		Ad-Hoc|Mixed Platforms = Ad-Hoc|Mixed Platforms
		Ad-Hoc|x86 = Ad-Hoc|x86
		AppStore|Any CPU = AppStore|Any CPU
		AppStore|ARM = AppStore|ARM
		AppStore|iPhone = AppStore|iPhone
		AppStore|iPhoneSimulator = AppStore|iPhoneSimulator
		AppStore|Mixed Platforms = AppStore|Mixed Platforms
		AppStore|x86 = AppStore|x86
		Debug|Any CPU = Debug|Any CPU
		Debug|ARM = Debug|ARM
		Debug|iPhone = Debug|iPhone
		Debug|iPhoneSimulator = Debug|iPhoneSimulator
		Debug|Mixed Platforms = Debug|Mixed Platforms
		Debug|x86 = Debug|x86
		Release|Any CPU = Release|Any CPU
		Release|ARM = Release|ARM
		Release|iPhone = Release|iPhone
		Release|iPhoneSimulator = Release|iPhoneSimulator
		Release|Mixed Platforms = Release|Mixed Platforms
		Release|x86 = Release|x86
	EndGlobalSection
	GlobalSection(ProjectConfigurationPlatforms) = postSolution
		{03532423-2240-45E2-8A7B-CDF0A7229F3B}.Ad-Hoc|Any CPU.ActiveCfg = Release|Any CPU
		{03532423-2240-45E2-8A7B-CDF0A7229F3B}.Ad-Hoc|Any CPU.Build.0 = Release|Any CPU
		{03532423-2240-45E2-8A7B-CDF0A7229F3B}.Ad-Hoc|ARM.ActiveCfg = Release|Any CPU
		{03532423-2240-45E2-8A7B-CDF0A7229F3B}.Ad-Hoc|iPhone.ActiveCfg = Release|Any CPU
		{03532423-2240-45E2-8A7B-CDF0A7229F3B}.Ad-Hoc|iPhoneSimulator.ActiveCfg = Release|Any CPU
		{03532423-2240-45E2-8A7B-CDF0A7229F3B}.Ad-Hoc|Mixed Platforms.ActiveCfg = Release|Any CPU
		{03532423-2240-45E2-8A7B-CDF0A7229F3B}.Ad-Hoc|Mixed Platforms.Build.0 = Release|Any CPU
		{03532423-2240-45E2-8A7B-CDF0A7229F3B}.Ad-Hoc|x86.ActiveCfg = Release|Any CPU
		{03532423-2240-45E2-8A7B-CDF0A7229F3B}.AppStore|Any CPU.ActiveCfg = Release|Any CPU
		{03532423-2240-45E2-8A7B-CDF0A7229F3B}.AppStore|Any CPU.Build.0 = Release|Any CPU
		{03532423-2240-45E2-8A7B-CDF0A7229F3B}.AppStore|ARM.ActiveCfg = Release|Any CPU
		{03532423-2240-45E2-8A7B-CDF0A7229F3B}.AppStore|iPhone.ActiveCfg = Release|Any CPU
		{03532423-2240-45E2-8A7B-CDF0A7229F3B}.AppStore|iPhoneSimulator.ActiveCfg = Release|Any CPU
		{03532423-2240-45E2-8A7B-CDF0A7229F3B}.AppStore|Mixed Platforms.ActiveCfg = Release|Any CPU
		{03532423-2240-45E2-8A7B-CDF0A7229F3B}.AppStore|Mixed Platforms.Build.0 = Release|Any CPU
		{03532423-2240-45E2-8A7B-CDF0A7229F3B}.AppStore|x86.ActiveCfg = Release|Any CPU
		{03532423-2240-45E2-8A7B-CDF0A7229F3B}.Debug|Any CPU.ActiveCfg = Debug|Any CPU
		{03532423-2240-45E2-8A7B-CDF0A7229F3B}.Debug|Any CPU.Build.0 = Debug|Any CPU
		{03532423-2240-45E2-8A7B-CDF0A7229F3B}.Debug|ARM.ActiveCfg = Debug|Any CPU
		{03532423-2240-45E2-8A7B-CDF0A7229F3B}.Debug|iPhone.ActiveCfg = Debug|Any CPU
		{03532423-2240-45E2-8A7B-CDF0A7229F3B}.Debug|iPhoneSimulator.ActiveCfg = Debug|Any CPU
		{03532423-2240-45E2-8A7B-CDF0A7229F3B}.Debug|Mixed Platforms.ActiveCfg = Debug|Any CPU
		{03532423-2240-45E2-8A7B-CDF0A7229F3B}.Debug|Mixed Platforms.Build.0 = Debug|Any CPU
		{03532423-2240-45E2-8A7B-CDF0A7229F3B}.Debug|x86.ActiveCfg = Debug|Any CPU
		{03532423-2240-45E2-8A7B-CDF0A7229F3B}.Release|Any CPU.ActiveCfg = Release|Any CPU
		{03532423-2240-45E2-8A7B-CDF0A7229F3B}.Release|Any CPU.Build.0 = Release|Any CPU
		{03532423-2240-45E2-8A7B-CDF0A7229F3B}.Release|ARM.ActiveCfg = Release|Any CPU
		{03532423-2240-45E2-8A7B-CDF0A7229F3B}.Release|iPhone.ActiveCfg = Release|Any CPU
		{03532423-2240-45E2-8A7B-CDF0A7229F3B}.Release|iPhoneSimulator.ActiveCfg = Release|Any CPU
		{03532423-2240-45E2-8A7B-CDF0A7229F3B}.Release|Mixed Platforms.ActiveCfg = Release|Any CPU
		{03532423-2240-45E2-8A7B-CDF0A7229F3B}.Release|Mixed Platforms.Build.0 = Release|Any CPU
		{03532423-2240-45E2-8A7B-CDF0A7229F3B}.Release|x86.ActiveCfg = Release|Any CPU
		{0BC0B9C4-2016-4076-934F-4FE1957F302B}.Ad-Hoc|Any CPU.ActiveCfg = Ad-Hoc|iPhone
		{0BC0B9C4-2016-4076-934F-4FE1957F302B}.Ad-Hoc|ARM.ActiveCfg = Ad-Hoc|iPhone
		{0BC0B9C4-2016-4076-934F-4FE1957F302B}.Ad-Hoc|iPhone.ActiveCfg = Ad-Hoc|iPhone
		{0BC0B9C4-2016-4076-934F-4FE1957F302B}.Ad-Hoc|iPhone.Build.0 = Ad-Hoc|iPhone
		{0BC0B9C4-2016-4076-934F-4FE1957F302B}.Ad-Hoc|iPhone.Deploy.0 = Ad-Hoc|iPhone
		{0BC0B9C4-2016-4076-934F-4FE1957F302B}.Ad-Hoc|iPhoneSimulator.ActiveCfg = Ad-Hoc|iPhoneSimulator
		{0BC0B9C4-2016-4076-934F-4FE1957F302B}.Ad-Hoc|iPhoneSimulator.Build.0 = Ad-Hoc|iPhoneSimulator
		{0BC0B9C4-2016-4076-934F-4FE1957F302B}.Ad-Hoc|iPhoneSimulator.Deploy.0 = Ad-Hoc|iPhoneSimulator
		{0BC0B9C4-2016-4076-934F-4FE1957F302B}.Ad-Hoc|Mixed Platforms.ActiveCfg = Ad-Hoc|iPhone
		{0BC0B9C4-2016-4076-934F-4FE1957F302B}.Ad-Hoc|Mixed Platforms.Build.0 = Ad-Hoc|iPhone
		{0BC0B9C4-2016-4076-934F-4FE1957F302B}.Ad-Hoc|Mixed Platforms.Deploy.0 = Ad-Hoc|iPhone
		{0BC0B9C4-2016-4076-934F-4FE1957F302B}.Ad-Hoc|x86.ActiveCfg = Ad-Hoc|iPhone
		{0BC0B9C4-2016-4076-934F-4FE1957F302B}.AppStore|Any CPU.ActiveCfg = AppStore|iPhone
		{0BC0B9C4-2016-4076-934F-4FE1957F302B}.AppStore|ARM.ActiveCfg = AppStore|iPhone
		{0BC0B9C4-2016-4076-934F-4FE1957F302B}.AppStore|iPhone.ActiveCfg = AppStore|iPhone
		{0BC0B9C4-2016-4076-934F-4FE1957F302B}.AppStore|iPhone.Build.0 = AppStore|iPhone
		{0BC0B9C4-2016-4076-934F-4FE1957F302B}.AppStore|iPhone.Deploy.0 = AppStore|iPhone
		{0BC0B9C4-2016-4076-934F-4FE1957F302B}.AppStore|iPhoneSimulator.ActiveCfg = AppStore|iPhoneSimulator
		{0BC0B9C4-2016-4076-934F-4FE1957F302B}.AppStore|iPhoneSimulator.Build.0 = AppStore|iPhoneSimulator
		{0BC0B9C4-2016-4076-934F-4FE1957F302B}.AppStore|iPhoneSimulator.Deploy.0 = AppStore|iPhoneSimulator
		{0BC0B9C4-2016-4076-934F-4FE1957F302B}.AppStore|Mixed Platforms.ActiveCfg = AppStore|iPhone
		{0BC0B9C4-2016-4076-934F-4FE1957F302B}.AppStore|Mixed Platforms.Build.0 = AppStore|iPhone
		{0BC0B9C4-2016-4076-934F-4FE1957F302B}.AppStore|Mixed Platforms.Deploy.0 = AppStore|iPhone
		{0BC0B9C4-2016-4076-934F-4FE1957F302B}.AppStore|x86.ActiveCfg = AppStore|iPhone
		{0BC0B9C4-2016-4076-934F-4FE1957F302B}.Debug|Any CPU.ActiveCfg = Debug|iPhone
		{0BC0B9C4-2016-4076-934F-4FE1957F302B}.Debug|ARM.ActiveCfg = Debug|iPhone
		{0BC0B9C4-2016-4076-934F-4FE1957F302B}.Debug|iPhone.ActiveCfg = Debug|iPhone
		{0BC0B9C4-2016-4076-934F-4FE1957F302B}.Debug|iPhone.Build.0 = Debug|iPhone
		{0BC0B9C4-2016-4076-934F-4FE1957F302B}.Debug|iPhone.Deploy.0 = Debug|iPhone
		{0BC0B9C4-2016-4076-934F-4FE1957F302B}.Debug|iPhoneSimulator.ActiveCfg = Debug|iPhoneSimulator
		{0BC0B9C4-2016-4076-934F-4FE1957F302B}.Debug|iPhoneSimulator.Build.0 = Debug|iPhoneSimulator
		{0BC0B9C4-2016-4076-934F-4FE1957F302B}.Debug|iPhoneSimulator.Deploy.0 = Debug|iPhoneSimulator
		{0BC0B9C4-2016-4076-934F-4FE1957F302B}.Debug|Mixed Platforms.ActiveCfg = Debug|iPhoneSimulator
		{0BC0B9C4-2016-4076-934F-4FE1957F302B}.Debug|Mixed Platforms.Build.0 = Debug|iPhoneSimulator
		{0BC0B9C4-2016-4076-934F-4FE1957F302B}.Debug|Mixed Platforms.Deploy.0 = Debug|iPhoneSimulator
		{0BC0B9C4-2016-4076-934F-4FE1957F302B}.Debug|x86.ActiveCfg = Debug|iPhone
		{0BC0B9C4-2016-4076-934F-4FE1957F302B}.Release|Any CPU.ActiveCfg = Release|iPhone
		{0BC0B9C4-2016-4076-934F-4FE1957F302B}.Release|ARM.ActiveCfg = Release|iPhone
		{0BC0B9C4-2016-4076-934F-4FE1957F302B}.Release|iPhone.ActiveCfg = Release|iPhone
		{0BC0B9C4-2016-4076-934F-4FE1957F302B}.Release|iPhone.Build.0 = Release|iPhone
		{0BC0B9C4-2016-4076-934F-4FE1957F302B}.Release|iPhone.Deploy.0 = Release|iPhone
		{0BC0B9C4-2016-4076-934F-4FE1957F302B}.Release|iPhoneSimulator.ActiveCfg = Release|iPhoneSimulator
		{0BC0B9C4-2016-4076-934F-4FE1957F302B}.Release|iPhoneSimulator.Build.0 = Release|iPhoneSimulator
		{0BC0B9C4-2016-4076-934F-4FE1957F302B}.Release|iPhoneSimulator.Deploy.0 = Release|iPhoneSimulator
		{0BC0B9C4-2016-4076-934F-4FE1957F302B}.Release|Mixed Platforms.ActiveCfg = Release|iPhone
		{0BC0B9C4-2016-4076-934F-4FE1957F302B}.Release|Mixed Platforms.Build.0 = Release|iPhone
		{0BC0B9C4-2016-4076-934F-4FE1957F302B}.Release|Mixed Platforms.Deploy.0 = Release|iPhone
		{0BC0B9C4-2016-4076-934F-4FE1957F302B}.Release|x86.ActiveCfg = Release|iPhone
		{76B0E940-5F79-4013-927E-B1A5868F943E}.Ad-Hoc|Any CPU.ActiveCfg = Release|Any CPU
		{76B0E940-5F79-4013-927E-B1A5868F943E}.Ad-Hoc|Any CPU.Build.0 = Release|Any CPU
		{76B0E940-5F79-4013-927E-B1A5868F943E}.Ad-Hoc|Any CPU.Deploy.0 = Release|Any CPU
		{76B0E940-5F79-4013-927E-B1A5868F943E}.Ad-Hoc|ARM.ActiveCfg = Release|Any CPU
		{76B0E940-5F79-4013-927E-B1A5868F943E}.Ad-Hoc|iPhone.ActiveCfg = Release|Any CPU
		{76B0E940-5F79-4013-927E-B1A5868F943E}.Ad-Hoc|iPhoneSimulator.ActiveCfg = Release|Any CPU
		{76B0E940-5F79-4013-927E-B1A5868F943E}.Ad-Hoc|Mixed Platforms.ActiveCfg = Release|Any CPU
		{76B0E940-5F79-4013-927E-B1A5868F943E}.Ad-Hoc|Mixed Platforms.Build.0 = Release|Any CPU
		{76B0E940-5F79-4013-927E-B1A5868F943E}.Ad-Hoc|Mixed Platforms.Deploy.0 = Release|Any CPU
		{76B0E940-5F79-4013-927E-B1A5868F943E}.Ad-Hoc|x86.ActiveCfg = Release|Any CPU
		{76B0E940-5F79-4013-927E-B1A5868F943E}.AppStore|Any CPU.ActiveCfg = Release|Any CPU
		{76B0E940-5F79-4013-927E-B1A5868F943E}.AppStore|Any CPU.Build.0 = Release|Any CPU
		{76B0E940-5F79-4013-927E-B1A5868F943E}.AppStore|Any CPU.Deploy.0 = Release|Any CPU
		{76B0E940-5F79-4013-927E-B1A5868F943E}.AppStore|ARM.ActiveCfg = Release|Any CPU
		{76B0E940-5F79-4013-927E-B1A5868F943E}.AppStore|iPhone.ActiveCfg = Release|Any CPU
		{76B0E940-5F79-4013-927E-B1A5868F943E}.AppStore|iPhoneSimulator.ActiveCfg = Release|Any CPU
		{76B0E940-5F79-4013-927E-B1A5868F943E}.AppStore|Mixed Platforms.ActiveCfg = Release|Any CPU
		{76B0E940-5F79-4013-927E-B1A5868F943E}.AppStore|Mixed Platforms.Build.0 = Release|Any CPU
		{76B0E940-5F79-4013-927E-B1A5868F943E}.AppStore|Mixed Platforms.Deploy.0 = Release|Any CPU
		{76B0E940-5F79-4013-927E-B1A5868F943E}.AppStore|x86.ActiveCfg = Release|Any CPU
		{76B0E940-5F79-4013-927E-B1A5868F943E}.Debug|Any CPU.ActiveCfg = Debug|Any CPU
		{76B0E940-5F79-4013-927E-B1A5868F943E}.Debug|Any CPU.Build.0 = Debug|Any CPU
		{76B0E940-5F79-4013-927E-B1A5868F943E}.Debug|Any CPU.Deploy.0 = Debug|Any CPU
		{76B0E940-5F79-4013-927E-B1A5868F943E}.Debug|ARM.ActiveCfg = Debug|Any CPU
		{76B0E940-5F79-4013-927E-B1A5868F943E}.Debug|iPhone.ActiveCfg = Debug|Any CPU
		{76B0E940-5F79-4013-927E-B1A5868F943E}.Debug|iPhoneSimulator.ActiveCfg = Debug|Any CPU
		{76B0E940-5F79-4013-927E-B1A5868F943E}.Debug|Mixed Platforms.ActiveCfg = Debug|Any CPU
		{76B0E940-5F79-4013-927E-B1A5868F943E}.Debug|Mixed Platforms.Build.0 = Debug|Any CPU
		{76B0E940-5F79-4013-927E-B1A5868F943E}.Debug|Mixed Platforms.Deploy.0 = Debug|Any CPU
		{76B0E940-5F79-4013-927E-B1A5868F943E}.Debug|x86.ActiveCfg = Debug|Any CPU
		{76B0E940-5F79-4013-927E-B1A5868F943E}.Release|Any CPU.ActiveCfg = Release|Any CPU
		{76B0E940-5F79-4013-927E-B1A5868F943E}.Release|Any CPU.Build.0 = Release|Any CPU
		{76B0E940-5F79-4013-927E-B1A5868F943E}.Release|Any CPU.Deploy.0 = Release|Any CPU
		{76B0E940-5F79-4013-927E-B1A5868F943E}.Release|ARM.ActiveCfg = Release|Any CPU
		{76B0E940-5F79-4013-927E-B1A5868F943E}.Release|iPhone.ActiveCfg = Release|Any CPU
		{76B0E940-5F79-4013-927E-B1A5868F943E}.Release|iPhoneSimulator.ActiveCfg = Release|Any CPU
		{76B0E940-5F79-4013-927E-B1A5868F943E}.Release|Mixed Platforms.ActiveCfg = Release|Any CPU
		{76B0E940-5F79-4013-927E-B1A5868F943E}.Release|Mixed Platforms.Build.0 = Release|Any CPU
		{76B0E940-5F79-4013-927E-B1A5868F943E}.Release|Mixed Platforms.Deploy.0 = Release|Any CPU
		{76B0E940-5F79-4013-927E-B1A5868F943E}.Release|x86.ActiveCfg = Release|Any CPU
		{AF8AA6E3-5D06-4503-A5CC-7A588C18F49D}.Ad-Hoc|Any CPU.ActiveCfg = Release|Any CPU
		{AF8AA6E3-5D06-4503-A5CC-7A588C18F49D}.Ad-Hoc|Any CPU.Build.0 = Release|Any CPU
		{AF8AA6E3-5D06-4503-A5CC-7A588C18F49D}.Ad-Hoc|Any CPU.Deploy.0 = Release|Any CPU
		{AF8AA6E3-5D06-4503-A5CC-7A588C18F49D}.Ad-Hoc|ARM.ActiveCfg = Release|ARM
		{AF8AA6E3-5D06-4503-A5CC-7A588C18F49D}.Ad-Hoc|ARM.Build.0 = Release|ARM
		{AF8AA6E3-5D06-4503-A5CC-7A588C18F49D}.Ad-Hoc|ARM.Deploy.0 = Release|ARM
		{AF8AA6E3-5D06-4503-A5CC-7A588C18F49D}.Ad-Hoc|iPhone.ActiveCfg = Release|Any CPU
		{AF8AA6E3-5D06-4503-A5CC-7A588C18F49D}.Ad-Hoc|iPhoneSimulator.ActiveCfg = Release|Any CPU
		{AF8AA6E3-5D06-4503-A5CC-7A588C18F49D}.Ad-Hoc|Mixed Platforms.ActiveCfg = Release|x86
		{AF8AA6E3-5D06-4503-A5CC-7A588C18F49D}.Ad-Hoc|Mixed Platforms.Build.0 = Release|x86
		{AF8AA6E3-5D06-4503-A5CC-7A588C18F49D}.Ad-Hoc|Mixed Platforms.Deploy.0 = Release|x86
		{AF8AA6E3-5D06-4503-A5CC-7A588C18F49D}.Ad-Hoc|x86.ActiveCfg = Release|x86
		{AF8AA6E3-5D06-4503-A5CC-7A588C18F49D}.Ad-Hoc|x86.Build.0 = Release|x86
		{AF8AA6E3-5D06-4503-A5CC-7A588C18F49D}.Ad-Hoc|x86.Deploy.0 = Release|x86
		{AF8AA6E3-5D06-4503-A5CC-7A588C18F49D}.AppStore|Any CPU.ActiveCfg = Release|Any CPU
		{AF8AA6E3-5D06-4503-A5CC-7A588C18F49D}.AppStore|Any CPU.Build.0 = Release|Any CPU
		{AF8AA6E3-5D06-4503-A5CC-7A588C18F49D}.AppStore|Any CPU.Deploy.0 = Release|Any CPU
		{AF8AA6E3-5D06-4503-A5CC-7A588C18F49D}.AppStore|ARM.ActiveCfg = Release|ARM
		{AF8AA6E3-5D06-4503-A5CC-7A588C18F49D}.AppStore|ARM.Build.0 = Release|ARM
		{AF8AA6E3-5D06-4503-A5CC-7A588C18F49D}.AppStore|ARM.Deploy.0 = Release|ARM
		{AF8AA6E3-5D06-4503-A5CC-7A588C18F49D}.AppStore|iPhone.ActiveCfg = Release|Any CPU
		{AF8AA6E3-5D06-4503-A5CC-7A588C18F49D}.AppStore|iPhoneSimulator.ActiveCfg = Release|Any CPU
		{AF8AA6E3-5D06-4503-A5CC-7A588C18F49D}.AppStore|Mixed Platforms.ActiveCfg = Release|x86
		{AF8AA6E3-5D06-4503-A5CC-7A588C18F49D}.AppStore|Mixed Platforms.Build.0 = Release|x86
		{AF8AA6E3-5D06-4503-A5CC-7A588C18F49D}.AppStore|Mixed Platforms.Deploy.0 = Release|x86
		{AF8AA6E3-5D06-4503-A5CC-7A588C18F49D}.AppStore|x86.ActiveCfg = Release|x86
		{AF8AA6E3-5D06-4503-A5CC-7A588C18F49D}.AppStore|x86.Build.0 = Release|x86
		{AF8AA6E3-5D06-4503-A5CC-7A588C18F49D}.AppStore|x86.Deploy.0 = Release|x86
		{AF8AA6E3-5D06-4503-A5CC-7A588C18F49D}.Debug|Any CPU.ActiveCfg = Debug|Any CPU
		{AF8AA6E3-5D06-4503-A5CC-7A588C18F49D}.Debug|Any CPU.Build.0 = Debug|Any CPU
		{AF8AA6E3-5D06-4503-A5CC-7A588C18F49D}.Debug|Any CPU.Deploy.0 = Debug|Any CPU
		{AF8AA6E3-5D06-4503-A5CC-7A588C18F49D}.Debug|ARM.ActiveCfg = Debug|ARM
		{AF8AA6E3-5D06-4503-A5CC-7A588C18F49D}.Debug|ARM.Build.0 = Debug|ARM
		{AF8AA6E3-5D06-4503-A5CC-7A588C18F49D}.Debug|ARM.Deploy.0 = Debug|ARM
		{AF8AA6E3-5D06-4503-A5CC-7A588C18F49D}.Debug|iPhone.ActiveCfg = Debug|Any CPU
		{AF8AA6E3-5D06-4503-A5CC-7A588C18F49D}.Debug|iPhoneSimulator.ActiveCfg = Debug|Any CPU
		{AF8AA6E3-5D06-4503-A5CC-7A588C18F49D}.Debug|Mixed Platforms.ActiveCfg = Debug|Any CPU
		{AF8AA6E3-5D06-4503-A5CC-7A588C18F49D}.Debug|Mixed Platforms.Build.0 = Debug|Any CPU
		{AF8AA6E3-5D06-4503-A5CC-7A588C18F49D}.Debug|Mixed Platforms.Deploy.0 = Debug|Any CPU
		{AF8AA6E3-5D06-4503-A5CC-7A588C18F49D}.Debug|x86.ActiveCfg = Debug|x86
		{AF8AA6E3-5D06-4503-A5CC-7A588C18F49D}.Debug|x86.Build.0 = Debug|x86
		{AF8AA6E3-5D06-4503-A5CC-7A588C18F49D}.Debug|x86.Deploy.0 = Debug|x86
		{AF8AA6E3-5D06-4503-A5CC-7A588C18F49D}.Release|Any CPU.ActiveCfg = Release|Any CPU
		{AF8AA6E3-5D06-4503-A5CC-7A588C18F49D}.Release|Any CPU.Build.0 = Release|Any CPU
		{AF8AA6E3-5D06-4503-A5CC-7A588C18F49D}.Release|Any CPU.Deploy.0 = Release|Any CPU
		{AF8AA6E3-5D06-4503-A5CC-7A588C18F49D}.Release|ARM.ActiveCfg = Release|ARM
		{AF8AA6E3-5D06-4503-A5CC-7A588C18F49D}.Release|ARM.Build.0 = Release|ARM
		{AF8AA6E3-5D06-4503-A5CC-7A588C18F49D}.Release|ARM.Deploy.0 = Release|ARM
		{AF8AA6E3-5D06-4503-A5CC-7A588C18F49D}.Release|iPhone.ActiveCfg = Release|Any CPU
		{AF8AA6E3-5D06-4503-A5CC-7A588C18F49D}.Release|iPhoneSimulator.ActiveCfg = Release|Any CPU
		{AF8AA6E3-5D06-4503-A5CC-7A588C18F49D}.Release|Mixed Platforms.ActiveCfg = Release|x86
		{AF8AA6E3-5D06-4503-A5CC-7A588C18F49D}.Release|Mixed Platforms.Build.0 = Release|x86
		{AF8AA6E3-5D06-4503-A5CC-7A588C18F49D}.Release|Mixed Platforms.Deploy.0 = Release|x86
		{AF8AA6E3-5D06-4503-A5CC-7A588C18F49D}.Release|x86.ActiveCfg = Release|x86
		{AF8AA6E3-5D06-4503-A5CC-7A588C18F49D}.Release|x86.Build.0 = Release|x86
		{AF8AA6E3-5D06-4503-A5CC-7A588C18F49D}.Release|x86.Deploy.0 = Release|x86
	EndGlobalSection
	GlobalSection(SolutionProperties) = preSolution
		HideSolutionNode = FALSE
	EndGlobalSection
EndGlobal
