
Microsoft Visual Studio Solution File, Format Version 12.00
# Visual Studio 2013
VisualStudioVersion = 12.0.30723.0
MinimumVisualStudioVersion = 10.0.40219.1
Project("{FAE04EC0-301F-11D3-BF4B-00C04F79EFBC}") = "FontSizes", "FontSizes\FontSizes\FontSizes.csproj", "{C44FFFD0-048A-4814-A3D9-68C526E0E234}"
EndProject
Project("{FAE04EC0-301F-11D3-BF4B-00C04F79EFBC}") = "FontSizes.iOS", "FontSizes\FontSizes.iOS\FontSizes.iOS.csproj", "{3F886C19-2FDB-4A18-B37E-90BE4E418590}"
EndProject
Project("{FAE04EC0-301F-11D3-BF4B-00C04F79EFBC}") = "FontSizes.Android", "FontSizes\FontSizes.Android\FontSizes.Android.csproj", "{B5046689-DBF6-40FD-8EFB-CBB8B625F01E}"
EndProject
Project("{FAE04EC0-301F-11D3-BF4B-00C04F79EFBC}") = "FontSizes.WinPhone", "FontSizes\FontSizes.WinPhone\FontSizes.WinPhone.csproj", "{A2A4DDD1-8299-42CC-9150-E79AF6D41994}"
EndProject
Global
	GlobalSection(SolutionConfigurationPlatforms) = preSolution
		Ad-Hoc|Any CPU = Ad-Hoc|Any CPU
		Ad-Hoc|ARM = Ad-Hoc|ARM
		Ad-Hoc|iPhone = Ad-Hoc|iPhone
		Ad-Hoc|iPhoneSimulator = Ad-Hoc|iPhoneSimulator
		Ad-Hoc|Mixed Platforms = Ad-Hoc|Mixed Platforms
		Ad-Hoc|x86 = Ad-Hoc|x86
		AppStore|Any CPU = AppStore|Any CPU
		AppStore|ARM = AppStore|ARM
		AppStore|iPhone = AppStore|iPhone
		AppStore|iPhoneSimulator = AppStore|iPhoneSimulator
		AppStore|Mixed Platforms = AppStore|Mixed Platforms
		AppStore|x86 = AppStore|x86
		Debug|Any CPU = Debug|Any CPU
		Debug|ARM = Debug|ARM
		Debug|iPhone = Debug|iPhone
		Debug|iPhoneSimulator = Debug|iPhoneSimulator
		Debug|Mixed Platforms = Debug|Mixed Platforms
		Debug|x86 = Debug|x86
		Release|Any CPU = Release|Any CPU
		Release|ARM = Release|ARM
		Release|iPhone = Release|iPhone
		Release|iPhoneSimulator = Release|iPhoneSimulator
		Release|Mixed Platforms = Release|Mixed Platforms
		Release|x86 = Release|x86
	EndGlobalSection
	GlobalSection(ProjectConfigurationPlatforms) = postSolution
		{C44FFFD0-048A-4814-A3D9-68C526E0E234}.Ad-Hoc|Any CPU.ActiveCfg = Release|Any CPU
		{C44FFFD0-048A-4814-A3D9-68C526E0E234}.Ad-Hoc|Any CPU.Build.0 = Release|Any CPU
		{C44FFFD0-048A-4814-A3D9-68C526E0E234}.Ad-Hoc|ARM.ActiveCfg = Release|Any CPU
		{C44FFFD0-048A-4814-A3D9-68C526E0E234}.Ad-Hoc|iPhone.ActiveCfg = Release|Any CPU
		{C44FFFD0-048A-4814-A3D9-68C526E0E234}.Ad-Hoc|iPhoneSimulator.ActiveCfg = Release|Any CPU
		{C44FFFD0-048A-4814-A3D9-68C526E0E234}.Ad-Hoc|Mixed Platforms.ActiveCfg = Release|Any CPU
		{C44FFFD0-048A-4814-A3D9-68C526E0E234}.Ad-Hoc|Mixed Platforms.Build.0 = Release|Any CPU
		{C44FFFD0-048A-4814-A3D9-68C526E0E234}.Ad-Hoc|x86.ActiveCfg = Release|Any CPU
		{C44FFFD0-048A-4814-A3D9-68C526E0E234}.AppStore|Any CPU.ActiveCfg = Release|Any CPU
		{C44FFFD0-048A-4814-A3D9-68C526E0E234}.AppStore|Any CPU.Build.0 = Release|Any CPU
		{C44FFFD0-048A-4814-A3D9-68C526E0E234}.AppStore|ARM.ActiveCfg = Release|Any CPU
		{C44FFFD0-048A-4814-A3D9-68C526E0E234}.AppStore|iPhone.ActiveCfg = Release|Any CPU
		{C44FFFD0-048A-4814-A3D9-68C526E0E234}.AppStore|iPhoneSimulator.ActiveCfg = Release|Any CPU
		{C44FFFD0-048A-4814-A3D9-68C526E0E234}.AppStore|Mixed Platforms.ActiveCfg = Release|Any CPU
		{C44FFFD0-048A-4814-A3D9-68C526E0E234}.AppStore|Mixed Platforms.Build.0 = Release|Any CPU
		{C44FFFD0-048A-4814-A3D9-68C526E0E234}.AppStore|x86.ActiveCfg = Release|Any CPU
		{C44FFFD0-048A-4814-A3D9-68C526E0E234}.Debug|Any CPU.ActiveCfg = Debug|Any CPU
		{C44FFFD0-048A-4814-A3D9-68C526E0E234}.Debug|Any CPU.Build.0 = Debug|Any CPU
		{C44FFFD0-048A-4814-A3D9-68C526E0E234}.Debug|ARM.ActiveCfg = Debug|Any CPU
		{C44FFFD0-048A-4814-A3D9-68C526E0E234}.Debug|iPhone.ActiveCfg = Debug|Any CPU
		{C44FFFD0-048A-4814-A3D9-68C526E0E234}.Debug|iPhoneSimulator.ActiveCfg = Debug|Any CPU
		{C44FFFD0-048A-4814-A3D9-68C526E0E234}.Debug|Mixed Platforms.ActiveCfg = Debug|Any CPU
		{C44FFFD0-048A-4814-A3D9-68C526E0E234}.Debug|Mixed Platforms.Build.0 = Debug|Any CPU
		{C44FFFD0-048A-4814-A3D9-68C526E0E234}.Debug|x86.ActiveCfg = Debug|Any CPU
		{C44FFFD0-048A-4814-A3D9-68C526E0E234}.Release|Any CPU.ActiveCfg = Release|Any CPU
		{C44FFFD0-048A-4814-A3D9-68C526E0E234}.Release|Any CPU.Build.0 = Release|Any CPU
		{C44FFFD0-048A-4814-A3D9-68C526E0E234}.Release|ARM.ActiveCfg = Release|Any CPU
		{C44FFFD0-048A-4814-A3D9-68C526E0E234}.Release|iPhone.ActiveCfg = Release|Any CPU
		{C44FFFD0-048A-4814-A3D9-68C526E0E234}.Release|iPhoneSimulator.ActiveCfg = Release|Any CPU
		{C44FFFD0-048A-4814-A3D9-68C526E0E234}.Release|Mixed Platforms.ActiveCfg = Release|Any CPU
		{C44FFFD0-048A-4814-A3D9-68C526E0E234}.Release|Mixed Platforms.Build.0 = Release|Any CPU
		{C44FFFD0-048A-4814-A3D9-68C526E0E234}.Release|x86.ActiveCfg = Release|Any CPU
		{3F886C19-2FDB-4A18-B37E-90BE4E418590}.Ad-Hoc|Any CPU.ActiveCfg = Ad-Hoc|iPhone
		{3F886C19-2FDB-4A18-B37E-90BE4E418590}.Ad-Hoc|ARM.ActiveCfg = Ad-Hoc|iPhone
		{3F886C19-2FDB-4A18-B37E-90BE4E418590}.Ad-Hoc|iPhone.ActiveCfg = Ad-Hoc|iPhone
		{3F886C19-2FDB-4A18-B37E-90BE4E418590}.Ad-Hoc|iPhone.Build.0 = Ad-Hoc|iPhone
		{3F886C19-2FDB-4A18-B37E-90BE4E418590}.Ad-Hoc|iPhone.Deploy.0 = Ad-Hoc|iPhone
		{3F886C19-2FDB-4A18-B37E-90BE4E418590}.Ad-Hoc|iPhoneSimulator.ActiveCfg = Ad-Hoc|iPhoneSimulator
		{3F886C19-2FDB-4A18-B37E-90BE4E418590}.Ad-Hoc|iPhoneSimulator.Build.0 = Ad-Hoc|iPhoneSimulator
		{3F886C19-2FDB-4A18-B37E-90BE4E418590}.Ad-Hoc|iPhoneSimulator.Deploy.0 = Ad-Hoc|iPhoneSimulator
		{3F886C19-2FDB-4A18-B37E-90BE4E418590}.Ad-Hoc|Mixed Platforms.ActiveCfg = Ad-Hoc|iPhone
		{3F886C19-2FDB-4A18-B37E-90BE4E418590}.Ad-Hoc|Mixed Platforms.Build.0 = Ad-Hoc|iPhone
		{3F886C19-2FDB-4A18-B37E-90BE4E418590}.Ad-Hoc|Mixed Platforms.Deploy.0 = Ad-Hoc|iPhone
		{3F886C19-2FDB-4A18-B37E-90BE4E418590}.Ad-Hoc|x86.ActiveCfg = Ad-Hoc|iPhone
		{3F886C19-2FDB-4A18-B37E-90BE4E418590}.AppStore|Any CPU.ActiveCfg = AppStore|iPhone
		{3F886C19-2FDB-4A18-B37E-90BE4E418590}.AppStore|ARM.ActiveCfg = AppStore|iPhone
		{3F886C19-2FDB-4A18-B37E-90BE4E418590}.AppStore|iPhone.ActiveCfg = AppStore|iPhone
		{3F886C19-2FDB-4A18-B37E-90BE4E418590}.AppStore|iPhone.Build.0 = AppStore|iPhone
		{3F886C19-2FDB-4A18-B37E-90BE4E418590}.AppStore|iPhone.Deploy.0 = AppStore|iPhone
		{3F886C19-2FDB-4A18-B37E-90BE4E418590}.AppStore|iPhoneSimulator.ActiveCfg = AppStore|iPhoneSimulator
		{3F886C19-2FDB-4A18-B37E-90BE4E418590}.AppStore|iPhoneSimulator.Build.0 = AppStore|iPhoneSimulator
		{3F886C19-2FDB-4A18-B37E-90BE4E418590}.AppStore|iPhoneSimulator.Deploy.0 = AppStore|iPhoneSimulator
		{3F886C19-2FDB-4A18-B37E-90BE4E418590}.AppStore|Mixed Platforms.ActiveCfg = AppStore|iPhone
		{3F886C19-2FDB-4A18-B37E-90BE4E418590}.AppStore|Mixed Platforms.Build.0 = AppStore|iPhone
		{3F886C19-2FDB-4A18-B37E-90BE4E418590}.AppStore|Mixed Platforms.Deploy.0 = AppStore|iPhone
		{3F886C19-2FDB-4A18-B37E-90BE4E418590}.AppStore|x86.ActiveCfg = AppStore|iPhone
		{3F886C19-2FDB-4A18-B37E-90BE4E418590}.Debug|Any CPU.ActiveCfg = Debug|iPhone
		{3F886C19-2FDB-4A18-B37E-90BE4E418590}.Debug|ARM.ActiveCfg = Debug|iPhone
		{3F886C19-2FDB-4A18-B37E-90BE4E418590}.Debug|iPhone.ActiveCfg = Debug|iPhone
		{3F886C19-2FDB-4A18-B37E-90BE4E418590}.Debug|iPhone.Build.0 = Debug|iPhone
		{3F886C19-2FDB-4A18-B37E-90BE4E418590}.Debug|iPhone.Deploy.0 = Debug|iPhone
		{3F886C19-2FDB-4A18-B37E-90BE4E418590}.Debug|iPhoneSimulator.ActiveCfg = Debug|iPhoneSimulator
		{3F886C19-2FDB-4A18-B37E-90BE4E418590}.Debug|iPhoneSimulator.Build.0 = Debug|iPhoneSimulator
		{3F886C19-2FDB-4A18-B37E-90BE4E418590}.Debug|iPhoneSimulator.Deploy.0 = Debug|iPhoneSimulator
		{3F886C19-2FDB-4A18-B37E-90BE4E418590}.Debug|Mixed Platforms.ActiveCfg = Debug|iPhoneSimulator
		{3F886C19-2FDB-4A18-B37E-90BE4E418590}.Debug|Mixed Platforms.Build.0 = Debug|iPhoneSimulator
		{3F886C19-2FDB-4A18-B37E-90BE4E418590}.Debug|Mixed Platforms.Deploy.0 = Debug|iPhoneSimulator
		{3F886C19-2FDB-4A18-B37E-90BE4E418590}.Debug|x86.ActiveCfg = Debug|iPhone
		{3F886C19-2FDB-4A18-B37E-90BE4E418590}.Release|Any CPU.ActiveCfg = Release|iPhone
		{3F886C19-2FDB-4A18-B37E-90BE4E418590}.Release|ARM.ActiveCfg = Release|iPhone
		{3F886C19-2FDB-4A18-B37E-90BE4E418590}.Release|iPhone.ActiveCfg = Release|iPhone
		{3F886C19-2FDB-4A18-B37E-90BE4E418590}.Release|iPhone.Build.0 = Release|iPhone
		{3F886C19-2FDB-4A18-B37E-90BE4E418590}.Release|iPhone.Deploy.0 = Release|iPhone
		{3F886C19-2FDB-4A18-B37E-90BE4E418590}.Release|iPhoneSimulator.ActiveCfg = Release|iPhoneSimulator
		{3F886C19-2FDB-4A18-B37E-90BE4E418590}.Release|iPhoneSimulator.Build.0 = Release|iPhoneSimulator
		{3F886C19-2FDB-4A18-B37E-90BE4E418590}.Release|iPhoneSimulator.Deploy.0 = Release|iPhoneSimulator
		{3F886C19-2FDB-4A18-B37E-90BE4E418590}.Release|Mixed Platforms.ActiveCfg = Release|iPhone
		{3F886C19-2FDB-4A18-B37E-90BE4E418590}.Release|Mixed Platforms.Build.0 = Release|iPhone
		{3F886C19-2FDB-4A18-B37E-90BE4E418590}.Release|Mixed Platforms.Deploy.0 = Release|iPhone
		{3F886C19-2FDB-4A18-B37E-90BE4E418590}.Release|x86.ActiveCfg = Release|iPhone
		{B5046689-DBF6-40FD-8EFB-CBB8B625F01E}.Ad-Hoc|Any CPU.ActiveCfg = Release|Any CPU
		{B5046689-DBF6-40FD-8EFB-CBB8B625F01E}.Ad-Hoc|Any CPU.Build.0 = Release|Any CPU
		{B5046689-DBF6-40FD-8EFB-CBB8B625F01E}.Ad-Hoc|Any CPU.Deploy.0 = Release|Any CPU
		{B5046689-DBF6-40FD-8EFB-CBB8B625F01E}.Ad-Hoc|ARM.ActiveCfg = Release|Any CPU
		{B5046689-DBF6-40FD-8EFB-CBB8B625F01E}.Ad-Hoc|iPhone.ActiveCfg = Release|Any CPU
		{B5046689-DBF6-40FD-8EFB-CBB8B625F01E}.Ad-Hoc|iPhoneSimulator.ActiveCfg = Release|Any CPU
		{B5046689-DBF6-40FD-8EFB-CBB8B625F01E}.Ad-Hoc|Mixed Platforms.ActiveCfg = Release|Any CPU
		{B5046689-DBF6-40FD-8EFB-CBB8B625F01E}.Ad-Hoc|Mixed Platforms.Build.0 = Release|Any CPU
		{B5046689-DBF6-40FD-8EFB-CBB8B625F01E}.Ad-Hoc|Mixed Platforms.Deploy.0 = Release|Any CPU
		{B5046689-DBF6-40FD-8EFB-CBB8B625F01E}.Ad-Hoc|x86.ActiveCfg = Release|Any CPU
		{B5046689-DBF6-40FD-8EFB-CBB8B625F01E}.AppStore|Any CPU.ActiveCfg = Release|Any CPU
		{B5046689-DBF6-40FD-8EFB-CBB8B625F01E}.AppStore|Any CPU.Build.0 = Release|Any CPU
		{B5046689-DBF6-40FD-8EFB-CBB8B625F01E}.AppStore|Any CPU.Deploy.0 = Release|Any CPU
		{B5046689-DBF6-40FD-8EFB-CBB8B625F01E}.AppStore|ARM.ActiveCfg = Release|Any CPU
		{B5046689-DBF6-40FD-8EFB-CBB8B625F01E}.AppStore|iPhone.ActiveCfg = Release|Any CPU
		{B5046689-DBF6-40FD-8EFB-CBB8B625F01E}.AppStore|iPhoneSimulator.ActiveCfg = Release|Any CPU
		{B5046689-DBF6-40FD-8EFB-CBB8B625F01E}.AppStore|Mixed Platforms.ActiveCfg = Release|Any CPU
		{B5046689-DBF6-40FD-8EFB-CBB8B625F01E}.AppStore|Mixed Platforms.Build.0 = Release|Any CPU
		{B5046689-DBF6-40FD-8EFB-CBB8B625F01E}.AppStore|Mixed Platforms.Deploy.0 = Release|Any CPU
		{B5046689-DBF6-40FD-8EFB-CBB8B625F01E}.AppStore|x86.ActiveCfg = Release|Any CPU
		{B5046689-DBF6-40FD-8EFB-CBB8B625F01E}.Debug|Any CPU.ActiveCfg = Debug|Any CPU
		{B5046689-DBF6-40FD-8EFB-CBB8B625F01E}.Debug|Any CPU.Build.0 = Debug|Any CPU
		{B5046689-DBF6-40FD-8EFB-CBB8B625F01E}.Debug|Any CPU.Deploy.0 = Debug|Any CPU
		{B5046689-DBF6-40FD-8EFB-CBB8B625F01E}.Debug|ARM.ActiveCfg = Debug|Any CPU
		{B5046689-DBF6-40FD-8EFB-CBB8B625F01E}.Debug|iPhone.ActiveCfg = Debug|Any CPU
		{B5046689-DBF6-40FD-8EFB-CBB8B625F01E}.Debug|iPhoneSimulator.ActiveCfg = Debug|Any CPU
		{B5046689-DBF6-40FD-8EFB-CBB8B625F01E}.Debug|Mixed Platforms.ActiveCfg = Debug|Any CPU
		{B5046689-DBF6-40FD-8EFB-CBB8B625F01E}.Debug|Mixed Platforms.Build.0 = Debug|Any CPU
		{B5046689-DBF6-40FD-8EFB-CBB8B625F01E}.Debug|Mixed Platforms.Deploy.0 = Debug|Any CPU
		{B5046689-DBF6-40FD-8EFB-CBB8B625F01E}.Debug|x86.ActiveCfg = Debug|Any CPU
		{B5046689-DBF6-40FD-8EFB-CBB8B625F01E}.Release|Any CPU.ActiveCfg = Release|Any CPU
		{B5046689-DBF6-40FD-8EFB-CBB8B625F01E}.Release|Any CPU.Build.0 = Release|Any CPU
		{B5046689-DBF6-40FD-8EFB-CBB8B625F01E}.Release|Any CPU.Deploy.0 = Release|Any CPU
		{B5046689-DBF6-40FD-8EFB-CBB8B625F01E}.Release|ARM.ActiveCfg = Release|Any CPU
		{B5046689-DBF6-40FD-8EFB-CBB8B625F01E}.Release|iPhone.ActiveCfg = Release|Any CPU
		{B5046689-DBF6-40FD-8EFB-CBB8B625F01E}.Release|iPhoneSimulator.ActiveCfg = Release|Any CPU
		{B5046689-DBF6-40FD-8EFB-CBB8B625F01E}.Release|Mixed Platforms.ActiveCfg = Release|Any CPU
		{B5046689-DBF6-40FD-8EFB-CBB8B625F01E}.Release|Mixed Platforms.Build.0 = Release|Any CPU
		{B5046689-DBF6-40FD-8EFB-CBB8B625F01E}.Release|Mixed Platforms.Deploy.0 = Release|Any CPU
		{B5046689-DBF6-40FD-8EFB-CBB8B625F01E}.Release|x86.ActiveCfg = Release|Any CPU
		{A2A4DDD1-8299-42CC-9150-E79AF6D41994}.Ad-Hoc|Any CPU.ActiveCfg = Release|Any CPU
		{A2A4DDD1-8299-42CC-9150-E79AF6D41994}.Ad-Hoc|Any CPU.Build.0 = Release|Any CPU
		{A2A4DDD1-8299-42CC-9150-E79AF6D41994}.Ad-Hoc|Any CPU.Deploy.0 = Release|Any CPU
		{A2A4DDD1-8299-42CC-9150-E79AF6D41994}.Ad-Hoc|ARM.ActiveCfg = Release|ARM
		{A2A4DDD1-8299-42CC-9150-E79AF6D41994}.Ad-Hoc|ARM.Build.0 = Release|ARM
		{A2A4DDD1-8299-42CC-9150-E79AF6D41994}.Ad-Hoc|ARM.Deploy.0 = Release|ARM
		{A2A4DDD1-8299-42CC-9150-E79AF6D41994}.Ad-Hoc|iPhone.ActiveCfg = Release|Any CPU
		{A2A4DDD1-8299-42CC-9150-E79AF6D41994}.Ad-Hoc|iPhoneSimulator.ActiveCfg = Release|Any CPU
		{A2A4DDD1-8299-42CC-9150-E79AF6D41994}.Ad-Hoc|Mixed Platforms.ActiveCfg = Release|x86
		{A2A4DDD1-8299-42CC-9150-E79AF6D41994}.Ad-Hoc|Mixed Platforms.Build.0 = Release|x86
		{A2A4DDD1-8299-42CC-9150-E79AF6D41994}.Ad-Hoc|Mixed Platforms.Deploy.0 = Release|x86
		{A2A4DDD1-8299-42CC-9150-E79AF6D41994}.Ad-Hoc|x86.ActiveCfg = Release|x86
		{A2A4DDD1-8299-42CC-9150-E79AF6D41994}.Ad-Hoc|x86.Build.0 = Release|x86
		{A2A4DDD1-8299-42CC-9150-E79AF6D41994}.Ad-Hoc|x86.Deploy.0 = Release|x86
		{A2A4DDD1-8299-42CC-9150-E79AF6D41994}.AppStore|Any CPU.ActiveCfg = Release|Any CPU
		{A2A4DDD1-8299-42CC-9150-E79AF6D41994}.AppStore|Any CPU.Build.0 = Release|Any CPU
		{A2A4DDD1-8299-42CC-9150-E79AF6D41994}.AppStore|Any CPU.Deploy.0 = Release|Any CPU
		{A2A4DDD1-8299-42CC-9150-E79AF6D41994}.AppStore|ARM.ActiveCfg = Release|ARM
		{A2A4DDD1-8299-42CC-9150-E79AF6D41994}.AppStore|ARM.Build.0 = Release|ARM
		{A2A4DDD1-8299-42CC-9150-E79AF6D41994}.AppStore|ARM.Deploy.0 = Release|ARM
		{A2A4DDD1-8299-42CC-9150-E79AF6D41994}.AppStore|iPhone.ActiveCfg = Release|Any CPU
		{A2A4DDD1-8299-42CC-9150-E79AF6D41994}.AppStore|iPhoneSimulator.ActiveCfg = Release|Any CPU
		{A2A4DDD1-8299-42CC-9150-E79AF6D41994}.AppStore|Mixed Platforms.ActiveCfg = Release|x86
		{A2A4DDD1-8299-42CC-9150-E79AF6D41994}.AppStore|Mixed Platforms.Build.0 = Release|x86
		{A2A4DDD1-8299-42CC-9150-E79AF6D41994}.AppStore|Mixed Platforms.Deploy.0 = Release|x86
		{A2A4DDD1-8299-42CC-9150-E79AF6D41994}.AppStore|x86.ActiveCfg = Release|x86
		{A2A4DDD1-8299-42CC-9150-E79AF6D41994}.AppStore|x86.Build.0 = Release|x86
		{A2A4DDD1-8299-42CC-9150-E79AF6D41994}.AppStore|x86.Deploy.0 = Release|x86
		{A2A4DDD1-8299-42CC-9150-E79AF6D41994}.Debug|Any CPU.ActiveCfg = Debug|Any CPU
		{A2A4DDD1-8299-42CC-9150-E79AF6D41994}.Debug|Any CPU.Build.0 = Debug|Any CPU
		{A2A4DDD1-8299-42CC-9150-E79AF6D41994}.Debug|Any CPU.Deploy.0 = Debug|Any CPU
		{A2A4DDD1-8299-42CC-9150-E79AF6D41994}.Debug|ARM.ActiveCfg = Debug|ARM
		{A2A4DDD1-8299-42CC-9150-E79AF6D41994}.Debug|ARM.Build.0 = Debug|ARM
		{A2A4DDD1-8299-42CC-9150-E79AF6D41994}.Debug|ARM.Deploy.0 = Debug|ARM
		{A2A4DDD1-8299-42CC-9150-E79AF6D41994}.Debug|iPhone.ActiveCfg = Debug|Any CPU
		{A2A4DDD1-8299-42CC-9150-E79AF6D41994}.Debug|iPhoneSimulator.ActiveCfg = Debug|Any CPU
		{A2A4DDD1-8299-42CC-9150-E79AF6D41994}.Debug|Mixed Platforms.ActiveCfg = Debug|Any CPU
		{A2A4DDD1-8299-42CC-9150-E79AF6D41994}.Debug|Mixed Platforms.Build.0 = Debug|Any CPU
		{A2A4DDD1-8299-42CC-9150-E79AF6D41994}.Debug|Mixed Platforms.Deploy.0 = Debug|Any CPU
		{A2A4DDD1-8299-42CC-9150-E79AF6D41994}.Debug|x86.ActiveCfg = Debug|x86
		{A2A4DDD1-8299-42CC-9150-E79AF6D41994}.Debug|x86.Build.0 = Debug|x86
		{A2A4DDD1-8299-42CC-9150-E79AF6D41994}.Debug|x86.Deploy.0 = Debug|x86
		{A2A4DDD1-8299-42CC-9150-E79AF6D41994}.Release|Any CPU.ActiveCfg = Release|Any CPU
		{A2A4DDD1-8299-42CC-9150-E79AF6D41994}.Release|Any CPU.Build.0 = Release|Any CPU
		{A2A4DDD1-8299-42CC-9150-E79AF6D41994}.Release|Any CPU.Deploy.0 = Release|Any CPU
		{A2A4DDD1-8299-42CC-9150-E79AF6D41994}.Release|ARM.ActiveCfg = Release|ARM
		{A2A4DDD1-8299-42CC-9150-E79AF6D41994}.Release|ARM.Build.0 = Release|ARM
		{A2A4DDD1-8299-42CC-9150-E79AF6D41994}.Release|ARM.Deploy.0 = Release|ARM
		{A2A4DDD1-8299-42CC-9150-E79AF6D41994}.Release|iPhone.ActiveCfg = Release|Any CPU
		{A2A4DDD1-8299-42CC-9150-E79AF6D41994}.Release|iPhoneSimulator.ActiveCfg = Release|Any CPU
		{A2A4DDD1-8299-42CC-9150-E79AF6D41994}.Release|Mixed Platforms.ActiveCfg = Release|x86
		{A2A4DDD1-8299-42CC-9150-E79AF6D41994}.Release|Mixed Platforms.Build.0 = Release|x86
		{A2A4DDD1-8299-42CC-9150-E79AF6D41994}.Release|Mixed Platforms.Deploy.0 = Release|x86
		{A2A4DDD1-8299-42CC-9150-E79AF6D41994}.Release|x86.ActiveCfg = Release|x86
		{A2A4DDD1-8299-42CC-9150-E79AF6D41994}.Release|x86.Build.0 = Release|x86
		{A2A4DDD1-8299-42CC-9150-E79AF6D41994}.Release|x86.Deploy.0 = Release|x86
	EndGlobalSection
	GlobalSection(SolutionProperties) = preSolution
		HideSolutionNode = FALSE
	EndGlobalSection
EndGlobal
