
Microsoft Visual Studio Solution File, Format Version 12.00
# Visual Studio 2013
VisualStudioVersion = 12.0.30723.0
MinimumVisualStudioVersion = 10.0.40219.1
Project("{FAE04EC0-301F-11D3-BF4B-00C04F79EFBC}") = "NoteTaker", "NoteTaker\NoteTaker\NoteTaker.csproj", "{6D695C62-1C5B-4979-9BC0-867E1B098AE7}"
EndProject
Project("{FAE04EC0-301F-11D3-BF4B-00C04F79EFBC}") = "NoteTaker.iOS", "NoteTaker\NoteTaker.iOS\NoteTaker.iOS.csproj", "{E725025D-6537-4E2B-9F1D-AD796AB1614A}"
EndProject
Project("{FAE04EC0-301F-11D3-BF4B-00C04F79EFBC}") = "NoteTaker.Android", "NoteTaker\NoteTaker.Android\NoteTaker.Android.csproj", "{EDECB593-CDAE-44DB-9972-B65BCAB079C9}"
EndProject
Project("{FAE04EC0-301F-11D3-BF4B-00C04F79EFBC}") = "NoteTaker.WinPhone", "NoteTaker\NoteTaker.WinPhone\NoteTaker.WinPhone.csproj", "{8BB3BD51-44D9-4202-9675-C73E1E0B9365}"
EndProject
Global
	GlobalSection(SolutionConfigurationPlatforms) = preSolution
		Ad-Hoc|Any CPU = Ad-Hoc|Any CPU
		Ad-Hoc|ARM = Ad-Hoc|ARM
		Ad-Hoc|iPhone = Ad-Hoc|iPhone
		Ad-Hoc|iPhoneSimulator = Ad-Hoc|iPhoneSimulator
		Ad-Hoc|Mixed Platforms = Ad-Hoc|Mixed Platforms
		Ad-Hoc|x86 = Ad-Hoc|x86
		AppStore|Any CPU = AppStore|Any CPU
		AppStore|ARM = AppStore|ARM
		AppStore|iPhone = AppStore|iPhone
		AppStore|iPhoneSimulator = AppStore|iPhoneSimulator
		AppStore|Mixed Platforms = AppStore|Mixed Platforms
		AppStore|x86 = AppStore|x86
		Debug|Any CPU = Debug|Any CPU
		Debug|ARM = Debug|ARM
		Debug|iPhone = Debug|iPhone
		Debug|iPhoneSimulator = Debug|iPhoneSimulator
		Debug|Mixed Platforms = Debug|Mixed Platforms
		Debug|x86 = Debug|x86
		Release|Any CPU = Release|Any CPU
		Release|ARM = Release|ARM
		Release|iPhone = Release|iPhone
		Release|iPhoneSimulator = Release|iPhoneSimulator
		Release|Mixed Platforms = Release|Mixed Platforms
		Release|x86 = Release|x86
	EndGlobalSection
	GlobalSection(ProjectConfigurationPlatforms) = postSolution
		{6D695C62-1C5B-4979-9BC0-867E1B098AE7}.Ad-Hoc|Any CPU.ActiveCfg = Release|Any CPU
		{6D695C62-1C5B-4979-9BC0-867E1B098AE7}.Ad-Hoc|Any CPU.Build.0 = Release|Any CPU
		{6D695C62-1C5B-4979-9BC0-867E1B098AE7}.Ad-Hoc|ARM.ActiveCfg = Release|Any CPU
		{6D695C62-1C5B-4979-9BC0-867E1B098AE7}.Ad-Hoc|iPhone.ActiveCfg = Release|Any CPU
		{6D695C62-1C5B-4979-9BC0-867E1B098AE7}.Ad-Hoc|iPhoneSimulator.ActiveCfg = Release|Any CPU
		{6D695C62-1C5B-4979-9BC0-867E1B098AE7}.Ad-Hoc|Mixed Platforms.ActiveCfg = Release|Any CPU
		{6D695C62-1C5B-4979-9BC0-867E1B098AE7}.Ad-Hoc|Mixed Platforms.Build.0 = Release|Any CPU
		{6D695C62-1C5B-4979-9BC0-867E1B098AE7}.Ad-Hoc|x86.ActiveCfg = Release|Any CPU
		{6D695C62-1C5B-4979-9BC0-867E1B098AE7}.AppStore|Any CPU.ActiveCfg = Release|Any CPU
		{6D695C62-1C5B-4979-9BC0-867E1B098AE7}.AppStore|Any CPU.Build.0 = Release|Any CPU
		{6D695C62-1C5B-4979-9BC0-867E1B098AE7}.AppStore|ARM.ActiveCfg = Release|Any CPU
		{6D695C62-1C5B-4979-9BC0-867E1B098AE7}.AppStore|iPhone.ActiveCfg = Release|Any CPU
		{6D695C62-1C5B-4979-9BC0-867E1B098AE7}.AppStore|iPhoneSimulator.ActiveCfg = Release|Any CPU
		{6D695C62-1C5B-4979-9BC0-867E1B098AE7}.AppStore|Mixed Platforms.ActiveCfg = Release|Any CPU
		{6D695C62-1C5B-4979-9BC0-867E1B098AE7}.AppStore|Mixed Platforms.Build.0 = Release|Any CPU
		{6D695C62-1C5B-4979-9BC0-867E1B098AE7}.AppStore|x86.ActiveCfg = Release|Any CPU
		{6D695C62-1C5B-4979-9BC0-867E1B098AE7}.Debug|Any CPU.ActiveCfg = Debug|Any CPU
		{6D695C62-1C5B-4979-9BC0-867E1B098AE7}.Debug|Any CPU.Build.0 = Debug|Any CPU
		{6D695C62-1C5B-4979-9BC0-867E1B098AE7}.Debug|ARM.ActiveCfg = Debug|Any CPU
		{6D695C62-1C5B-4979-9BC0-867E1B098AE7}.Debug|iPhone.ActiveCfg = Debug|Any CPU
		{6D695C62-1C5B-4979-9BC0-867E1B098AE7}.Debug|iPhoneSimulator.ActiveCfg = Debug|Any CPU
		{6D695C62-1C5B-4979-9BC0-867E1B098AE7}.Debug|Mixed Platforms.ActiveCfg = Debug|Any CPU
		{6D695C62-1C5B-4979-9BC0-867E1B098AE7}.Debug|Mixed Platforms.Build.0 = Debug|Any CPU
		{6D695C62-1C5B-4979-9BC0-867E1B098AE7}.Debug|x86.ActiveCfg = Debug|Any CPU
		{6D695C62-1C5B-4979-9BC0-867E1B098AE7}.Release|Any CPU.ActiveCfg = Release|Any CPU
		{6D695C62-1C5B-4979-9BC0-867E1B098AE7}.Release|Any CPU.Build.0 = Release|Any CPU
		{6D695C62-1C5B-4979-9BC0-867E1B098AE7}.Release|ARM.ActiveCfg = Release|Any CPU
		{6D695C62-1C5B-4979-9BC0-867E1B098AE7}.Release|iPhone.ActiveCfg = Release|Any CPU
		{6D695C62-1C5B-4979-9BC0-867E1B098AE7}.Release|iPhoneSimulator.ActiveCfg = Release|Any CPU
		{6D695C62-1C5B-4979-9BC0-867E1B098AE7}.Release|Mixed Platforms.ActiveCfg = Release|Any CPU
		{6D695C62-1C5B-4979-9BC0-867E1B098AE7}.Release|Mixed Platforms.Build.0 = Release|Any CPU
		{6D695C62-1C5B-4979-9BC0-867E1B098AE7}.Release|x86.ActiveCfg = Release|Any CPU
		{E725025D-6537-4E2B-9F1D-AD796AB1614A}.Ad-Hoc|Any CPU.ActiveCfg = Ad-Hoc|iPhone
		{E725025D-6537-4E2B-9F1D-AD796AB1614A}.Ad-Hoc|ARM.ActiveCfg = Ad-Hoc|iPhone
		{E725025D-6537-4E2B-9F1D-AD796AB1614A}.Ad-Hoc|iPhone.ActiveCfg = Ad-Hoc|iPhone
		{E725025D-6537-4E2B-9F1D-AD796AB1614A}.Ad-Hoc|iPhone.Build.0 = Ad-Hoc|iPhone
		{E725025D-6537-4E2B-9F1D-AD796AB1614A}.Ad-Hoc|iPhone.Deploy.0 = Ad-Hoc|iPhone
		{E725025D-6537-4E2B-9F1D-AD796AB1614A}.Ad-Hoc|iPhoneSimulator.ActiveCfg = Ad-Hoc|iPhoneSimulator
		{E725025D-6537-4E2B-9F1D-AD796AB1614A}.Ad-Hoc|iPhoneSimulator.Build.0 = Ad-Hoc|iPhoneSimulator
		{E725025D-6537-4E2B-9F1D-AD796AB1614A}.Ad-Hoc|iPhoneSimulator.Deploy.0 = Ad-Hoc|iPhoneSimulator
		{E725025D-6537-4E2B-9F1D-AD796AB1614A}.Ad-Hoc|Mixed Platforms.ActiveCfg = Ad-Hoc|iPhone
		{E725025D-6537-4E2B-9F1D-AD796AB1614A}.Ad-Hoc|Mixed Platforms.Build.0 = Ad-Hoc|iPhone
		{E725025D-6537-4E2B-9F1D-AD796AB1614A}.Ad-Hoc|Mixed Platforms.Deploy.0 = Ad-Hoc|iPhone
		{E725025D-6537-4E2B-9F1D-AD796AB1614A}.Ad-Hoc|x86.ActiveCfg = Ad-Hoc|iPhone
		{E725025D-6537-4E2B-9F1D-AD796AB1614A}.AppStore|Any CPU.ActiveCfg = AppStore|iPhone
		{E725025D-6537-4E2B-9F1D-AD796AB1614A}.AppStore|ARM.ActiveCfg = AppStore|iPhone
		{E725025D-6537-4E2B-9F1D-AD796AB1614A}.AppStore|iPhone.ActiveCfg = AppStore|iPhone
		{E725025D-6537-4E2B-9F1D-AD796AB1614A}.AppStore|iPhone.Build.0 = AppStore|iPhone
		{E725025D-6537-4E2B-9F1D-AD796AB1614A}.AppStore|iPhone.Deploy.0 = AppStore|iPhone
		{E725025D-6537-4E2B-9F1D-AD796AB1614A}.AppStore|iPhoneSimulator.ActiveCfg = AppStore|iPhoneSimulator
		{E725025D-6537-4E2B-9F1D-AD796AB1614A}.AppStore|iPhoneSimulator.Build.0 = AppStore|iPhoneSimulator
		{E725025D-6537-4E2B-9F1D-AD796AB1614A}.AppStore|iPhoneSimulator.Deploy.0 = AppStore|iPhoneSimulator
		{E725025D-6537-4E2B-9F1D-AD796AB1614A}.AppStore|Mixed Platforms.ActiveCfg = AppStore|iPhone
		{E725025D-6537-4E2B-9F1D-AD796AB1614A}.AppStore|Mixed Platforms.Build.0 = AppStore|iPhone
		{E725025D-6537-4E2B-9F1D-AD796AB1614A}.AppStore|Mixed Platforms.Deploy.0 = AppStore|iPhone
		{E725025D-6537-4E2B-9F1D-AD796AB1614A}.AppStore|x86.ActiveCfg = AppStore|iPhone
		{E725025D-6537-4E2B-9F1D-AD796AB1614A}.Debug|Any CPU.ActiveCfg = Debug|iPhone
		{E725025D-6537-4E2B-9F1D-AD796AB1614A}.Debug|ARM.ActiveCfg = Debug|iPhone
		{E725025D-6537-4E2B-9F1D-AD796AB1614A}.Debug|iPhone.ActiveCfg = Debug|iPhone
		{E725025D-6537-4E2B-9F1D-AD796AB1614A}.Debug|iPhone.Build.0 = Debug|iPhone
		{E725025D-6537-4E2B-9F1D-AD796AB1614A}.Debug|iPhone.Deploy.0 = Debug|iPhone
		{E725025D-6537-4E2B-9F1D-AD796AB1614A}.Debug|iPhoneSimulator.ActiveCfg = Debug|iPhoneSimulator
		{E725025D-6537-4E2B-9F1D-AD796AB1614A}.Debug|iPhoneSimulator.Build.0 = Debug|iPhoneSimulator
		{E725025D-6537-4E2B-9F1D-AD796AB1614A}.Debug|iPhoneSimulator.Deploy.0 = Debug|iPhoneSimulator
		{E725025D-6537-4E2B-9F1D-AD796AB1614A}.Debug|Mixed Platforms.ActiveCfg = Debug|iPhoneSimulator
		{E725025D-6537-4E2B-9F1D-AD796AB1614A}.Debug|Mixed Platforms.Build.0 = Debug|iPhoneSimulator
		{E725025D-6537-4E2B-9F1D-AD796AB1614A}.Debug|Mixed Platforms.Deploy.0 = Debug|iPhoneSimulator
		{E725025D-6537-4E2B-9F1D-AD796AB1614A}.Debug|x86.ActiveCfg = Debug|iPhone
		{E725025D-6537-4E2B-9F1D-AD796AB1614A}.Release|Any CPU.ActiveCfg = Release|iPhone
		{E725025D-6537-4E2B-9F1D-AD796AB1614A}.Release|ARM.ActiveCfg = Release|iPhone
		{E725025D-6537-4E2B-9F1D-AD796AB1614A}.Release|iPhone.ActiveCfg = Release|iPhone
		{E725025D-6537-4E2B-9F1D-AD796AB1614A}.Release|iPhone.Build.0 = Release|iPhone
		{E725025D-6537-4E2B-9F1D-AD796AB1614A}.Release|iPhone.Deploy.0 = Release|iPhone
		{E725025D-6537-4E2B-9F1D-AD796AB1614A}.Release|iPhoneSimulator.ActiveCfg = Release|iPhoneSimulator
		{E725025D-6537-4E2B-9F1D-AD796AB1614A}.Release|iPhoneSimulator.Build.0 = Release|iPhoneSimulator
		{E725025D-6537-4E2B-9F1D-AD796AB1614A}.Release|iPhoneSimulator.Deploy.0 = Release|iPhoneSimulator
		{E725025D-6537-4E2B-9F1D-AD796AB1614A}.Release|Mixed Platforms.ActiveCfg = Release|iPhone
		{E725025D-6537-4E2B-9F1D-AD796AB1614A}.Release|Mixed Platforms.Build.0 = Release|iPhone
		{E725025D-6537-4E2B-9F1D-AD796AB1614A}.Release|Mixed Platforms.Deploy.0 = Release|iPhone
		{E725025D-6537-4E2B-9F1D-AD796AB1614A}.Release|x86.ActiveCfg = Release|iPhone
		{EDECB593-CDAE-44DB-9972-B65BCAB079C9}.Ad-Hoc|Any CPU.ActiveCfg = Release|Any CPU
		{EDECB593-CDAE-44DB-9972-B65BCAB079C9}.Ad-Hoc|Any CPU.Build.0 = Release|Any CPU
		{EDECB593-CDAE-44DB-9972-B65BCAB079C9}.Ad-Hoc|Any CPU.Deploy.0 = Release|Any CPU
		{EDECB593-CDAE-44DB-9972-B65BCAB079C9}.Ad-Hoc|ARM.ActiveCfg = Release|Any CPU
		{EDECB593-CDAE-44DB-9972-B65BCAB079C9}.Ad-Hoc|iPhone.ActiveCfg = Release|Any CPU
		{EDECB593-CDAE-44DB-9972-B65BCAB079C9}.Ad-Hoc|iPhoneSimulator.ActiveCfg = Release|Any CPU
		{EDECB593-CDAE-44DB-9972-B65BCAB079C9}.Ad-Hoc|Mixed Platforms.ActiveCfg = Release|Any CPU
		{EDECB593-CDAE-44DB-9972-B65BCAB079C9}.Ad-Hoc|Mixed Platforms.Build.0 = Release|Any CPU
		{EDECB593-CDAE-44DB-9972-B65BCAB079C9}.Ad-Hoc|Mixed Platforms.Deploy.0 = Release|Any CPU
		{EDECB593-CDAE-44DB-9972-B65BCAB079C9}.Ad-Hoc|x86.ActiveCfg = Release|Any CPU
		{EDECB593-CDAE-44DB-9972-B65BCAB079C9}.AppStore|Any CPU.ActiveCfg = Release|Any CPU
		{EDECB593-CDAE-44DB-9972-B65BCAB079C9}.AppStore|Any CPU.Build.0 = Release|Any CPU
		{EDECB593-CDAE-44DB-9972-B65BCAB079C9}.AppStore|Any CPU.Deploy.0 = Release|Any CPU
		{EDECB593-CDAE-44DB-9972-B65BCAB079C9}.AppStore|ARM.ActiveCfg = Release|Any CPU
		{EDECB593-CDAE-44DB-9972-B65BCAB079C9}.AppStore|iPhone.ActiveCfg = Release|Any CPU
		{EDECB593-CDAE-44DB-9972-B65BCAB079C9}.AppStore|iPhoneSimulator.ActiveCfg = Release|Any CPU
		{EDECB593-CDAE-44DB-9972-B65BCAB079C9}.AppStore|Mixed Platforms.ActiveCfg = Release|Any CPU
		{EDECB593-CDAE-44DB-9972-B65BCAB079C9}.AppStore|Mixed Platforms.Build.0 = Release|Any CPU
		{EDECB593-CDAE-44DB-9972-B65BCAB079C9}.AppStore|Mixed Platforms.Deploy.0 = Release|Any CPU
		{EDECB593-CDAE-44DB-9972-B65BCAB079C9}.AppStore|x86.ActiveCfg = Release|Any CPU
		{EDECB593-CDAE-44DB-9972-B65BCAB079C9}.Debug|Any CPU.ActiveCfg = Debug|Any CPU
		{EDECB593-CDAE-44DB-9972-B65BCAB079C9}.Debug|Any CPU.Build.0 = Debug|Any CPU
		{EDECB593-CDAE-44DB-9972-B65BCAB079C9}.Debug|Any CPU.Deploy.0 = Debug|Any CPU
		{EDECB593-CDAE-44DB-9972-B65BCAB079C9}.Debug|ARM.ActiveCfg = Debug|Any CPU
		{EDECB593-CDAE-44DB-9972-B65BCAB079C9}.Debug|iPhone.ActiveCfg = Debug|Any CPU
		{EDECB593-CDAE-44DB-9972-B65BCAB079C9}.Debug|iPhoneSimulator.ActiveCfg = Debug|Any CPU
		{EDECB593-CDAE-44DB-9972-B65BCAB079C9}.Debug|Mixed Platforms.ActiveCfg = Debug|Any CPU
		{EDECB593-CDAE-44DB-9972-B65BCAB079C9}.Debug|Mixed Platforms.Build.0 = Debug|Any CPU
		{EDECB593-CDAE-44DB-9972-B65BCAB079C9}.Debug|Mixed Platforms.Deploy.0 = Debug|Any CPU
		{EDECB593-CDAE-44DB-9972-B65BCAB079C9}.Debug|x86.ActiveCfg = Debug|Any CPU
		{EDECB593-CDAE-44DB-9972-B65BCAB079C9}.Release|Any CPU.ActiveCfg = Release|Any CPU
		{EDECB593-CDAE-44DB-9972-B65BCAB079C9}.Release|Any CPU.Build.0 = Release|Any CPU
		{EDECB593-CDAE-44DB-9972-B65BCAB079C9}.Release|Any CPU.Deploy.0 = Release|Any CPU
		{EDECB593-CDAE-44DB-9972-B65BCAB079C9}.Release|ARM.ActiveCfg = Release|Any CPU
		{EDECB593-CDAE-44DB-9972-B65BCAB079C9}.Release|iPhone.ActiveCfg = Release|Any CPU
		{EDECB593-CDAE-44DB-9972-B65BCAB079C9}.Release|iPhoneSimulator.ActiveCfg = Release|Any CPU
		{EDECB593-CDAE-44DB-9972-B65BCAB079C9}.Release|Mixed Platforms.ActiveCfg = Release|Any CPU
		{EDECB593-CDAE-44DB-9972-B65BCAB079C9}.Release|Mixed Platforms.Build.0 = Release|Any CPU
		{EDECB593-CDAE-44DB-9972-B65BCAB079C9}.Release|Mixed Platforms.Deploy.0 = Release|Any CPU
		{EDECB593-CDAE-44DB-9972-B65BCAB079C9}.Release|x86.ActiveCfg = Release|Any CPU
		{8BB3BD51-44D9-4202-9675-C73E1E0B9365}.Ad-Hoc|Any CPU.ActiveCfg = Release|Any CPU
		{8BB3BD51-44D9-4202-9675-C73E1E0B9365}.Ad-Hoc|Any CPU.Build.0 = Release|Any CPU
		{8BB3BD51-44D9-4202-9675-C73E1E0B9365}.Ad-Hoc|Any CPU.Deploy.0 = Release|Any CPU
		{8BB3BD51-44D9-4202-9675-C73E1E0B9365}.Ad-Hoc|ARM.ActiveCfg = Release|ARM
		{8BB3BD51-44D9-4202-9675-C73E1E0B9365}.Ad-Hoc|ARM.Build.0 = Release|ARM
		{8BB3BD51-44D9-4202-9675-C73E1E0B9365}.Ad-Hoc|ARM.Deploy.0 = Release|ARM
		{8BB3BD51-44D9-4202-9675-C73E1E0B9365}.Ad-Hoc|iPhone.ActiveCfg = Release|Any CPU
		{8BB3BD51-44D9-4202-9675-C73E1E0B9365}.Ad-Hoc|iPhoneSimulator.ActiveCfg = Release|Any CPU
		{8BB3BD51-44D9-4202-9675-C73E1E0B9365}.Ad-Hoc|Mixed Platforms.ActiveCfg = Release|x86
		{8BB3BD51-44D9-4202-9675-C73E1E0B9365}.Ad-Hoc|Mixed Platforms.Build.0 = Release|x86
		{8BB3BD51-44D9-4202-9675-C73E1E0B9365}.Ad-Hoc|Mixed Platforms.Deploy.0 = Release|x86
		{8BB3BD51-44D9-4202-9675-C73E1E0B9365}.Ad-Hoc|x86.ActiveCfg = Release|x86
		{8BB3BD51-44D9-4202-9675-C73E1E0B9365}.Ad-Hoc|x86.Build.0 = Release|x86
		{8BB3BD51-44D9-4202-9675-C73E1E0B9365}.Ad-Hoc|x86.Deploy.0 = Release|x86
		{8BB3BD51-44D9-4202-9675-C73E1E0B9365}.AppStore|Any CPU.ActiveCfg = Release|Any CPU
		{8BB3BD51-44D9-4202-9675-C73E1E0B9365}.AppStore|Any CPU.Build.0 = Release|Any CPU
		{8BB3BD51-44D9-4202-9675-C73E1E0B9365}.AppStore|Any CPU.Deploy.0 = Release|Any CPU
		{8BB3BD51-44D9-4202-9675-C73E1E0B9365}.AppStore|ARM.ActiveCfg = Release|ARM
		{8BB3BD51-44D9-4202-9675-C73E1E0B9365}.AppStore|ARM.Build.0 = Release|ARM
		{8BB3BD51-44D9-4202-9675-C73E1E0B9365}.AppStore|ARM.Deploy.0 = Release|ARM
		{8BB3BD51-44D9-4202-9675-C73E1E0B9365}.AppStore|iPhone.ActiveCfg = Release|Any CPU
		{8BB3BD51-44D9-4202-9675-C73E1E0B9365}.AppStore|iPhoneSimulator.ActiveCfg = Release|Any CPU
		{8BB3BD51-44D9-4202-9675-C73E1E0B9365}.AppStore|Mixed Platforms.ActiveCfg = Release|x86
		{8BB3BD51-44D9-4202-9675-C73E1E0B9365}.AppStore|Mixed Platforms.Build.0 = Release|x86
		{8BB3BD51-44D9-4202-9675-C73E1E0B9365}.AppStore|Mixed Platforms.Deploy.0 = Release|x86
		{8BB3BD51-44D9-4202-9675-C73E1E0B9365}.AppStore|x86.ActiveCfg = Release|x86
		{8BB3BD51-44D9-4202-9675-C73E1E0B9365}.AppStore|x86.Build.0 = Release|x86
		{8BB3BD51-44D9-4202-9675-C73E1E0B9365}.AppStore|x86.Deploy.0 = Release|x86
		{8BB3BD51-44D9-4202-9675-C73E1E0B9365}.Debug|Any CPU.ActiveCfg = Debug|Any CPU
		{8BB3BD51-44D9-4202-9675-C73E1E0B9365}.Debug|Any CPU.Build.0 = Debug|Any CPU
		{8BB3BD51-44D9-4202-9675-C73E1E0B9365}.Debug|Any CPU.Deploy.0 = Debug|Any CPU
		{8BB3BD51-44D9-4202-9675-C73E1E0B9365}.Debug|ARM.ActiveCfg = Debug|ARM
		{8BB3BD51-44D9-4202-9675-C73E1E0B9365}.Debug|ARM.Build.0 = Debug|ARM
		{8BB3BD51-44D9-4202-9675-C73E1E0B9365}.Debug|ARM.Deploy.0 = Debug|ARM
		{8BB3BD51-44D9-4202-9675-C73E1E0B9365}.Debug|iPhone.ActiveCfg = Debug|Any CPU
		{8BB3BD51-44D9-4202-9675-C73E1E0B9365}.Debug|iPhoneSimulator.ActiveCfg = Debug|Any CPU
		{8BB3BD51-44D9-4202-9675-C73E1E0B9365}.Debug|Mixed Platforms.ActiveCfg = Debug|Any CPU
		{8BB3BD51-44D9-4202-9675-C73E1E0B9365}.Debug|Mixed Platforms.Build.0 = Debug|Any CPU
		{8BB3BD51-44D9-4202-9675-C73E1E0B9365}.Debug|Mixed Platforms.Deploy.0 = Debug|Any CPU
		{8BB3BD51-44D9-4202-9675-C73E1E0B9365}.Debug|x86.ActiveCfg = Debug|x86
		{8BB3BD51-44D9-4202-9675-C73E1E0B9365}.Debug|x86.Build.0 = Debug|x86
		{8BB3BD51-44D9-4202-9675-C73E1E0B9365}.Debug|x86.Deploy.0 = Debug|x86
		{8BB3BD51-44D9-4202-9675-C73E1E0B9365}.Release|Any CPU.ActiveCfg = Release|Any CPU
		{8BB3BD51-44D9-4202-9675-C73E1E0B9365}.Release|Any CPU.Build.0 = Release|Any CPU
		{8BB3BD51-44D9-4202-9675-C73E1E0B9365}.Release|Any CPU.Deploy.0 = Release|Any CPU
		{8BB3BD51-44D9-4202-9675-C73E1E0B9365}.Release|ARM.ActiveCfg = Release|ARM
		{8BB3BD51-44D9-4202-9675-C73E1E0B9365}.Release|ARM.Build.0 = Release|ARM
		{8BB3BD51-44D9-4202-9675-C73E1E0B9365}.Release|ARM.Deploy.0 = Release|ARM
		{8BB3BD51-44D9-4202-9675-C73E1E0B9365}.Release|iPhone.ActiveCfg = Release|Any CPU
		{8BB3BD51-44D9-4202-9675-C73E1E0B9365}.Release|iPhoneSimulator.ActiveCfg = Release|Any CPU
		{8BB3BD51-44D9-4202-9675-C73E1E0B9365}.Release|Mixed Platforms.ActiveCfg = Release|x86
		{8BB3BD51-44D9-4202-9675-C73E1E0B9365}.Release|Mixed Platforms.Build.0 = Release|x86
		{8BB3BD51-44D9-4202-9675-C73E1E0B9365}.Release|Mixed Platforms.Deploy.0 = Release|x86
		{8BB3BD51-44D9-4202-9675-C73E1E0B9365}.Release|x86.ActiveCfg = Release|x86
		{8BB3BD51-44D9-4202-9675-C73E1E0B9365}.Release|x86.Build.0 = Release|x86
		{8BB3BD51-44D9-4202-9675-C73E1E0B9365}.Release|x86.Deploy.0 = Release|x86
	EndGlobalSection
	GlobalSection(SolutionProperties) = preSolution
		HideSolutionNode = FALSE
	EndGlobalSection
EndGlobal
